{
  "name": "@juniper/threejs",
  "version": "1.0.0",
  "lockfileVersion": 2,
  "requires": true,
  "packages": {
    "": {
      "name": "@juniper/threejs",
      "version": "1.0.0",
      "dependencies": {
        "@juniper/2d": "file:../graphics2d",
        "@juniper/audio": "file:../audio",
        "@juniper/collections": "file:../collections",
        "@juniper/dom": "file:../dom",
        "@juniper/emoji": "file:../emoji",
        "@juniper/event-system": "file:../event-system",
        "@juniper/events": "file:../events",
        "@juniper/fetcher": "file:../fetcher",
        "@juniper/math": "file:../math",
        "@juniper/progress": "file:../progress",
        "@juniper/strings": "file:../strings",
        "@juniper/timers": "file:../timers",
        "@juniper/tslib": "file:../tslib",
        "@juniper/units": "file:../units",
        "@juniper/video": "file:../video",
        "@juniper/webrtc": "file:../webrtc",
        "@types/audio-types": "file:../audio-types",
        "@types/battery-types": "file:../battery-types",
        "@types/gamepad-types": "file:../gamepad-types",
        "@types/offscreencanvas-types": "file:../offscreencanvas-types",
        "@types/three": "0.137.0",
        "@types/webxr-polyfill-types": "file:../webxr-polyfill-types",
        "@types/webxr-types": "file:../webxr-types",
        "@types/yt-dlp": "file:../yt-dlp-types",
        "three": "0.137.5",
        "webxr-polyfill": "2.0.3"
      },
      "devDependencies": {
        "typescript": "4.5.5"
      }
    },
    "../audio": {
      "name": "@juniper/audio",
      "version": "1.0.0",
      "dependencies": {
        "@juniper/collections": "file:../collections",
        "@juniper/dom": "file:../dom",
        "@juniper/events": "file:../events",
        "@juniper/fetcher": "file:../fetcher",
        "@juniper/mediatypes": "file:../mediatypes",
        "@juniper/progress": "file:../progress",
        "@juniper/strings": "file:../strings",
        "@juniper/tslib": "file:../tslib",
        "@types/audio-types": "file:../audio-types",
        "@types/offscreencanvas-types": "file:../offscreencanvas-types",
        "gl-matrix": "3.4.3"
      },
      "devDependencies": {
        "typescript": "4.5.5"
      }
    },
    "../audio-types": {
      "name": "@types/audio-types",
      "version": "1.0.0"
    },
    "../battery-types": {
      "name": "@types/battery-types",
      "version": "1.0.0"
    },
    "../collections": {
      "name": "@juniper/collections",
      "version": "1.0.0",
      "dependencies": {
        "@juniper/tslib": "file:../tslib"
      },
      "devDependencies": {
        "typescript": "4.5.5"
      }
    },
    "../deviceorientation-types": {
      "name": "@types/deviceorientation-types",
      "version": "1.0.0",
      "extraneous": true
    },
    "../dom": {
      "name": "@juniper/dom",
      "version": "1.0.0",
      "dependencies": {
        "@juniper/collections": "file:../collections",
        "@juniper/events": "file:../events",
        "@juniper/mediatypes": "file:../mediatypes",
        "@juniper/progress": "file:../progress",
        "@juniper/strings": "file:../strings",
        "@juniper/tslib": "file:../tslib",
        "@types/audio-types": "file:../audio-types",
        "@types/gamepad-types": "file:../gamepad-types",
        "@types/offscreencanvas-types": "file:../offscreencanvas-types",
        "@types/webxr-types": "file:../webxr-types",
        "gl-matrix": "3.4.3"
      },
      "devDependencies": {
        "typescript": "4.5.5"
      }
    },
    "../emoji": {
      "name": "@juniper/emoji",
      "version": "1.0.0",
      "devDependencies": {
        "typescript": "4.5.5"
      }
    },
    "../event-system": {
      "name": "@juniper/event-system",
      "version": "1.0.0",
      "dependencies": {
        "@juniper/events": "file:../events"
      },
      "devDependencies": {
        "typescript": "4.5.5"
      }
    },
    "../events": {
      "name": "@juniper/events",
      "version": "1.0.0",
      "dependencies": {
        "@juniper/collections": "file:../collections",
        "@juniper/tslib": "file:../tslib"
      },
      "devDependencies": {
        "typescript": "4.5.5"
      }
    },
    "../fetcher": {
      "name": "@juniper/fetcher",
      "version": "1.0.0",
      "dependencies": {
        "@juniper/dom": "file:../dom",
        "@juniper/events": "file:../events",
        "@juniper/fetcher-base": "file:../fetcher-base",
        "@juniper/mediatypes": "file:../mediatypes",
        "@juniper/progress": "file:../progress",
        "@juniper/tslib": "file:../tslib",
        "@juniper/worker-client": "file:../worker-client",
        "@types/idexdb-types": "file:../idexdb-types",
        "@types/offscreencanvas-types": "file:../offscreencanvas-types"
      },
      "devDependencies": {
        "@juniper/esbuild": "file:../esbuild",
        "typescript": "4.5.5"
      }
    },
    "../gamepad-types": {
      "name": "@types/gamepad-types",
      "version": "1.0.0"
    },
    "../graphics2d": {
      "name": "@juniper/2d",
      "version": "1.0.0",
      "dependencies": {
        "@juniper/audio": "file:../audio",
        "@juniper/collections": "file:../collections",
        "@juniper/dom": "file:../dom",
        "@juniper/events": "file:../events",
        "@juniper/fetcher-base": "file:../fetcher-base",
        "@juniper/math": "file:../math",
        "@juniper/progress": "file:../progress",
        "@juniper/strings": "file:../strings",
        "@juniper/timers": "file:../timers",
        "@juniper/tslib": "file:../tslib",
        "@types/audio-types": "file:../audio-types",
        "@types/battery-types": "file:../battery-types",
        "@types/offscreencanvas-types": "file:../offscreencanvas-types",
        "@types/webxr-types": "file:../webxr-types",
        "gl-matrix": "3.4.3",
        "pdfjs-dist": "2.13.216"
      },
      "devDependencies": {
        "typescript": "4.5.5"
      }
    },
    "../Juniper/src/Juniper.TypeScript/audio": {
      "extraneous": true
    },
    "../Juniper/src/Juniper.TypeScript/dom": {
      "extraneous": true
    },
    "../Juniper/src/Juniper.TypeScript/emoji": {
      "extraneous": true
    },
    "../Juniper/src/Juniper.TypeScript/graphics2d": {
      "extraneous": true
    },
    "../Juniper/src/Juniper.TypeScript/tslib": {
      "extraneous": true
    },
    "../math": {
      "name": "@juniper/math",
      "version": "1.0.0",
      "dependencies": {
        "@juniper/tslib": "file:../tslib"
      },
      "devDependencies": {
        "typescript": "4.5.5"
      }
    },
    "../offscreencanvas-types": {
      "name": "@types/offscreencanvas-types",
      "version": "1.0.0"
    },
    "../progress": {
      "name": "@juniper/progress",
      "version": "1.0.0",
      "dependencies": {
        "@juniper/collections": "file:../collections",
        "@juniper/events": "file:../events",
        "@juniper/tslib": "file:../tslib"
      },
      "devDependencies": {
        "typescript": "4.5.5"
      }
    },
    "../strings": {
      "name": "@juniper/strings",
      "version": "1.0.0",
      "dependencies": {
        "@juniper/tslib": "file:../tslib"
      },
      "devDependencies": {
        "typescript": "4.5.5"
      }
    },
    "../timers": {
      "name": "@juniper/timers",
      "version": "1.0.0",
      "dependencies": {
        "@juniper/collections": "file:../collections",
        "@juniper/math": "file:../math",
        "@juniper/tslib": "file:../tslib",
        "@types/webxr-types": "file:../webxr-types",
        "gl-matrix": "3.4.3"
      },
      "devDependencies": {
        "typescript": "4.5.5"
      }
    },
    "../tslib": {
      "name": "@juniper/tslib",
      "version": "1.0.0",
      "dependencies": {
        "gl-matrix": "3.4.3"
      },
      "devDependencies": {
        "typescript": "4.5.5"
      }
    },
    "../units": {
      "name": "@juniper/units",
      "version": "1.0.0",
      "devDependencies": {
        "typescript": "4.5.5"
      }
    },
    "../video": {
      "name": "@juniper/video",
      "version": "1.0.0",
      "dependencies": {
        "@juniper/audio": "file:../audio",
        "@juniper/collections": "file:../collections",
        "@juniper/dom": "file:../dom",
        "@juniper/events": "file:../events",
        "@juniper/fetcher": "file:../fetcher",
        "@juniper/mediatypes": "file:../mediatypes",
        "@juniper/progress": "file:../progress",
        "@juniper/tslib": "file:../tslib",
        "@types/audio-types": "file:../audio-types",
        "@types/offscreencanvas-types": "file:../offscreencanvas-types",
        "@types/yt-dlp": "file:../yt-dlp-types",
        "gl-matrix": "3.4.3"
      },
      "devDependencies": {
        "typescript": "4.5.5"
      }
    },
    "../webrtc": {
      "name": "@juniper/webrtc",
      "version": "1.0.0",
      "dependencies": {
        "@juniper/audio": "file:../audio",
        "@juniper/collections": "file:../collections",
        "@juniper/dom": "file:../dom",
        "@juniper/event-system": "file:../event-system",
        "@juniper/events": "file:../events",
        "@juniper/math": "file:../math",
        "@juniper/timers": "file:../timers",
        "@juniper/tslib": "file:../tslib",
        "@microsoft/signalr": "6.0.2",
        "@types/audio-types": "file:../audio-types",
        "@types/offscreencanvas-types": "file:../offscreencanvas-types",
        "@types/webxr-types": "file:../webxr-types",
        "webrtc-adapter": "8.1.1"
      },
      "devDependencies": {
        "typescript": "4.5.5"
      }
    },
    "../webxr": {
      "version": "1.0.0",
      "extraneous": true
    },
    "../webxr-polyfill-types": {
      "name": "@types/webxr-polyfill-types",
      "version": "1.0.0"
    },
    "../webxr-types": {
      "name": "@types/webxr-types",
      "version": "1.0.0"
    },
    "../yt-dlp": {
      "name": "@types/yt-dlp",
      "version": "1.0.0",
      "extraneous": true
    },
    "../yt-dlp-types": {
      "name": "@types/yt-dlp",
      "version": "1.0.0"
    },
    "node_modules/@juniper/2d": {
      "resolved": "../graphics2d",
      "link": true
    },
    "node_modules/@juniper/audio": {
      "resolved": "../audio",
      "link": true
    },
    "node_modules/@juniper/collections": {
      "resolved": "../collections",
      "link": true
    },
    "node_modules/@juniper/dom": {
      "resolved": "../dom",
      "link": true
    },
    "node_modules/@juniper/emoji": {
      "resolved": "../emoji",
      "link": true
    },
    "node_modules/@juniper/event-system": {
      "resolved": "../event-system",
      "link": true
    },
    "node_modules/@juniper/events": {
      "resolved": "../events",
      "link": true
    },
    "node_modules/@juniper/fetcher": {
      "resolved": "../fetcher",
      "link": true
    },
    "node_modules/@juniper/math": {
      "resolved": "../math",
      "link": true
    },
    "node_modules/@juniper/progress": {
      "resolved": "../progress",
      "link": true
    },
    "node_modules/@juniper/strings": {
      "resolved": "../strings",
      "link": true
    },
    "node_modules/@juniper/timers": {
      "resolved": "../timers",
      "link": true
    },
    "node_modules/@juniper/tslib": {
      "resolved": "../tslib",
      "link": true
    },
    "node_modules/@juniper/units": {
      "resolved": "../units",
      "link": true
    },
    "node_modules/@juniper/video": {
      "resolved": "../video",
      "link": true
    },
    "node_modules/@juniper/webrtc": {
      "resolved": "../webrtc",
      "link": true
    },
    "node_modules/@types/audio-types": {
      "resolved": "../audio-types",
      "link": true
    },
    "node_modules/@types/battery-types": {
      "resolved": "../battery-types",
      "link": true
    },
    "node_modules/@types/gamepad-types": {
      "resolved": "../gamepad-types",
      "link": true
    },
    "node_modules/@types/offscreencanvas-types": {
      "resolved": "../offscreencanvas-types",
      "link": true
    },
    "node_modules/@types/three": {
      "version": "0.137.0",
      "resolved": "https://registry.npmjs.org/@types/three/-/three-0.137.0.tgz",
      "integrity": "sha512-Xc5EAlfYmgrCLI/VlSVqiRJAtzhWF0Rw2jSq48nqJy+Hcb5sfDOXyfZn1+RNcHyi9l8CeCAXCZygO8IyeOJVEA=="
    },
    "node_modules/@types/webxr-polyfill-types": {
      "resolved": "../webxr-polyfill-types",
      "link": true
    },
    "node_modules/@types/webxr-types": {
      "resolved": "../webxr-types",
      "link": true
    },
    "node_modules/@types/yt-dlp": {
      "resolved": "../yt-dlp-types",
      "link": true
    },
    "node_modules/cardboard-vr-display": {
      "version": "1.0.19",
      "resolved": "https://registry.npmjs.org/cardboard-vr-display/-/cardboard-vr-display-1.0.19.tgz",
      "integrity": "sha512-+MjcnWKAkb95p68elqZLDPzoiF/dGncQilLGvPBM5ZorABp/ao3lCs7nnRcYBckmuNkg1V/5rdGDKoUaCVsHzQ==",
      "dependencies": {
        "gl-preserve-state": "^1.0.0",
        "nosleep.js": "^0.7.0",
        "webvr-polyfill-dpdb": "^1.0.17"
      }
    },
    "node_modules/gl-matrix": {
      "version": "2.8.1",
      "resolved": "https://registry.npmjs.org/gl-matrix/-/gl-matrix-2.8.1.tgz",
      "integrity": "sha512-0YCjVpE3pS5XWlN3J4X7AiAx65+nqAI54LndtVFnQZB6G/FVLkZH8y8V6R3cIoOQR4pUdfwQGd1iwyoXHJ4Qfw=="
    },
    "node_modules/gl-preserve-state": {
      "version": "1.0.0",
      "resolved": "https://registry.npmjs.org/gl-preserve-state/-/gl-preserve-state-1.0.0.tgz",
      "integrity": "sha512-zQZ25l3haD4hvgJZ6C9+s0ebdkW9y+7U2qxvGu1uWOJh8a4RU+jURIKEQhf8elIlFpMH6CrAY2tH0mYrRjet3Q=="
    },
    "node_modules/nosleep.js": {
      "version": "0.7.0",
      "resolved": "https://registry.npmjs.org/nosleep.js/-/nosleep.js-0.7.0.tgz",
      "integrity": "sha1-z9kZwlUjyg0PSmn7MwXAg62u4ok="
    },
    "node_modules/three": {
      "version": "0.137.5",
      "resolved": "https://registry.npmjs.org/three/-/three-0.137.5.tgz",
      "integrity": "sha512-rTyr+HDFxjnN8+N/guZjDgfVxgHptZQpf6xfL/Mo7a5JYIFwK6tAq3bzxYYB4Ae0RosDZlDuP+X5aXDXz+XnHQ=="
    },
    "node_modules/typescript": {
      "version": "4.5.5",
      "resolved": "https://registry.npmjs.org/typescript/-/typescript-4.5.5.tgz",
      "integrity": "sha512-TCTIul70LyWe6IJWT8QSYeA54WQe8EjQFU4wY52Fasj5UKx88LNYKCgBEHcOMOrFF1rKGbD8v/xcNWVUq9SymA==",
      "dev": true,
      "bin": {
        "tsc": "bin/tsc",
        "tsserver": "bin/tsserver"
      },
      "engines": {
        "node": ">=4.2.0"
      }
    },
    "node_modules/webvr-polyfill-dpdb": {
      "version": "1.0.18",
      "resolved": "https://registry.npmjs.org/webvr-polyfill-dpdb/-/webvr-polyfill-dpdb-1.0.18.tgz",
      "integrity": "sha512-O0S1ZGEWyPvyZEkS2VbyV7mtir/NM9MNK3EuhbHPoJ8EHTky2pTXehjIl+IiDPr+Lldgx129QGt3NGly7rwRPw=="
    },
    "node_modules/webxr-polyfill": {
      "version": "2.0.3",
      "resolved": "https://registry.npmjs.org/webxr-polyfill/-/webxr-polyfill-2.0.3.tgz",
      "integrity": "sha512-lgTKYVeD4HeTwWdJN+SeS6iflGx3epz/3dww9X4GyuuXmYGAV5p8l34jUM/HRGHn1jKS3oZNZRC/J9MlSk/Zhg==",
      "dependencies": {
        "cardboard-vr-display": "^1.0.19",
        "gl-matrix": "^2.8.1"
      }
    }
  },
  "dependencies": {
    "@juniper/2d": {
      "version": "file:../graphics2d",
      "requires": {
        "@juniper/audio": "file:../audio",
        "@juniper/collections": "file:../collections",
        "@juniper/dom": "file:../dom",
        "@juniper/events": "file:../events",
        "@juniper/fetcher-base": "file:../fetcher-base",
        "@juniper/math": "file:../math",
        "@juniper/progress": "file:../progress",
        "@juniper/strings": "file:../strings",
        "@juniper/timers": "file:../timers",
        "@juniper/tslib": "file:../tslib",
        "@types/audio-types": "file:../audio-types",
        "@types/battery-types": "file:../battery-types",
        "@types/offscreencanvas-types": "file:../offscreencanvas-types",
        "@types/webxr-types": "file:../webxr-types",
        "gl-matrix": "3.4.3",
        "pdfjs-dist": "2.13.216",
        "typescript": "4.5.5"
      }
    },
    "@juniper/audio": {
      "version": "file:../audio",
      "requires": {
        "@juniper/collections": "file:../collections",
        "@juniper/dom": "file:../dom",
        "@juniper/events": "file:../events",
        "@juniper/fetcher": "file:../fetcher",
        "@juniper/mediatypes": "file:../mediatypes",
        "@juniper/progress": "file:../progress",
        "@juniper/strings": "file:../strings",
        "@juniper/tslib": "file:../tslib",
        "@types/audio-types": "file:../audio-types",
        "@types/offscreencanvas-types": "file:../offscreencanvas-types",
        "gl-matrix": "3.4.3",
        "typescript": "4.5.5"
      }
    },
    "@juniper/collections": {
      "version": "file:../collections",
      "requires": {
        "@juniper/tslib": "file:../tslib",
        "typescript": "4.5.5"
      }
    },
    "@juniper/dom": {
      "version": "file:../dom",
      "requires": {
        "@juniper/collections": "file:../collections",
        "@juniper/events": "file:../events",
        "@juniper/mediatypes": "file:../mediatypes",
        "@juniper/progress": "file:../progress",
        "@juniper/strings": "file:../strings",
        "@juniper/tslib": "file:../tslib",
        "@types/audio-types": "file:../audio-types",
        "@types/gamepad-types": "file:../gamepad-types",
        "@types/offscreencanvas-types": "file:../offscreencanvas-types",
        "@types/webxr-types": "file:../webxr-types",
        "gl-matrix": "3.4.3",
        "typescript": "4.5.5"
      }
    },
    "@juniper/emoji": {
      "version": "file:../emoji",
      "requires": {
        "typescript": "4.5.5"
      }
    },
    "@juniper/event-system": {
      "version": "file:../event-system",
      "requires": {
        "@juniper/events": "file:../events",
        "typescript": "4.5.5"
      }
    },
    "@juniper/events": {
      "version": "file:../events",
      "requires": {
        "@juniper/collections": "file:../collections",
        "@juniper/tslib": "file:../tslib",
        "typescript": "4.5.5"
      }
    },
    "@juniper/fetcher": {
      "version": "file:../fetcher",
      "requires": {
        "@juniper/dom": "file:../dom",
        "@juniper/esbuild": "file:../esbuild",
        "@juniper/events": "file:../events",
        "@juniper/fetcher-base": "file:../fetcher-base",
        "@juniper/mediatypes": "file:../mediatypes",
        "@juniper/progress": "file:../progress",
        "@juniper/tslib": "file:../tslib",
        "@juniper/worker-client": "file:../worker-client",
        "@types/idexdb-types": "file:../idexdb-types",
        "@types/offscreencanvas-types": "file:../offscreencanvas-types",
        "typescript": "4.5.5"
      }
    },
    "@juniper/math": {
      "version": "file:../math",
      "requires": {
        "@juniper/tslib": "file:../tslib",
        "typescript": "4.5.5"
      }
    },
    "@juniper/progress": {
      "version": "file:../progress",
      "requires": {
        "@juniper/collections": "file:../collections",
        "@juniper/events": "file:../events",
        "@juniper/tslib": "file:../tslib",
        "typescript": "4.5.5"
      }
    },
    "@juniper/strings": {
      "version": "file:../strings",
      "requires": {
        "@juniper/tslib": "file:../tslib",
        "typescript": "4.5.5"
      }
    },
    "@juniper/timers": {
      "version": "file:../timers",
      "requires": {
        "@juniper/collections": "file:../collections",
        "@juniper/math": "file:../math",
        "@juniper/tslib": "file:../tslib",
        "@types/webxr-types": "file:../webxr-types",
        "gl-matrix": "3.4.3",
        "typescript": "4.5.5"
      }
    },
    "@juniper/tslib": {
      "version": "file:../tslib",
      "requires": {
        "gl-matrix": "3.4.3",
        "typescript": "4.5.5"
      }
    },
    "@juniper/units": {
      "version": "file:../units",
      "requires": {
        "typescript": "4.5.5"
      }
    },
    "@juniper/video": {
      "version": "file:../video",
      "requires": {
        "@juniper/audio": "file:../audio",
        "@juniper/collections": "file:../collections",
        "@juniper/dom": "file:../dom",
        "@juniper/events": "file:../events",
        "@juniper/fetcher": "file:../fetcher",
        "@juniper/mediatypes": "file:../mediatypes",
        "@juniper/progress": "file:../progress",
        "@juniper/tslib": "file:../tslib",
        "@types/audio-types": "file:../audio-types",
        "@types/offscreencanvas-types": "file:../offscreencanvas-types",
        "@types/yt-dlp": "file:../yt-dlp-types",
        "gl-matrix": "3.4.3",
        "typescript": "4.5.5"
      }
    },
    "@juniper/webrtc": {
      "version": "file:../webrtc",
      "requires": {
        "@juniper/audio": "file:../audio",
        "@juniper/collections": "file:../collections",
        "@juniper/dom": "file:../dom",
        "@juniper/event-system": "file:../event-system",
        "@juniper/events": "file:../events",
        "@juniper/math": "file:../math",
        "@juniper/timers": "file:../timers",
        "@juniper/tslib": "file:../tslib",
        "@microsoft/signalr": "6.0.2",
        "@types/audio-types": "file:../audio-types",
        "@types/offscreencanvas-types": "file:../offscreencanvas-types",
        "@types/webxr-types": "file:../webxr-types",
        "typescript": "4.5.5",
        "webrtc-adapter": "8.1.1"
      }
    },
    "@types/audio-types": {
      "version": "file:../audio-types"
    },
    "@types/battery-types": {
      "version": "file:../battery-types"
    },
    "@types/gamepad-types": {
      "version": "file:../gamepad-types"
    },
    "@types/offscreencanvas-types": {
      "version": "file:../offscreencanvas-types"
    },
    "@types/three": {
      "version": "0.137.0",
      "resolved": "https://registry.npmjs.org/@types/three/-/three-0.137.0.tgz",
      "integrity": "sha512-Xc5EAlfYmgrCLI/VlSVqiRJAtzhWF0Rw2jSq48nqJy+Hcb5sfDOXyfZn1+RNcHyi9l8CeCAXCZygO8IyeOJVEA=="
    },
    "@types/webxr-polyfill-types": {
      "version": "file:../webxr-polyfill-types"
    },
    "@types/webxr-types": {
      "version": "file:../webxr-types"
    },
    "@types/yt-dlp": {
      "version": "file:../yt-dlp-types"
    },
    "cardboard-vr-display": {
      "version": "1.0.19",
      "resolved": "https://registry.npmjs.org/cardboard-vr-display/-/cardboard-vr-display-1.0.19.tgz",
      "integrity": "sha512-+MjcnWKAkb95p68elqZLDPzoiF/dGncQilLGvPBM5ZorABp/ao3lCs7nnRcYBckmuNkg1V/5rdGDKoUaCVsHzQ==",
      "requires": {
        "gl-preserve-state": "^1.0.0",
        "nosleep.js": "^0.7.0",
        "webvr-polyfill-dpdb": "^1.0.17"
      }
    },
    "gl-matrix": {
      "version": "2.8.1",
      "resolved": "https://registry.npmjs.org/gl-matrix/-/gl-matrix-2.8.1.tgz",
      "integrity": "sha512-0YCjVpE3pS5XWlN3J4X7AiAx65+nqAI54LndtVFnQZB6G/FVLkZH8y8V6R3cIoOQR4pUdfwQGd1iwyoXHJ4Qfw=="
    },
    "gl-preserve-state": {
      "version": "1.0.0",
      "resolved": "https://registry.npmjs.org/gl-preserve-state/-/gl-preserve-state-1.0.0.tgz",
      "integrity": "sha512-zQZ25l3haD4hvgJZ6C9+s0ebdkW9y+7U2qxvGu1uWOJh8a4RU+jURIKEQhf8elIlFpMH6CrAY2tH0mYrRjet3Q=="
    },
    "nosleep.js": {
      "version": "0.7.0",
      "resolved": "https://registry.npmjs.org/nosleep.js/-/nosleep.js-0.7.0.tgz",
      "integrity": "sha1-z9kZwlUjyg0PSmn7MwXAg62u4ok="
    },
    "three": {
      "version": "0.137.5",
      "resolved": "https://registry.npmjs.org/three/-/three-0.137.5.tgz",
      "integrity": "sha512-rTyr+HDFxjnN8+N/guZjDgfVxgHptZQpf6xfL/Mo7a5JYIFwK6tAq3bzxYYB4Ae0RosDZlDuP+X5aXDXz+XnHQ=="
    },
    "typescript": {
      "version": "4.5.5",
      "resolved": "https://registry.npmjs.org/typescript/-/typescript-4.5.5.tgz",
      "integrity": "sha512-TCTIul70LyWe6IJWT8QSYeA54WQe8EjQFU4wY52Fasj5UKx88LNYKCgBEHcOMOrFF1rKGbD8v/xcNWVUq9SymA==",
      "dev": true
    },
    "webvr-polyfill-dpdb": {
      "version": "1.0.18",
      "resolved": "https://registry.npmjs.org/webvr-polyfill-dpdb/-/webvr-polyfill-dpdb-1.0.18.tgz",
      "integrity": "sha512-O0S1ZGEWyPvyZEkS2VbyV7mtir/NM9MNK3EuhbHPoJ8EHTky2pTXehjIl+IiDPr+Lldgx129QGt3NGly7rwRPw=="
    },
    "webxr-polyfill": {
      "version": "2.0.3",
      "resolved": "https://registry.npmjs.org/webxr-polyfill/-/webxr-polyfill-2.0.3.tgz",
      "integrity": "sha512-lgTKYVeD4HeTwWdJN+SeS6iflGx3epz/3dww9X4GyuuXmYGAV5p8l34jUM/HRGHn1jKS3oZNZRC/J9MlSk/Zhg==",
      "requires": {
        "cardboard-vr-display": "^1.0.19",
        "gl-matrix": "^2.8.1"
      }
    }
  }
}
