
Microsoft Visual Studio Solution File, Format Version 12.00
# Visual Studio Version 17
VisualStudioVersion = 17.5.002.0
MinimumVisualStudioVersion = 10.0.40219.1
Project("{2150E333-8FDC-42A3-9474-1A3956D46DE8}") = "JS", "JS", "{178E8BCF-EB5F-47AD-A8E9-9AB2327675D8}"
EndProject
Project("{9A19103F-16F7-4668-BE54-9A1E7A4F7556}") = "Juniper", "JS\Juniper.csproj", "{AA1CB27F-CB15-4C9E-A805-FDB2F8C9A686}"
EndProject
Project("{2150E333-8FDC-42A3-9474-1A3956D46DE8}") = "NETCore", "NETCore", "{34C37C2D-5715-4F5F-851A-71157F69F6FE}"
EndProject
Project("{9A19103F-16F7-4668-BE54-9A1E7A4F7556}") = "Juniper.AppShell", "NETCore\AppShell\Juniper.AppShell.csproj", "{0EE1EBB6-D05F-43FA-A554-245170009969}"
EndProject
Project("{9A19103F-16F7-4668-BE54-9A1E7A4F7556}") = "Juniper.AppShell.Avalonia", "NETCore\AppShell.Avalonia\Juniper.AppShell.Avalonia.csproj", "{48C7F55E-1A85-4368-8974-4CD654F963D8}"
EndProject
Project("{9A19103F-16F7-4668-BE54-9A1E7A4F7556}") = "Juniper.AppShell.GTK", "NETCore\AppShell.GTK\Juniper.AppShell.GTK.csproj", "{547473F1-619A-4ECA-A388-073226A5071A}"
EndProject
Project("{9A19103F-16F7-4668-BE54-9A1E7A4F7556}") = "Juniper.AppShell.WPF", "NETCore\AppShell.WPF\Juniper.AppShell.WPF.csproj", "{604A6C06-279D-4191-ACBA-1D96E0A122E7}"
EndProject
Project("{9A19103F-16F7-4668-BE54-9A1E7A4F7556}") = "Juniper.Collections", "NETCore\Collections\Juniper.Collections.csproj", "{E0F45753-0577-4BB6-BEF0-74CBA0E37D6D}"
EndProject
Project("{9A19103F-16F7-4668-BE54-9A1E7A4F7556}") = "Juniper.Data", "NETCore\Data\Juniper.Data.csproj", "{C1725056-A0CE-4554-AD69-8F63C51818A3}"
EndProject
Project("{9A19103F-16F7-4668-BE54-9A1E7A4F7556}") = "Juniper.Data.NpgSql", "NETCore\Data.NpgSql\Juniper.Data.NpgSql.csproj", "{9E22F903-BF5F-41AB-9AD7-4747430C1968}"
EndProject
Project("{9A19103F-16F7-4668-BE54-9A1E7A4F7556}") = "Juniper.Data.Sqlite", "NETCore\Data.Sqlite\Juniper.Data.Sqlite.csproj", "{9B4734D2-E1DD-4CDA-BAD6-6E14BF2F6DD6}"
EndProject
Project("{9A19103F-16F7-4668-BE54-9A1E7A4F7556}") = "Juniper.Data.Sqlite.SpatiaLite", "NETCore\Data.Sqlite.SpatiaLite\Juniper.Data.Sqlite.SpatiaLite.csproj", "{F6677625-33E2-4C9A-9219-F5956B08F210}"
EndProject
Project("{9A19103F-16F7-4668-BE54-9A1E7A4F7556}") = "Juniper.Emoji", "NETCore\Emoji\Juniper.Emoji.csproj", "{764C55CC-49F7-4E72-9D23-BA8D965BF0AC}"
EndProject
Project("{9A19103F-16F7-4668-BE54-9A1E7A4F7556}") = "Juniper.HTTP", "NETCore\HTTP\Juniper.HTTP.csproj", "{7C4F48DD-0510-4716-985D-1B61DDCBE716}"
EndProject
Project("{9A19103F-16F7-4668-BE54-9A1E7A4F7556}") = "Juniper.IO", "NETCore\IO\Juniper.IO.csproj", "{2F77C4BC-CE9B-4ECD-970E-20F8BE0F0F23}"
EndProject
Project("{9A19103F-16F7-4668-BE54-9A1E7A4F7556}") = "Juniper.Logic", "NETCore\Logic\Juniper.Logic.csproj", "{BA015F5D-95BA-43E8-9EE7-E68B5006EC9E}"
EndProject
Project("{9A19103F-16F7-4668-BE54-9A1E7A4F7556}") = "Juniper.Mathematics", "NETCore\Mathematics\Juniper.Mathematics.csproj", "{8CC49493-1705-41A7-88AE-7F121AEC0A0C}"
EndProject
Project("{9A19103F-16F7-4668-BE54-9A1E7A4F7556}") = "Juniper.MediaType", "NETCore\MediaType\Juniper.MediaType.csproj", "{F4F52CB8-EBAC-4B0C-94B2-6400EA84A669}"
EndProject
Project("{9A19103F-16F7-4668-BE54-9A1E7A4F7556}") = "Juniper.Processes", "NETCore\Processes\Juniper.Processes.csproj", "{0C6F5064-5CEF-429E-ACD8-5757E09FAD38}"
EndProject
Project("{9A19103F-16F7-4668-BE54-9A1E7A4F7556}") = "Juniper.ProcessManager", "NETCore\ProcessManager\Juniper.ProcessManager.csproj", "{339D2C7F-4DB6-464B-AA50-EC0C76963AC9}"
EndProject
Project("{9A19103F-16F7-4668-BE54-9A1E7A4F7556}") = "Juniper.Progress", "NETCore\Progress\Juniper.Progress.csproj", "{B2E158DD-2534-4C2B-A5F8-66F6B000CA70}"
EndProject
Project("{9A19103F-16F7-4668-BE54-9A1E7A4F7556}") = "Juniper.Root", "NETCore\Root\Juniper.Root.csproj", "{DDD6DF30-A9C5-4AE8-9B6D-4CE343CED7E4}"
EndProject
Project("{9A19103F-16F7-4668-BE54-9A1E7A4F7556}") = "Juniper.Server", "NETCore\Server\Juniper.Server.csproj", "{CA2A7C8F-516F-4F2A-9E06-D631ECBA6171}"
EndProject
Project("{9A19103F-16F7-4668-BE54-9A1E7A4F7556}") = "Juniper.TSBuild", "NETCore\TSBuild\Juniper.TSBuild.csproj", "{8A0B3CE7-C28D-4702-BEF6-C47E97D59D8D}"
EndProject
Project("{9A19103F-16F7-4668-BE54-9A1E7A4F7556}") = "Juniper.Units", "NETCore\Units\Juniper.Units.csproj", "{56F1B495-2751-4634-B1C6-23CB66912B7B}"
EndProject
Project("{9A19103F-16F7-4668-BE54-9A1E7A4F7556}") = "Juniper.Cedrus", "NETCore\Cedrus\Juniper.Cedrus.csproj", "{4244F71D-2861-495B-AF1D-57EE5002EEF6}"
EndProject
Project("{9A19103F-16F7-4668-BE54-9A1E7A4F7556}") = "Juniper.Cedrus.Server", "NETCore\Cedrus.Server\Juniper.Cedrus.Server.csproj", "{06BB56D2-5672-4D2A-B1ED-269919B06D91}"
EndProject
Project("{2150E333-8FDC-42A3-9474-1A3956D46DE8}") = "Tests", "Tests", "{FBFEA851-C54C-481B-AEA6-1965729EB6A8}"
EndProject
Project("{9A19103F-16F7-4668-BE54-9A1E7A4F7556}") = "Example", "Tests\Example\Example.csproj", "{72B2208C-4723-453C-9DD5-8EC38CA30D6E}"
EndProject
Project("{9A19103F-16F7-4668-BE54-9A1E7A4F7556}") = "Example.Migrations.Sqlite", "Tests\Example.Migrations.Sqlite\Example.Migrations.Sqlite.csproj", "{4348CA91-D0B5-42B3-8857-7F2B1D4AC294}"
EndProject
Project("{9A19103F-16F7-4668-BE54-9A1E7A4F7556}") = "Example.Migrations.Postgres", "Tests\Example.Migrations.Postgres\Example.Migrations.Postgres.csproj", "{4C736440-B889-43DD-90D7-A7DD3D317CFA}"
EndProject
Project("{9A19103F-16F7-4668-BE54-9A1E7A4F7556}") = "Juniper.Collections.Tests", "Tests\Juniper.Collections.Tests\Juniper.Collections.Tests.csproj", "{C3D4BA98-E41D-4F75-B510-3C72C8CC745F}"
EndProject
Project("{FAE04EC0-301F-11D3-BF4B-00C04F79EFBC}") = "Juniper.WebRTC", "NETCore\WebRTC\Juniper.WebRTC.csproj", "{6C58BCEC-24CC-4B7D-AE82-408219C7319B}"
EndProject
Project("{FAE04EC0-301F-11D3-BF4B-00C04F79EFBC}") = "Juniper.WebRTC.Server", "NETCore\WebRTC.Server\Juniper.WebRTC.Server.csproj", "{09026493-7675-4C6D-874B-2961C8A2149B}"
EndProject
Project("{FAE04EC0-301F-11D3-BF4B-00C04F79EFBC}") = "Juniper.Terminal", "NETCore\Terminal\Juniper.Terminal.csproj", "{E2252712-C0AE-4310-A6A6-2B6848E9ABB4}"
EndProject
Project("{2150E333-8FDC-42A3-9474-1A3956D46DE8}") = "etc", "etc", "{FE24D78B-978C-4F4B-B0ED-38B848969FA1}"
	ProjectSection(SolutionItems) = preProject
		NETCore\Directory.Build.props = NETCore\Directory.Build.props
		NETCore\GlobalSuppressions.cs = NETCore\GlobalSuppressions.cs
	EndProjectSection
EndProject
Project("{FAE04EC0-301F-11D3-BF4B-00C04F79EFBC}") = "Juniper.Bluetooth", "NETCore\Bluetooth\Juniper.Bluetooth.csproj", "{CE2B830C-D2C8-4977-95C8-0FD784DD8AC2}"
EndProject
Project("{FAE04EC0-301F-11D3-BF4B-00C04F79EFBC}") = "Juniper.YouTubeDLP", "NETCore\YouTubeDLP\Juniper.YouTubeDLP.csproj", "{05620902-2FA2-4B93-AB2C-0388AC583A60}"
EndProject
Project("{FAE04EC0-301F-11D3-BF4B-00C04F79EFBC}") = "Juniper.Sound", "NETCore\Sound\Juniper.Sound.csproj", "{AF77694E-5C62-4802-A5EF-5633002EC8DF}"
EndProject
Project("{FAE04EC0-301F-11D3-BF4B-00C04F79EFBC}") = "Juniper.Puzzles", "NETCore\Puzzles\Juniper.Puzzles.csproj", "{05A299E3-55A3-4706-8592-B9F4E1E566EE}"
EndProject
Project("{FAE04EC0-301F-11D3-BF4B-00C04F79EFBC}") = "Juniper.Caching", "NETCore\Caching\Juniper.Caching.csproj", "{8AA8FD7B-1926-406E-9759-69B639E0DC5E}"
EndProject
Project("{FAE04EC0-301F-11D3-BF4B-00C04F79EFBC}") = "Juniper.Interactions", "NETCore\Interactions\Juniper.Interactions.csproj", "{D8F9EB78-8CF7-4A87-9B6C-80E795B262F5}"
EndProject
Project("{FAE04EC0-301F-11D3-BF4B-00C04F79EFBC}") = "Juniper.Compression", "NETCore\Compression\Juniper.Compression.csproj", "{E5F32335-8E08-4C3F-AE51-2CD2214CCD08}"
EndProject
Project("{FAE04EC0-301F-11D3-BF4B-00C04F79EFBC}") = "Juniper.XR", "NETCore\XR\Juniper.XR.csproj", "{D2C41793-AB14-4174-86FF-60B18B74072E}"
EndProject
Project("{FAE04EC0-301F-11D3-BF4B-00C04F79EFBC}") = "Juniper.Imaging.Png", "NETCore\Imaging.Png\Juniper.Imaging.Png.csproj", "{0E42CEF6-A32F-4080-B945-3E3ADA170A8E}"
EndProject
Project("{FAE04EC0-301F-11D3-BF4B-00C04F79EFBC}") = "Juniper.Imaging.Jpeg", "NETCore\Imaging.Jpeg\Juniper.Imaging.Jpeg.csproj", "{986D1E6A-A0A0-4865-985A-B5952641A1ED}"
EndProject
Project("{FAE04EC0-301F-11D3-BF4B-00C04F79EFBC}") = "Juniper.Imaging", "NETCore\Imaging\Juniper.Imaging.csproj", "{F80C2388-3630-4744-BA30-12AF840CB5A9}"
EndProject
Project("{FAE04EC0-301F-11D3-BF4B-00C04F79EFBC}") = "Juniper.Accord", "NETCore\Accord\Juniper.Accord.csproj", "{4D7B065A-4575-4D7E-90CF-2D9A38620553}"
EndProject
Project("{FAE04EC0-301F-11D3-BF4B-00C04F79EFBC}") = "Juniper.Azure", "NETCore\Azure\Juniper.Azure.csproj", "{31641565-FC71-457D-AFA9-EC9445920844}"
EndProject
Project("{FAE04EC0-301F-11D3-BF4B-00C04F79EFBC}") = "Juniper.GoogleMaps", "NETCore\GoogleMaps\Juniper.GoogleMaps.csproj", "{FF5E4A8C-3AB3-4C10-9BD2-F149F3CBAA3D}"
EndProject
Project("{FAE04EC0-301F-11D3-BF4B-00C04F79EFBC}") = "Juniper.NamedActions", "NETCore\NamedActions\Juniper.NamedActions.csproj", "{95432CA8-0275-4255-BAF6-4D6349735E9A}"
EndProject
Project("{FAE04EC0-301F-11D3-BF4B-00C04F79EFBC}") = "Juniper.Windows", "NETCore\Windows\Juniper.Windows.csproj", "{D74CAB7F-5AC4-4588-A791-F9B66B76BCAB}"
EndProject
Project("{FAE04EC0-301F-11D3-BF4B-00C04F79EFBC}") = "Azure Text to Speech - Console", "Tests\Azure Text to Speech - Console\Azure Text to Speech - Console.csproj", "{D5B1B0D5-91D7-44AD-84BD-5FCD8211ED0E}"
EndProject
Project("{FAE04EC0-301F-11D3-BF4B-00C04F79EFBC}") = "Azure Text to Speech - WinForms", "Tests\Azure Text to Speech - WinForms\Azure Text to Speech - WinForms.csproj", "{E0695CFB-5BD8-4DB6-868C-83BD7CD4EA4D}"
EndProject
Project("{FAE04EC0-301F-11D3-BF4B-00C04F79EFBC}") = "GoogleMaps - WinForms", "Tests\GoogleMaps - WinForms\GoogleMaps - WinForms.csproj", "{795CB33C-1DFB-48DA-BCAE-01DEBDECB22C}"
EndProject
Project("{FAE04EC0-301F-11D3-BF4B-00C04F79EFBC}") = "Juniper.Tests", "Tests\Juniper.Tests\Juniper.Tests.csproj", "{68A76D2E-9AE8-4701-8ACE-E061E10E70A5}"
EndProject
Project("{FAE04EC0-301F-11D3-BF4B-00C04F79EFBC}") = "Juniper Build Config Example", "Tests\Juniper Build Config Example\Juniper Build Config Example.csproj", "{1CEEB9F4-FE94-4BCE-A743-DA8AEFCA9465}"
EndProject
Project("{FAE04EC0-301F-11D3-BF4B-00C04F79EFBC}") = "Juniper Build Example", "Tests\Juniper Build Example\Juniper Build Example.csproj", "{53DD468B-B23D-4A4E-83AC-1A0F01D0AFA6}"
EndProject
Project("{FAE04EC0-301F-11D3-BF4B-00C04F79EFBC}") = "Juniper Web Examples", "Tests\Juniper Web Examples\Juniper Web Examples.csproj", "{7795AB1B-0DFC-464C-BA11-3B10B2B101E5}"
EndProject
Project("{FAE04EC0-301F-11D3-BF4B-00C04F79EFBC}") = "Keyboard - WinForms", "Tests\Keyboard - WinForms\Keyboard - WinForms.csproj", "{B335165B-0AC5-4FDB-94DC-A7FD125FF5C0}"
EndProject
Project("{2150E333-8FDC-42A3-9474-1A3956D46DE8}") = "Util", "Util", "{BDA18B1D-B267-41CA-B0D6-D7E8E14BACD3}"
EndProject
Project("{FAE04EC0-301F-11D3-BF4B-00C04F79EFBC}") = "Process Manager - Console", "Tests\Process Manager - Console\Process Manager - Console.csproj", "{65C12BD0-22DA-4797-8370-1F336D523815}"
EndProject
Project("{FAE04EC0-301F-11D3-BF4B-00C04F79EFBC}") = "Scratch", "Tests\Scratch\Scratch.csproj", "{BB251A08-43DD-4BEB-A02B-1BF56852B7A3}"
EndProject
Project("{FAE04EC0-301F-11D3-BF4B-00C04F79EFBC}") = "Tetris - Console", "Tests\Tetris - Console\Tetris - Console.csproj", "{48420244-F898-4E84-B6A1-BE8B362B07BF}"
EndProject
Project("{FAE04EC0-301F-11D3-BF4B-00C04F79EFBC}") = "Tetris - WinForms", "Tests\Tetris - WinForms\Tetris - WinForms.csproj", "{AEA5CAFD-8FE5-460F-94EF-18932C7DC0D4}"
EndProject
Project("{FAE04EC0-301F-11D3-BF4B-00C04F79EFBC}") = "Juniper.Client", "NETCore\Client\Juniper.Client.csproj", "{5911B46B-FE80-4564-9703-8E9B36FBFCDA}"
EndProject
Project("{FAE04EC0-301F-11D3-BF4B-00C04F79EFBC}") = "Juniper.OpenAI", "NETCore\OpenAI\Juniper.OpenAI.csproj", "{54EC1467-2B45-481A-8243-E6115943320F}"
EndProject
Project("{FAE04EC0-301F-11D3-BF4B-00C04F79EFBC}") = "Juniper.OpenWeatherMap", "NETCore\OpenWeatherMap\Juniper.OpenWeatherMap.csproj", "{88C9E49C-8296-4650-ADA0-9BB368A5D42E}"
EndProject
Project("{FAE04EC0-301F-11D3-BF4B-00C04F79EFBC}") = "Juniper.Emoji.Writer", "Util\Emoji.Writer\Juniper.Emoji.Writer.csproj", "{FC3C2631-B2CD-4254-AF6A-27F138B6D4D5}"
EndProject
Project("{FAE04EC0-301F-11D3-BF4B-00C04F79EFBC}") = "Juniper.MediaType.Writer", "Util\MediaType.Writer\Juniper.MediaType.Writer.csproj", "{DBB51010-767E-4B7F-A17B-FE7E856E7C9C}"
EndProject
Project("{FAE04EC0-301F-11D3-BF4B-00C04F79EFBC}") = "Png2Ico", "Util\Png2Ico\Png2Ico.csproj", "{ED9E3E5A-DBBC-4611-AFA7-628D64BD10A7}"
EndProject
Global
	GlobalSection(SolutionConfigurationPlatforms) = preSolution
		Debug|Any CPU = Debug|Any CPU
		Debug|x64 = Debug|x64
		Release|Any CPU = Release|Any CPU
		Release|x64 = Release|x64
		Test|Any CPU = Test|Any CPU
		Test|x64 = Test|x64
	EndGlobalSection
	GlobalSection(ProjectConfigurationPlatforms) = postSolution
		{AA1CB27F-CB15-4C9E-A805-FDB2F8C9A686}.Debug|Any CPU.ActiveCfg = Debug|Any CPU
		{AA1CB27F-CB15-4C9E-A805-FDB2F8C9A686}.Debug|Any CPU.Build.0 = Debug|Any CPU
		{AA1CB27F-CB15-4C9E-A805-FDB2F8C9A686}.Debug|x64.ActiveCfg = Debug|x64
		{AA1CB27F-CB15-4C9E-A805-FDB2F8C9A686}.Debug|x64.Build.0 = Debug|x64
		{AA1CB27F-CB15-4C9E-A805-FDB2F8C9A686}.Release|Any CPU.ActiveCfg = Release|Any CPU
		{AA1CB27F-CB15-4C9E-A805-FDB2F8C9A686}.Release|Any CPU.Build.0 = Release|Any CPU
		{AA1CB27F-CB15-4C9E-A805-FDB2F8C9A686}.Release|x64.ActiveCfg = Release|x64
		{AA1CB27F-CB15-4C9E-A805-FDB2F8C9A686}.Release|x64.Build.0 = Release|x64
		{AA1CB27F-CB15-4C9E-A805-FDB2F8C9A686}.Test|Any CPU.ActiveCfg = Release|Any CPU
		{AA1CB27F-CB15-4C9E-A805-FDB2F8C9A686}.Test|Any CPU.Build.0 = Release|Any CPU
		{AA1CB27F-CB15-4C9E-A805-FDB2F8C9A686}.Test|x64.ActiveCfg = Release|x64
		{AA1CB27F-CB15-4C9E-A805-FDB2F8C9A686}.Test|x64.Build.0 = Release|x64
		{0EE1EBB6-D05F-43FA-A554-245170009969}.Debug|Any CPU.ActiveCfg = Debug|Any CPU
		{0EE1EBB6-D05F-43FA-A554-245170009969}.Debug|Any CPU.Build.0 = Debug|Any CPU
		{0EE1EBB6-D05F-43FA-A554-245170009969}.Debug|x64.ActiveCfg = Debug|x64
		{0EE1EBB6-D05F-43FA-A554-245170009969}.Debug|x64.Build.0 = Debug|x64
		{0EE1EBB6-D05F-43FA-A554-245170009969}.Release|Any CPU.ActiveCfg = Release|Any CPU
		{0EE1EBB6-D05F-43FA-A554-245170009969}.Release|Any CPU.Build.0 = Release|Any CPU
		{0EE1EBB6-D05F-43FA-A554-245170009969}.Release|x64.ActiveCfg = Release|x64
		{0EE1EBB6-D05F-43FA-A554-245170009969}.Release|x64.Build.0 = Release|x64
		{0EE1EBB6-D05F-43FA-A554-245170009969}.Test|Any CPU.ActiveCfg = Release|Any CPU
		{0EE1EBB6-D05F-43FA-A554-245170009969}.Test|Any CPU.Build.0 = Release|Any CPU
		{0EE1EBB6-D05F-43FA-A554-245170009969}.Test|x64.ActiveCfg = Release|x64
		{0EE1EBB6-D05F-43FA-A554-245170009969}.Test|x64.Build.0 = Release|x64
		{48C7F55E-1A85-4368-8974-4CD654F963D8}.Debug|Any CPU.ActiveCfg = Debug|Any CPU
		{48C7F55E-1A85-4368-8974-4CD654F963D8}.Debug|Any CPU.Build.0 = Debug|Any CPU
		{48C7F55E-1A85-4368-8974-4CD654F963D8}.Debug|x64.ActiveCfg = Debug|x64
		{48C7F55E-1A85-4368-8974-4CD654F963D8}.Debug|x64.Build.0 = Debug|x64
		{48C7F55E-1A85-4368-8974-4CD654F963D8}.Release|Any CPU.ActiveCfg = Release|Any CPU
		{48C7F55E-1A85-4368-8974-4CD654F963D8}.Release|Any CPU.Build.0 = Release|Any CPU
		{48C7F55E-1A85-4368-8974-4CD654F963D8}.Release|x64.ActiveCfg = Release|x64
		{48C7F55E-1A85-4368-8974-4CD654F963D8}.Release|x64.Build.0 = Release|x64
		{48C7F55E-1A85-4368-8974-4CD654F963D8}.Test|Any CPU.ActiveCfg = Release|Any CPU
		{48C7F55E-1A85-4368-8974-4CD654F963D8}.Test|Any CPU.Build.0 = Release|Any CPU
		{48C7F55E-1A85-4368-8974-4CD654F963D8}.Test|x64.ActiveCfg = Release|x64
		{48C7F55E-1A85-4368-8974-4CD654F963D8}.Test|x64.Build.0 = Release|x64
		{547473F1-619A-4ECA-A388-073226A5071A}.Debug|Any CPU.ActiveCfg = Debug|Any CPU
		{547473F1-619A-4ECA-A388-073226A5071A}.Debug|Any CPU.Build.0 = Debug|Any CPU
		{547473F1-619A-4ECA-A388-073226A5071A}.Debug|x64.ActiveCfg = Debug|Any CPU
		{547473F1-619A-4ECA-A388-073226A5071A}.Debug|x64.Build.0 = Debug|Any CPU
		{547473F1-619A-4ECA-A388-073226A5071A}.Release|Any CPU.ActiveCfg = Release|Any CPU
		{547473F1-619A-4ECA-A388-073226A5071A}.Release|Any CPU.Build.0 = Release|Any CPU
		{547473F1-619A-4ECA-A388-073226A5071A}.Release|x64.ActiveCfg = Release|Any CPU
		{547473F1-619A-4ECA-A388-073226A5071A}.Release|x64.Build.0 = Release|Any CPU
		{547473F1-619A-4ECA-A388-073226A5071A}.Test|Any CPU.ActiveCfg = Release|Any CPU
		{547473F1-619A-4ECA-A388-073226A5071A}.Test|Any CPU.Build.0 = Release|Any CPU
		{547473F1-619A-4ECA-A388-073226A5071A}.Test|x64.ActiveCfg = Release|Any CPU
		{547473F1-619A-4ECA-A388-073226A5071A}.Test|x64.Build.0 = Release|Any CPU
		{604A6C06-279D-4191-ACBA-1D96E0A122E7}.Debug|Any CPU.ActiveCfg = Debug|Any CPU
		{604A6C06-279D-4191-ACBA-1D96E0A122E7}.Debug|Any CPU.Build.0 = Debug|Any CPU
		{604A6C06-279D-4191-ACBA-1D96E0A122E7}.Debug|x64.ActiveCfg = Debug|x64
		{604A6C06-279D-4191-ACBA-1D96E0A122E7}.Debug|x64.Build.0 = Debug|x64
		{604A6C06-279D-4191-ACBA-1D96E0A122E7}.Release|Any CPU.ActiveCfg = Release|Any CPU
		{604A6C06-279D-4191-ACBA-1D96E0A122E7}.Release|Any CPU.Build.0 = Release|Any CPU
		{604A6C06-279D-4191-ACBA-1D96E0A122E7}.Release|x64.ActiveCfg = Release|x64
		{604A6C06-279D-4191-ACBA-1D96E0A122E7}.Release|x64.Build.0 = Release|x64
		{604A6C06-279D-4191-ACBA-1D96E0A122E7}.Test|Any CPU.ActiveCfg = Release|Any CPU
		{604A6C06-279D-4191-ACBA-1D96E0A122E7}.Test|Any CPU.Build.0 = Release|Any CPU
		{604A6C06-279D-4191-ACBA-1D96E0A122E7}.Test|x64.ActiveCfg = Release|x64
		{604A6C06-279D-4191-ACBA-1D96E0A122E7}.Test|x64.Build.0 = Release|x64
		{E0F45753-0577-4BB6-BEF0-74CBA0E37D6D}.Debug|Any CPU.ActiveCfg = Debug|Any CPU
		{E0F45753-0577-4BB6-BEF0-74CBA0E37D6D}.Debug|Any CPU.Build.0 = Debug|Any CPU
		{E0F45753-0577-4BB6-BEF0-74CBA0E37D6D}.Debug|x64.ActiveCfg = Debug|x64
		{E0F45753-0577-4BB6-BEF0-74CBA0E37D6D}.Debug|x64.Build.0 = Debug|x64
		{E0F45753-0577-4BB6-BEF0-74CBA0E37D6D}.Release|Any CPU.ActiveCfg = Release|Any CPU
		{E0F45753-0577-4BB6-BEF0-74CBA0E37D6D}.Release|Any CPU.Build.0 = Release|Any CPU
		{E0F45753-0577-4BB6-BEF0-74CBA0E37D6D}.Release|x64.ActiveCfg = Release|x64
		{E0F45753-0577-4BB6-BEF0-74CBA0E37D6D}.Release|x64.Build.0 = Release|x64
		{E0F45753-0577-4BB6-BEF0-74CBA0E37D6D}.Test|Any CPU.ActiveCfg = Release|Any CPU
		{E0F45753-0577-4BB6-BEF0-74CBA0E37D6D}.Test|Any CPU.Build.0 = Release|Any CPU
		{E0F45753-0577-4BB6-BEF0-74CBA0E37D6D}.Test|x64.ActiveCfg = Release|x64
		{E0F45753-0577-4BB6-BEF0-74CBA0E37D6D}.Test|x64.Build.0 = Release|x64
		{C1725056-A0CE-4554-AD69-8F63C51818A3}.Debug|Any CPU.ActiveCfg = Debug|Any CPU
		{C1725056-A0CE-4554-AD69-8F63C51818A3}.Debug|Any CPU.Build.0 = Debug|Any CPU
		{C1725056-A0CE-4554-AD69-8F63C51818A3}.Debug|x64.ActiveCfg = Debug|x64
		{C1725056-A0CE-4554-AD69-8F63C51818A3}.Debug|x64.Build.0 = Debug|x64
		{C1725056-A0CE-4554-AD69-8F63C51818A3}.Release|Any CPU.ActiveCfg = Release|Any CPU
		{C1725056-A0CE-4554-AD69-8F63C51818A3}.Release|Any CPU.Build.0 = Release|Any CPU
		{C1725056-A0CE-4554-AD69-8F63C51818A3}.Release|x64.ActiveCfg = Release|x64
		{C1725056-A0CE-4554-AD69-8F63C51818A3}.Release|x64.Build.0 = Release|x64
		{C1725056-A0CE-4554-AD69-8F63C51818A3}.Test|Any CPU.ActiveCfg = Release|Any CPU
		{C1725056-A0CE-4554-AD69-8F63C51818A3}.Test|Any CPU.Build.0 = Release|Any CPU
		{C1725056-A0CE-4554-AD69-8F63C51818A3}.Test|x64.ActiveCfg = Release|x64
		{C1725056-A0CE-4554-AD69-8F63C51818A3}.Test|x64.Build.0 = Release|x64
		{9E22F903-BF5F-41AB-9AD7-4747430C1968}.Debug|Any CPU.ActiveCfg = Debug|Any CPU
		{9E22F903-BF5F-41AB-9AD7-4747430C1968}.Debug|Any CPU.Build.0 = Debug|Any CPU
		{9E22F903-BF5F-41AB-9AD7-4747430C1968}.Debug|x64.ActiveCfg = Debug|x64
		{9E22F903-BF5F-41AB-9AD7-4747430C1968}.Debug|x64.Build.0 = Debug|x64
		{9E22F903-BF5F-41AB-9AD7-4747430C1968}.Release|Any CPU.ActiveCfg = Release|Any CPU
		{9E22F903-BF5F-41AB-9AD7-4747430C1968}.Release|Any CPU.Build.0 = Release|Any CPU
		{9E22F903-BF5F-41AB-9AD7-4747430C1968}.Release|x64.ActiveCfg = Release|x64
		{9E22F903-BF5F-41AB-9AD7-4747430C1968}.Release|x64.Build.0 = Release|x64
		{9E22F903-BF5F-41AB-9AD7-4747430C1968}.Test|Any CPU.ActiveCfg = Release|Any CPU
		{9E22F903-BF5F-41AB-9AD7-4747430C1968}.Test|Any CPU.Build.0 = Release|Any CPU
		{9E22F903-BF5F-41AB-9AD7-4747430C1968}.Test|x64.ActiveCfg = Release|x64
		{9E22F903-BF5F-41AB-9AD7-4747430C1968}.Test|x64.Build.0 = Release|x64
		{9B4734D2-E1DD-4CDA-BAD6-6E14BF2F6DD6}.Debug|Any CPU.ActiveCfg = Debug|Any CPU
		{9B4734D2-E1DD-4CDA-BAD6-6E14BF2F6DD6}.Debug|Any CPU.Build.0 = Debug|Any CPU
		{9B4734D2-E1DD-4CDA-BAD6-6E14BF2F6DD6}.Debug|x64.ActiveCfg = Debug|x64
		{9B4734D2-E1DD-4CDA-BAD6-6E14BF2F6DD6}.Debug|x64.Build.0 = Debug|x64
		{9B4734D2-E1DD-4CDA-BAD6-6E14BF2F6DD6}.Release|Any CPU.ActiveCfg = Release|Any CPU
		{9B4734D2-E1DD-4CDA-BAD6-6E14BF2F6DD6}.Release|Any CPU.Build.0 = Release|Any CPU
		{9B4734D2-E1DD-4CDA-BAD6-6E14BF2F6DD6}.Release|x64.ActiveCfg = Release|x64
		{9B4734D2-E1DD-4CDA-BAD6-6E14BF2F6DD6}.Release|x64.Build.0 = Release|x64
		{9B4734D2-E1DD-4CDA-BAD6-6E14BF2F6DD6}.Test|Any CPU.ActiveCfg = Release|Any CPU
		{9B4734D2-E1DD-4CDA-BAD6-6E14BF2F6DD6}.Test|Any CPU.Build.0 = Release|Any CPU
		{9B4734D2-E1DD-4CDA-BAD6-6E14BF2F6DD6}.Test|x64.ActiveCfg = Release|x64
		{9B4734D2-E1DD-4CDA-BAD6-6E14BF2F6DD6}.Test|x64.Build.0 = Release|x64
		{F6677625-33E2-4C9A-9219-F5956B08F210}.Debug|Any CPU.ActiveCfg = Debug|Any CPU
		{F6677625-33E2-4C9A-9219-F5956B08F210}.Debug|Any CPU.Build.0 = Debug|Any CPU
		{F6677625-33E2-4C9A-9219-F5956B08F210}.Debug|x64.ActiveCfg = Debug|x64
		{F6677625-33E2-4C9A-9219-F5956B08F210}.Debug|x64.Build.0 = Debug|x64
		{F6677625-33E2-4C9A-9219-F5956B08F210}.Release|Any CPU.ActiveCfg = Release|Any CPU
		{F6677625-33E2-4C9A-9219-F5956B08F210}.Release|Any CPU.Build.0 = Release|Any CPU
		{F6677625-33E2-4C9A-9219-F5956B08F210}.Release|x64.ActiveCfg = Release|x64
		{F6677625-33E2-4C9A-9219-F5956B08F210}.Release|x64.Build.0 = Release|x64
		{F6677625-33E2-4C9A-9219-F5956B08F210}.Test|Any CPU.ActiveCfg = Release|Any CPU
		{F6677625-33E2-4C9A-9219-F5956B08F210}.Test|Any CPU.Build.0 = Release|Any CPU
		{F6677625-33E2-4C9A-9219-F5956B08F210}.Test|x64.ActiveCfg = Release|x64
		{F6677625-33E2-4C9A-9219-F5956B08F210}.Test|x64.Build.0 = Release|x64
		{764C55CC-49F7-4E72-9D23-BA8D965BF0AC}.Debug|Any CPU.ActiveCfg = Debug|Any CPU
		{764C55CC-49F7-4E72-9D23-BA8D965BF0AC}.Debug|Any CPU.Build.0 = Debug|Any CPU
		{764C55CC-49F7-4E72-9D23-BA8D965BF0AC}.Debug|x64.ActiveCfg = Debug|x64
		{764C55CC-49F7-4E72-9D23-BA8D965BF0AC}.Debug|x64.Build.0 = Debug|x64
		{764C55CC-49F7-4E72-9D23-BA8D965BF0AC}.Release|Any CPU.ActiveCfg = Release|Any CPU
		{764C55CC-49F7-4E72-9D23-BA8D965BF0AC}.Release|Any CPU.Build.0 = Release|Any CPU
		{764C55CC-49F7-4E72-9D23-BA8D965BF0AC}.Release|x64.ActiveCfg = Release|x64
		{764C55CC-49F7-4E72-9D23-BA8D965BF0AC}.Release|x64.Build.0 = Release|x64
		{764C55CC-49F7-4E72-9D23-BA8D965BF0AC}.Test|Any CPU.ActiveCfg = Release|Any CPU
		{764C55CC-49F7-4E72-9D23-BA8D965BF0AC}.Test|Any CPU.Build.0 = Release|Any CPU
		{764C55CC-49F7-4E72-9D23-BA8D965BF0AC}.Test|x64.ActiveCfg = Release|x64
		{764C55CC-49F7-4E72-9D23-BA8D965BF0AC}.Test|x64.Build.0 = Release|x64
		{7C4F48DD-0510-4716-985D-1B61DDCBE716}.Debug|Any CPU.ActiveCfg = Debug|Any CPU
		{7C4F48DD-0510-4716-985D-1B61DDCBE716}.Debug|Any CPU.Build.0 = Debug|Any CPU
		{7C4F48DD-0510-4716-985D-1B61DDCBE716}.Debug|x64.ActiveCfg = Debug|x64
		{7C4F48DD-0510-4716-985D-1B61DDCBE716}.Debug|x64.Build.0 = Debug|x64
		{7C4F48DD-0510-4716-985D-1B61DDCBE716}.Release|Any CPU.ActiveCfg = Release|Any CPU
		{7C4F48DD-0510-4716-985D-1B61DDCBE716}.Release|Any CPU.Build.0 = Release|Any CPU
		{7C4F48DD-0510-4716-985D-1B61DDCBE716}.Release|x64.ActiveCfg = Release|x64
		{7C4F48DD-0510-4716-985D-1B61DDCBE716}.Release|x64.Build.0 = Release|x64
		{7C4F48DD-0510-4716-985D-1B61DDCBE716}.Test|Any CPU.ActiveCfg = Release|Any CPU
		{7C4F48DD-0510-4716-985D-1B61DDCBE716}.Test|Any CPU.Build.0 = Release|Any CPU
		{7C4F48DD-0510-4716-985D-1B61DDCBE716}.Test|x64.ActiveCfg = Release|x64
		{7C4F48DD-0510-4716-985D-1B61DDCBE716}.Test|x64.Build.0 = Release|x64
		{2F77C4BC-CE9B-4ECD-970E-20F8BE0F0F23}.Debug|Any CPU.ActiveCfg = Debug|Any CPU
		{2F77C4BC-CE9B-4ECD-970E-20F8BE0F0F23}.Debug|Any CPU.Build.0 = Debug|Any CPU
		{2F77C4BC-CE9B-4ECD-970E-20F8BE0F0F23}.Debug|x64.ActiveCfg = Debug|x64
		{2F77C4BC-CE9B-4ECD-970E-20F8BE0F0F23}.Debug|x64.Build.0 = Debug|x64
		{2F77C4BC-CE9B-4ECD-970E-20F8BE0F0F23}.Release|Any CPU.ActiveCfg = Release|Any CPU
		{2F77C4BC-CE9B-4ECD-970E-20F8BE0F0F23}.Release|Any CPU.Build.0 = Release|Any CPU
		{2F77C4BC-CE9B-4ECD-970E-20F8BE0F0F23}.Release|x64.ActiveCfg = Release|x64
		{2F77C4BC-CE9B-4ECD-970E-20F8BE0F0F23}.Release|x64.Build.0 = Release|x64
		{2F77C4BC-CE9B-4ECD-970E-20F8BE0F0F23}.Test|Any CPU.ActiveCfg = Release|Any CPU
		{2F77C4BC-CE9B-4ECD-970E-20F8BE0F0F23}.Test|Any CPU.Build.0 = Release|Any CPU
		{2F77C4BC-CE9B-4ECD-970E-20F8BE0F0F23}.Test|x64.ActiveCfg = Release|x64
		{2F77C4BC-CE9B-4ECD-970E-20F8BE0F0F23}.Test|x64.Build.0 = Release|x64
		{BA015F5D-95BA-43E8-9EE7-E68B5006EC9E}.Debug|Any CPU.ActiveCfg = Debug|Any CPU
		{BA015F5D-95BA-43E8-9EE7-E68B5006EC9E}.Debug|Any CPU.Build.0 = Debug|Any CPU
		{BA015F5D-95BA-43E8-9EE7-E68B5006EC9E}.Debug|x64.ActiveCfg = Debug|x64
		{BA015F5D-95BA-43E8-9EE7-E68B5006EC9E}.Debug|x64.Build.0 = Debug|x64
		{BA015F5D-95BA-43E8-9EE7-E68B5006EC9E}.Release|Any CPU.ActiveCfg = Release|Any CPU
		{BA015F5D-95BA-43E8-9EE7-E68B5006EC9E}.Release|Any CPU.Build.0 = Release|Any CPU
		{BA015F5D-95BA-43E8-9EE7-E68B5006EC9E}.Release|x64.ActiveCfg = Release|x64
		{BA015F5D-95BA-43E8-9EE7-E68B5006EC9E}.Release|x64.Build.0 = Release|x64
		{BA015F5D-95BA-43E8-9EE7-E68B5006EC9E}.Test|Any CPU.ActiveCfg = Release|Any CPU
		{BA015F5D-95BA-43E8-9EE7-E68B5006EC9E}.Test|Any CPU.Build.0 = Release|Any CPU
		{BA015F5D-95BA-43E8-9EE7-E68B5006EC9E}.Test|x64.ActiveCfg = Release|x64
		{BA015F5D-95BA-43E8-9EE7-E68B5006EC9E}.Test|x64.Build.0 = Release|x64
		{8CC49493-1705-41A7-88AE-7F121AEC0A0C}.Debug|Any CPU.ActiveCfg = Debug|Any CPU
		{8CC49493-1705-41A7-88AE-7F121AEC0A0C}.Debug|Any CPU.Build.0 = Debug|Any CPU
		{8CC49493-1705-41A7-88AE-7F121AEC0A0C}.Debug|x64.ActiveCfg = Debug|x64
		{8CC49493-1705-41A7-88AE-7F121AEC0A0C}.Debug|x64.Build.0 = Debug|x64
		{8CC49493-1705-41A7-88AE-7F121AEC0A0C}.Release|Any CPU.ActiveCfg = Release|Any CPU
		{8CC49493-1705-41A7-88AE-7F121AEC0A0C}.Release|Any CPU.Build.0 = Release|Any CPU
		{8CC49493-1705-41A7-88AE-7F121AEC0A0C}.Release|x64.ActiveCfg = Release|x64
		{8CC49493-1705-41A7-88AE-7F121AEC0A0C}.Release|x64.Build.0 = Release|x64
		{8CC49493-1705-41A7-88AE-7F121AEC0A0C}.Test|Any CPU.ActiveCfg = Release|Any CPU
		{8CC49493-1705-41A7-88AE-7F121AEC0A0C}.Test|Any CPU.Build.0 = Release|Any CPU
		{8CC49493-1705-41A7-88AE-7F121AEC0A0C}.Test|x64.ActiveCfg = Release|x64
		{8CC49493-1705-41A7-88AE-7F121AEC0A0C}.Test|x64.Build.0 = Release|x64
		{F4F52CB8-EBAC-4B0C-94B2-6400EA84A669}.Debug|Any CPU.ActiveCfg = Debug|Any CPU
		{F4F52CB8-EBAC-4B0C-94B2-6400EA84A669}.Debug|Any CPU.Build.0 = Debug|Any CPU
		{F4F52CB8-EBAC-4B0C-94B2-6400EA84A669}.Debug|x64.ActiveCfg = Debug|x64
		{F4F52CB8-EBAC-4B0C-94B2-6400EA84A669}.Debug|x64.Build.0 = Debug|x64
		{F4F52CB8-EBAC-4B0C-94B2-6400EA84A669}.Release|Any CPU.ActiveCfg = Release|Any CPU
		{F4F52CB8-EBAC-4B0C-94B2-6400EA84A669}.Release|Any CPU.Build.0 = Release|Any CPU
		{F4F52CB8-EBAC-4B0C-94B2-6400EA84A669}.Release|x64.ActiveCfg = Release|x64
		{F4F52CB8-EBAC-4B0C-94B2-6400EA84A669}.Release|x64.Build.0 = Release|x64
		{F4F52CB8-EBAC-4B0C-94B2-6400EA84A669}.Test|Any CPU.ActiveCfg = Release|Any CPU
		{F4F52CB8-EBAC-4B0C-94B2-6400EA84A669}.Test|Any CPU.Build.0 = Release|Any CPU
		{F4F52CB8-EBAC-4B0C-94B2-6400EA84A669}.Test|x64.ActiveCfg = Release|x64
		{F4F52CB8-EBAC-4B0C-94B2-6400EA84A669}.Test|x64.Build.0 = Release|x64
		{0C6F5064-5CEF-429E-ACD8-5757E09FAD38}.Debug|Any CPU.ActiveCfg = Debug|Any CPU
		{0C6F5064-5CEF-429E-ACD8-5757E09FAD38}.Debug|Any CPU.Build.0 = Debug|Any CPU
		{0C6F5064-5CEF-429E-ACD8-5757E09FAD38}.Debug|x64.ActiveCfg = Debug|x64
		{0C6F5064-5CEF-429E-ACD8-5757E09FAD38}.Debug|x64.Build.0 = Debug|x64
		{0C6F5064-5CEF-429E-ACD8-5757E09FAD38}.Release|Any CPU.ActiveCfg = Release|Any CPU
		{0C6F5064-5CEF-429E-ACD8-5757E09FAD38}.Release|Any CPU.Build.0 = Release|Any CPU
		{0C6F5064-5CEF-429E-ACD8-5757E09FAD38}.Release|x64.ActiveCfg = Release|x64
		{0C6F5064-5CEF-429E-ACD8-5757E09FAD38}.Release|x64.Build.0 = Release|x64
		{0C6F5064-5CEF-429E-ACD8-5757E09FAD38}.Test|Any CPU.ActiveCfg = Release|Any CPU
		{0C6F5064-5CEF-429E-ACD8-5757E09FAD38}.Test|Any CPU.Build.0 = Release|Any CPU
		{0C6F5064-5CEF-429E-ACD8-5757E09FAD38}.Test|x64.ActiveCfg = Release|x64
		{0C6F5064-5CEF-429E-ACD8-5757E09FAD38}.Test|x64.Build.0 = Release|x64
		{339D2C7F-4DB6-464B-AA50-EC0C76963AC9}.Debug|Any CPU.ActiveCfg = Debug|Any CPU
		{339D2C7F-4DB6-464B-AA50-EC0C76963AC9}.Debug|Any CPU.Build.0 = Debug|Any CPU
		{339D2C7F-4DB6-464B-AA50-EC0C76963AC9}.Debug|x64.ActiveCfg = Debug|x64
		{339D2C7F-4DB6-464B-AA50-EC0C76963AC9}.Debug|x64.Build.0 = Debug|x64
		{339D2C7F-4DB6-464B-AA50-EC0C76963AC9}.Release|Any CPU.ActiveCfg = Release|Any CPU
		{339D2C7F-4DB6-464B-AA50-EC0C76963AC9}.Release|Any CPU.Build.0 = Release|Any CPU
		{339D2C7F-4DB6-464B-AA50-EC0C76963AC9}.Release|x64.ActiveCfg = Release|x64
		{339D2C7F-4DB6-464B-AA50-EC0C76963AC9}.Release|x64.Build.0 = Release|x64
		{339D2C7F-4DB6-464B-AA50-EC0C76963AC9}.Test|Any CPU.ActiveCfg = Release|Any CPU
		{339D2C7F-4DB6-464B-AA50-EC0C76963AC9}.Test|Any CPU.Build.0 = Release|Any CPU
		{339D2C7F-4DB6-464B-AA50-EC0C76963AC9}.Test|x64.ActiveCfg = Release|x64
		{339D2C7F-4DB6-464B-AA50-EC0C76963AC9}.Test|x64.Build.0 = Release|x64
		{B2E158DD-2534-4C2B-A5F8-66F6B000CA70}.Debug|Any CPU.ActiveCfg = Debug|Any CPU
		{B2E158DD-2534-4C2B-A5F8-66F6B000CA70}.Debug|Any CPU.Build.0 = Debug|Any CPU
		{B2E158DD-2534-4C2B-A5F8-66F6B000CA70}.Debug|x64.ActiveCfg = Debug|x64
		{B2E158DD-2534-4C2B-A5F8-66F6B000CA70}.Debug|x64.Build.0 = Debug|x64
		{B2E158DD-2534-4C2B-A5F8-66F6B000CA70}.Release|Any CPU.ActiveCfg = Release|Any CPU
		{B2E158DD-2534-4C2B-A5F8-66F6B000CA70}.Release|Any CPU.Build.0 = Release|Any CPU
		{B2E158DD-2534-4C2B-A5F8-66F6B000CA70}.Release|x64.ActiveCfg = Release|x64
		{B2E158DD-2534-4C2B-A5F8-66F6B000CA70}.Release|x64.Build.0 = Release|x64
		{B2E158DD-2534-4C2B-A5F8-66F6B000CA70}.Test|Any CPU.ActiveCfg = Release|Any CPU
		{B2E158DD-2534-4C2B-A5F8-66F6B000CA70}.Test|Any CPU.Build.0 = Release|Any CPU
		{B2E158DD-2534-4C2B-A5F8-66F6B000CA70}.Test|x64.ActiveCfg = Release|x64
		{B2E158DD-2534-4C2B-A5F8-66F6B000CA70}.Test|x64.Build.0 = Release|x64
		{DDD6DF30-A9C5-4AE8-9B6D-4CE343CED7E4}.Debug|Any CPU.ActiveCfg = Debug|Any CPU
		{DDD6DF30-A9C5-4AE8-9B6D-4CE343CED7E4}.Debug|Any CPU.Build.0 = Debug|Any CPU
		{DDD6DF30-A9C5-4AE8-9B6D-4CE343CED7E4}.Debug|x64.ActiveCfg = Debug|x64
		{DDD6DF30-A9C5-4AE8-9B6D-4CE343CED7E4}.Debug|x64.Build.0 = Debug|x64
		{DDD6DF30-A9C5-4AE8-9B6D-4CE343CED7E4}.Release|Any CPU.ActiveCfg = Release|Any CPU
		{DDD6DF30-A9C5-4AE8-9B6D-4CE343CED7E4}.Release|Any CPU.Build.0 = Release|Any CPU
		{DDD6DF30-A9C5-4AE8-9B6D-4CE343CED7E4}.Release|x64.ActiveCfg = Release|x64
		{DDD6DF30-A9C5-4AE8-9B6D-4CE343CED7E4}.Release|x64.Build.0 = Release|x64
		{DDD6DF30-A9C5-4AE8-9B6D-4CE343CED7E4}.Test|Any CPU.ActiveCfg = Release|Any CPU
		{DDD6DF30-A9C5-4AE8-9B6D-4CE343CED7E4}.Test|Any CPU.Build.0 = Release|Any CPU
		{DDD6DF30-A9C5-4AE8-9B6D-4CE343CED7E4}.Test|x64.ActiveCfg = Release|x64
		{DDD6DF30-A9C5-4AE8-9B6D-4CE343CED7E4}.Test|x64.Build.0 = Release|x64
		{CA2A7C8F-516F-4F2A-9E06-D631ECBA6171}.Debug|Any CPU.ActiveCfg = Debug|Any CPU
		{CA2A7C8F-516F-4F2A-9E06-D631ECBA6171}.Debug|Any CPU.Build.0 = Debug|Any CPU
		{CA2A7C8F-516F-4F2A-9E06-D631ECBA6171}.Debug|x64.ActiveCfg = Debug|x64
		{CA2A7C8F-516F-4F2A-9E06-D631ECBA6171}.Debug|x64.Build.0 = Debug|x64
		{CA2A7C8F-516F-4F2A-9E06-D631ECBA6171}.Release|Any CPU.ActiveCfg = Release|Any CPU
		{CA2A7C8F-516F-4F2A-9E06-D631ECBA6171}.Release|Any CPU.Build.0 = Release|Any CPU
		{CA2A7C8F-516F-4F2A-9E06-D631ECBA6171}.Release|x64.ActiveCfg = Release|x64
		{CA2A7C8F-516F-4F2A-9E06-D631ECBA6171}.Release|x64.Build.0 = Release|x64
		{CA2A7C8F-516F-4F2A-9E06-D631ECBA6171}.Test|Any CPU.ActiveCfg = Release|Any CPU
		{CA2A7C8F-516F-4F2A-9E06-D631ECBA6171}.Test|Any CPU.Build.0 = Release|Any CPU
		{CA2A7C8F-516F-4F2A-9E06-D631ECBA6171}.Test|x64.ActiveCfg = Release|x64
		{CA2A7C8F-516F-4F2A-9E06-D631ECBA6171}.Test|x64.Build.0 = Release|x64
		{8A0B3CE7-C28D-4702-BEF6-C47E97D59D8D}.Debug|Any CPU.ActiveCfg = Debug|Any CPU
		{8A0B3CE7-C28D-4702-BEF6-C47E97D59D8D}.Debug|Any CPU.Build.0 = Debug|Any CPU
		{8A0B3CE7-C28D-4702-BEF6-C47E97D59D8D}.Debug|x64.ActiveCfg = Debug|x64
		{8A0B3CE7-C28D-4702-BEF6-C47E97D59D8D}.Debug|x64.Build.0 = Debug|x64
		{8A0B3CE7-C28D-4702-BEF6-C47E97D59D8D}.Release|Any CPU.ActiveCfg = Release|Any CPU
		{8A0B3CE7-C28D-4702-BEF6-C47E97D59D8D}.Release|Any CPU.Build.0 = Release|Any CPU
		{8A0B3CE7-C28D-4702-BEF6-C47E97D59D8D}.Release|x64.ActiveCfg = Release|x64
		{8A0B3CE7-C28D-4702-BEF6-C47E97D59D8D}.Release|x64.Build.0 = Release|x64
		{8A0B3CE7-C28D-4702-BEF6-C47E97D59D8D}.Test|Any CPU.ActiveCfg = Release|Any CPU
		{8A0B3CE7-C28D-4702-BEF6-C47E97D59D8D}.Test|Any CPU.Build.0 = Release|Any CPU
		{8A0B3CE7-C28D-4702-BEF6-C47E97D59D8D}.Test|x64.ActiveCfg = Release|x64
		{8A0B3CE7-C28D-4702-BEF6-C47E97D59D8D}.Test|x64.Build.0 = Release|x64
		{56F1B495-2751-4634-B1C6-23CB66912B7B}.Debug|Any CPU.ActiveCfg = Debug|Any CPU
		{56F1B495-2751-4634-B1C6-23CB66912B7B}.Debug|Any CPU.Build.0 = Debug|Any CPU
		{56F1B495-2751-4634-B1C6-23CB66912B7B}.Debug|x64.ActiveCfg = Debug|x64
		{56F1B495-2751-4634-B1C6-23CB66912B7B}.Debug|x64.Build.0 = Debug|x64
		{56F1B495-2751-4634-B1C6-23CB66912B7B}.Release|Any CPU.ActiveCfg = Release|Any CPU
		{56F1B495-2751-4634-B1C6-23CB66912B7B}.Release|Any CPU.Build.0 = Release|Any CPU
		{56F1B495-2751-4634-B1C6-23CB66912B7B}.Release|x64.ActiveCfg = Release|x64
		{56F1B495-2751-4634-B1C6-23CB66912B7B}.Release|x64.Build.0 = Release|x64
		{56F1B495-2751-4634-B1C6-23CB66912B7B}.Test|Any CPU.ActiveCfg = Release|Any CPU
		{56F1B495-2751-4634-B1C6-23CB66912B7B}.Test|Any CPU.Build.0 = Release|Any CPU
		{56F1B495-2751-4634-B1C6-23CB66912B7B}.Test|x64.ActiveCfg = Release|x64
		{56F1B495-2751-4634-B1C6-23CB66912B7B}.Test|x64.Build.0 = Release|x64
		{4244F71D-2861-495B-AF1D-57EE5002EEF6}.Debug|Any CPU.ActiveCfg = Debug|Any CPU
		{4244F71D-2861-495B-AF1D-57EE5002EEF6}.Debug|Any CPU.Build.0 = Debug|Any CPU
		{4244F71D-2861-495B-AF1D-57EE5002EEF6}.Debug|x64.ActiveCfg = Debug|x64
		{4244F71D-2861-495B-AF1D-57EE5002EEF6}.Debug|x64.Build.0 = Debug|x64
		{4244F71D-2861-495B-AF1D-57EE5002EEF6}.Release|Any CPU.ActiveCfg = Release|Any CPU
		{4244F71D-2861-495B-AF1D-57EE5002EEF6}.Release|Any CPU.Build.0 = Release|Any CPU
		{4244F71D-2861-495B-AF1D-57EE5002EEF6}.Release|x64.ActiveCfg = Release|x64
		{4244F71D-2861-495B-AF1D-57EE5002EEF6}.Release|x64.Build.0 = Release|x64
		{4244F71D-2861-495B-AF1D-57EE5002EEF6}.Test|Any CPU.ActiveCfg = Release|Any CPU
		{4244F71D-2861-495B-AF1D-57EE5002EEF6}.Test|Any CPU.Build.0 = Release|Any CPU
		{4244F71D-2861-495B-AF1D-57EE5002EEF6}.Test|x64.ActiveCfg = Release|x64
		{4244F71D-2861-495B-AF1D-57EE5002EEF6}.Test|x64.Build.0 = Release|x64
		{06BB56D2-5672-4D2A-B1ED-269919B06D91}.Debug|Any CPU.ActiveCfg = Debug|Any CPU
		{06BB56D2-5672-4D2A-B1ED-269919B06D91}.Debug|Any CPU.Build.0 = Debug|Any CPU
		{06BB56D2-5672-4D2A-B1ED-269919B06D91}.Debug|x64.ActiveCfg = Debug|x64
		{06BB56D2-5672-4D2A-B1ED-269919B06D91}.Debug|x64.Build.0 = Debug|x64
		{06BB56D2-5672-4D2A-B1ED-269919B06D91}.Release|Any CPU.ActiveCfg = Release|Any CPU
		{06BB56D2-5672-4D2A-B1ED-269919B06D91}.Release|Any CPU.Build.0 = Release|Any CPU
		{06BB56D2-5672-4D2A-B1ED-269919B06D91}.Release|x64.ActiveCfg = Release|x64
		{06BB56D2-5672-4D2A-B1ED-269919B06D91}.Release|x64.Build.0 = Release|x64
		{06BB56D2-5672-4D2A-B1ED-269919B06D91}.Test|Any CPU.ActiveCfg = Release|Any CPU
		{06BB56D2-5672-4D2A-B1ED-269919B06D91}.Test|Any CPU.Build.0 = Release|Any CPU
		{06BB56D2-5672-4D2A-B1ED-269919B06D91}.Test|x64.ActiveCfg = Release|x64
		{06BB56D2-5672-4D2A-B1ED-269919B06D91}.Test|x64.Build.0 = Release|x64
		{72B2208C-4723-453C-9DD5-8EC38CA30D6E}.Debug|Any CPU.ActiveCfg = Debug|Any CPU
		{72B2208C-4723-453C-9DD5-8EC38CA30D6E}.Debug|Any CPU.Build.0 = Debug|Any CPU
		{72B2208C-4723-453C-9DD5-8EC38CA30D6E}.Debug|x64.ActiveCfg = Debug|Any CPU
		{72B2208C-4723-453C-9DD5-8EC38CA30D6E}.Debug|x64.Build.0 = Debug|Any CPU
		{72B2208C-4723-453C-9DD5-8EC38CA30D6E}.Release|Any CPU.ActiveCfg = Release|Any CPU
		{72B2208C-4723-453C-9DD5-8EC38CA30D6E}.Release|Any CPU.Build.0 = Release|Any CPU
		{72B2208C-4723-453C-9DD5-8EC38CA30D6E}.Release|x64.ActiveCfg = Release|Any CPU
		{72B2208C-4723-453C-9DD5-8EC38CA30D6E}.Release|x64.Build.0 = Release|Any CPU
		{72B2208C-4723-453C-9DD5-8EC38CA30D6E}.Test|Any CPU.ActiveCfg = Release|Any CPU
		{72B2208C-4723-453C-9DD5-8EC38CA30D6E}.Test|Any CPU.Build.0 = Release|Any CPU
		{72B2208C-4723-453C-9DD5-8EC38CA30D6E}.Test|x64.ActiveCfg = Release|Any CPU
		{72B2208C-4723-453C-9DD5-8EC38CA30D6E}.Test|x64.Build.0 = Release|Any CPU
		{4348CA91-D0B5-42B3-8857-7F2B1D4AC294}.Debug|Any CPU.ActiveCfg = Debug|Any CPU
		{4348CA91-D0B5-42B3-8857-7F2B1D4AC294}.Debug|Any CPU.Build.0 = Debug|Any CPU
		{4348CA91-D0B5-42B3-8857-7F2B1D4AC294}.Debug|x64.ActiveCfg = Debug|x64
		{4348CA91-D0B5-42B3-8857-7F2B1D4AC294}.Debug|x64.Build.0 = Debug|x64
		{4348CA91-D0B5-42B3-8857-7F2B1D4AC294}.Release|Any CPU.ActiveCfg = Release|Any CPU
		{4348CA91-D0B5-42B3-8857-7F2B1D4AC294}.Release|Any CPU.Build.0 = Release|Any CPU
		{4348CA91-D0B5-42B3-8857-7F2B1D4AC294}.Release|x64.ActiveCfg = Release|x64
		{4348CA91-D0B5-42B3-8857-7F2B1D4AC294}.Release|x64.Build.0 = Release|x64
		{4348CA91-D0B5-42B3-8857-7F2B1D4AC294}.Test|Any CPU.ActiveCfg = Release|Any CPU
		{4348CA91-D0B5-42B3-8857-7F2B1D4AC294}.Test|Any CPU.Build.0 = Release|Any CPU
		{4348CA91-D0B5-42B3-8857-7F2B1D4AC294}.Test|x64.ActiveCfg = Release|x64
		{4348CA91-D0B5-42B3-8857-7F2B1D4AC294}.Test|x64.Build.0 = Release|x64
		{4C736440-B889-43DD-90D7-A7DD3D317CFA}.Debug|Any CPU.ActiveCfg = Debug|Any CPU
		{4C736440-B889-43DD-90D7-A7DD3D317CFA}.Debug|Any CPU.Build.0 = Debug|Any CPU
		{4C736440-B889-43DD-90D7-A7DD3D317CFA}.Debug|x64.ActiveCfg = Debug|x64
		{4C736440-B889-43DD-90D7-A7DD3D317CFA}.Debug|x64.Build.0 = Debug|x64
		{4C736440-B889-43DD-90D7-A7DD3D317CFA}.Release|Any CPU.ActiveCfg = Release|Any CPU
		{4C736440-B889-43DD-90D7-A7DD3D317CFA}.Release|Any CPU.Build.0 = Release|Any CPU
		{4C736440-B889-43DD-90D7-A7DD3D317CFA}.Release|x64.ActiveCfg = Release|x64
		{4C736440-B889-43DD-90D7-A7DD3D317CFA}.Release|x64.Build.0 = Release|x64
		{4C736440-B889-43DD-90D7-A7DD3D317CFA}.Test|Any CPU.ActiveCfg = Release|Any CPU
		{4C736440-B889-43DD-90D7-A7DD3D317CFA}.Test|Any CPU.Build.0 = Release|Any CPU
		{4C736440-B889-43DD-90D7-A7DD3D317CFA}.Test|x64.ActiveCfg = Release|x64
		{4C736440-B889-43DD-90D7-A7DD3D317CFA}.Test|x64.Build.0 = Release|x64
		{C3D4BA98-E41D-4F75-B510-3C72C8CC745F}.Debug|Any CPU.ActiveCfg = Debug|Any CPU
		{C3D4BA98-E41D-4F75-B510-3C72C8CC745F}.Debug|Any CPU.Build.0 = Debug|Any CPU
		{C3D4BA98-E41D-4F75-B510-3C72C8CC745F}.Debug|x64.ActiveCfg = Debug|Any CPU
		{C3D4BA98-E41D-4F75-B510-3C72C8CC745F}.Debug|x64.Build.0 = Debug|Any CPU
		{C3D4BA98-E41D-4F75-B510-3C72C8CC745F}.Release|Any CPU.ActiveCfg = Release|Any CPU
		{C3D4BA98-E41D-4F75-B510-3C72C8CC745F}.Release|Any CPU.Build.0 = Release|Any CPU
		{C3D4BA98-E41D-4F75-B510-3C72C8CC745F}.Release|x64.ActiveCfg = Release|Any CPU
		{C3D4BA98-E41D-4F75-B510-3C72C8CC745F}.Release|x64.Build.0 = Release|Any CPU
		{C3D4BA98-E41D-4F75-B510-3C72C8CC745F}.Test|Any CPU.ActiveCfg = Release|Any CPU
		{C3D4BA98-E41D-4F75-B510-3C72C8CC745F}.Test|Any CPU.Build.0 = Release|Any CPU
		{C3D4BA98-E41D-4F75-B510-3C72C8CC745F}.Test|x64.ActiveCfg = Release|Any CPU
		{C3D4BA98-E41D-4F75-B510-3C72C8CC745F}.Test|x64.Build.0 = Release|Any CPU
		{6C58BCEC-24CC-4B7D-AE82-408219C7319B}.Debug|Any CPU.ActiveCfg = Debug|Any CPU
		{6C58BCEC-24CC-4B7D-AE82-408219C7319B}.Debug|Any CPU.Build.0 = Debug|Any CPU
		{6C58BCEC-24CC-4B7D-AE82-408219C7319B}.Debug|x64.ActiveCfg = Debug|Any CPU
		{6C58BCEC-24CC-4B7D-AE82-408219C7319B}.Debug|x64.Build.0 = Debug|Any CPU
		{6C58BCEC-24CC-4B7D-AE82-408219C7319B}.Release|Any CPU.ActiveCfg = Release|Any CPU
		{6C58BCEC-24CC-4B7D-AE82-408219C7319B}.Release|Any CPU.Build.0 = Release|Any CPU
		{6C58BCEC-24CC-4B7D-AE82-408219C7319B}.Release|x64.ActiveCfg = Release|Any CPU
		{6C58BCEC-24CC-4B7D-AE82-408219C7319B}.Release|x64.Build.0 = Release|Any CPU
		{6C58BCEC-24CC-4B7D-AE82-408219C7319B}.Test|Any CPU.ActiveCfg = Debug|Any CPU
		{6C58BCEC-24CC-4B7D-AE82-408219C7319B}.Test|Any CPU.Build.0 = Debug|Any CPU
		{6C58BCEC-24CC-4B7D-AE82-408219C7319B}.Test|x64.ActiveCfg = Debug|Any CPU
		{6C58BCEC-24CC-4B7D-AE82-408219C7319B}.Test|x64.Build.0 = Debug|Any CPU
		{09026493-7675-4C6D-874B-2961C8A2149B}.Debug|Any CPU.ActiveCfg = Debug|Any CPU
		{09026493-7675-4C6D-874B-2961C8A2149B}.Debug|Any CPU.Build.0 = Debug|Any CPU
		{09026493-7675-4C6D-874B-2961C8A2149B}.Debug|x64.ActiveCfg = Debug|Any CPU
		{09026493-7675-4C6D-874B-2961C8A2149B}.Debug|x64.Build.0 = Debug|Any CPU
		{09026493-7675-4C6D-874B-2961C8A2149B}.Release|Any CPU.ActiveCfg = Release|Any CPU
		{09026493-7675-4C6D-874B-2961C8A2149B}.Release|Any CPU.Build.0 = Release|Any CPU
		{09026493-7675-4C6D-874B-2961C8A2149B}.Release|x64.ActiveCfg = Release|Any CPU
		{09026493-7675-4C6D-874B-2961C8A2149B}.Release|x64.Build.0 = Release|Any CPU
		{09026493-7675-4C6D-874B-2961C8A2149B}.Test|Any CPU.ActiveCfg = Debug|Any CPU
		{09026493-7675-4C6D-874B-2961C8A2149B}.Test|Any CPU.Build.0 = Debug|Any CPU
		{09026493-7675-4C6D-874B-2961C8A2149B}.Test|x64.ActiveCfg = Debug|Any CPU
		{09026493-7675-4C6D-874B-2961C8A2149B}.Test|x64.Build.0 = Debug|Any CPU
		{E2252712-C0AE-4310-A6A6-2B6848E9ABB4}.Debug|Any CPU.ActiveCfg = Debug|Any CPU
		{E2252712-C0AE-4310-A6A6-2B6848E9ABB4}.Debug|Any CPU.Build.0 = Debug|Any CPU
		{E2252712-C0AE-4310-A6A6-2B6848E9ABB4}.Debug|x64.ActiveCfg = Debug|Any CPU
		{E2252712-C0AE-4310-A6A6-2B6848E9ABB4}.Debug|x64.Build.0 = Debug|Any CPU
		{E2252712-C0AE-4310-A6A6-2B6848E9ABB4}.Release|Any CPU.ActiveCfg = Release|Any CPU
		{E2252712-C0AE-4310-A6A6-2B6848E9ABB4}.Release|Any CPU.Build.0 = Release|Any CPU
		{E2252712-C0AE-4310-A6A6-2B6848E9ABB4}.Release|x64.ActiveCfg = Release|Any CPU
		{E2252712-C0AE-4310-A6A6-2B6848E9ABB4}.Release|x64.Build.0 = Release|Any CPU
		{E2252712-C0AE-4310-A6A6-2B6848E9ABB4}.Test|Any CPU.ActiveCfg = Debug|Any CPU
		{E2252712-C0AE-4310-A6A6-2B6848E9ABB4}.Test|Any CPU.Build.0 = Debug|Any CPU
		{E2252712-C0AE-4310-A6A6-2B6848E9ABB4}.Test|x64.ActiveCfg = Debug|Any CPU
		{E2252712-C0AE-4310-A6A6-2B6848E9ABB4}.Test|x64.Build.0 = Debug|Any CPU
		{CE2B830C-D2C8-4977-95C8-0FD784DD8AC2}.Debug|Any CPU.ActiveCfg = Debug|Any CPU
		{CE2B830C-D2C8-4977-95C8-0FD784DD8AC2}.Debug|Any CPU.Build.0 = Debug|Any CPU
		{CE2B830C-D2C8-4977-95C8-0FD784DD8AC2}.Debug|x64.ActiveCfg = Debug|x64
		{CE2B830C-D2C8-4977-95C8-0FD784DD8AC2}.Debug|x64.Build.0 = Debug|x64
		{CE2B830C-D2C8-4977-95C8-0FD784DD8AC2}.Release|Any CPU.ActiveCfg = Release|Any CPU
		{CE2B830C-D2C8-4977-95C8-0FD784DD8AC2}.Release|Any CPU.Build.0 = Release|Any CPU
		{CE2B830C-D2C8-4977-95C8-0FD784DD8AC2}.Release|x64.ActiveCfg = Release|x64
		{CE2B830C-D2C8-4977-95C8-0FD784DD8AC2}.Release|x64.Build.0 = Release|x64
		{CE2B830C-D2C8-4977-95C8-0FD784DD8AC2}.Test|Any CPU.ActiveCfg = Debug|Any CPU
		{CE2B830C-D2C8-4977-95C8-0FD784DD8AC2}.Test|Any CPU.Build.0 = Debug|Any CPU
		{CE2B830C-D2C8-4977-95C8-0FD784DD8AC2}.Test|x64.ActiveCfg = Debug|x64
		{CE2B830C-D2C8-4977-95C8-0FD784DD8AC2}.Test|x64.Build.0 = Debug|x64
		{05620902-2FA2-4B93-AB2C-0388AC583A60}.Debug|Any CPU.ActiveCfg = Debug|Any CPU
		{05620902-2FA2-4B93-AB2C-0388AC583A60}.Debug|Any CPU.Build.0 = Debug|Any CPU
		{05620902-2FA2-4B93-AB2C-0388AC583A60}.Debug|x64.ActiveCfg = Debug|x64
		{05620902-2FA2-4B93-AB2C-0388AC583A60}.Debug|x64.Build.0 = Debug|x64
		{05620902-2FA2-4B93-AB2C-0388AC583A60}.Release|Any CPU.ActiveCfg = Release|Any CPU
		{05620902-2FA2-4B93-AB2C-0388AC583A60}.Release|Any CPU.Build.0 = Release|Any CPU
		{05620902-2FA2-4B93-AB2C-0388AC583A60}.Release|x64.ActiveCfg = Release|x64
		{05620902-2FA2-4B93-AB2C-0388AC583A60}.Release|x64.Build.0 = Release|x64
		{05620902-2FA2-4B93-AB2C-0388AC583A60}.Test|Any CPU.ActiveCfg = Debug|Any CPU
		{05620902-2FA2-4B93-AB2C-0388AC583A60}.Test|Any CPU.Build.0 = Debug|Any CPU
		{05620902-2FA2-4B93-AB2C-0388AC583A60}.Test|x64.ActiveCfg = Debug|x64
		{05620902-2FA2-4B93-AB2C-0388AC583A60}.Test|x64.Build.0 = Debug|x64
		{AF77694E-5C62-4802-A5EF-5633002EC8DF}.Debug|Any CPU.ActiveCfg = Debug|Any CPU
		{AF77694E-5C62-4802-A5EF-5633002EC8DF}.Debug|Any CPU.Build.0 = Debug|Any CPU
		{AF77694E-5C62-4802-A5EF-5633002EC8DF}.Debug|x64.ActiveCfg = Debug|x64
		{AF77694E-5C62-4802-A5EF-5633002EC8DF}.Debug|x64.Build.0 = Debug|x64
		{AF77694E-5C62-4802-A5EF-5633002EC8DF}.Release|Any CPU.ActiveCfg = Release|Any CPU
		{AF77694E-5C62-4802-A5EF-5633002EC8DF}.Release|Any CPU.Build.0 = Release|Any CPU
		{AF77694E-5C62-4802-A5EF-5633002EC8DF}.Release|x64.ActiveCfg = Release|x64
		{AF77694E-5C62-4802-A5EF-5633002EC8DF}.Release|x64.Build.0 = Release|x64
		{AF77694E-5C62-4802-A5EF-5633002EC8DF}.Test|Any CPU.ActiveCfg = Debug|Any CPU
		{AF77694E-5C62-4802-A5EF-5633002EC8DF}.Test|Any CPU.Build.0 = Debug|Any CPU
		{AF77694E-5C62-4802-A5EF-5633002EC8DF}.Test|x64.ActiveCfg = Debug|x64
		{AF77694E-5C62-4802-A5EF-5633002EC8DF}.Test|x64.Build.0 = Debug|x64
		{05A299E3-55A3-4706-8592-B9F4E1E566EE}.Debug|Any CPU.ActiveCfg = Debug|Any CPU
		{05A299E3-55A3-4706-8592-B9F4E1E566EE}.Debug|Any CPU.Build.0 = Debug|Any CPU
		{05A299E3-55A3-4706-8592-B9F4E1E566EE}.Debug|x64.ActiveCfg = Debug|x64
		{05A299E3-55A3-4706-8592-B9F4E1E566EE}.Debug|x64.Build.0 = Debug|x64
		{05A299E3-55A3-4706-8592-B9F4E1E566EE}.Release|Any CPU.ActiveCfg = Release|Any CPU
		{05A299E3-55A3-4706-8592-B9F4E1E566EE}.Release|Any CPU.Build.0 = Release|Any CPU
		{05A299E3-55A3-4706-8592-B9F4E1E566EE}.Release|x64.ActiveCfg = Release|x64
		{05A299E3-55A3-4706-8592-B9F4E1E566EE}.Release|x64.Build.0 = Release|x64
		{05A299E3-55A3-4706-8592-B9F4E1E566EE}.Test|Any CPU.ActiveCfg = Debug|Any CPU
		{05A299E3-55A3-4706-8592-B9F4E1E566EE}.Test|Any CPU.Build.0 = Debug|Any CPU
		{05A299E3-55A3-4706-8592-B9F4E1E566EE}.Test|x64.ActiveCfg = Debug|x64
		{05A299E3-55A3-4706-8592-B9F4E1E566EE}.Test|x64.Build.0 = Debug|x64
		{8AA8FD7B-1926-406E-9759-69B639E0DC5E}.Debug|Any CPU.ActiveCfg = Debug|Any CPU
		{8AA8FD7B-1926-406E-9759-69B639E0DC5E}.Debug|Any CPU.Build.0 = Debug|Any CPU
		{8AA8FD7B-1926-406E-9759-69B639E0DC5E}.Debug|x64.ActiveCfg = Debug|x64
		{8AA8FD7B-1926-406E-9759-69B639E0DC5E}.Debug|x64.Build.0 = Debug|x64
		{8AA8FD7B-1926-406E-9759-69B639E0DC5E}.Release|Any CPU.ActiveCfg = Release|Any CPU
		{8AA8FD7B-1926-406E-9759-69B639E0DC5E}.Release|Any CPU.Build.0 = Release|Any CPU
		{8AA8FD7B-1926-406E-9759-69B639E0DC5E}.Release|x64.ActiveCfg = Release|x64
		{8AA8FD7B-1926-406E-9759-69B639E0DC5E}.Release|x64.Build.0 = Release|x64
		{8AA8FD7B-1926-406E-9759-69B639E0DC5E}.Test|Any CPU.ActiveCfg = Debug|Any CPU
		{8AA8FD7B-1926-406E-9759-69B639E0DC5E}.Test|Any CPU.Build.0 = Debug|Any CPU
		{8AA8FD7B-1926-406E-9759-69B639E0DC5E}.Test|x64.ActiveCfg = Debug|x64
		{8AA8FD7B-1926-406E-9759-69B639E0DC5E}.Test|x64.Build.0 = Debug|x64
		{D8F9EB78-8CF7-4A87-9B6C-80E795B262F5}.Debug|Any CPU.ActiveCfg = Debug|Any CPU
		{D8F9EB78-8CF7-4A87-9B6C-80E795B262F5}.Debug|Any CPU.Build.0 = Debug|Any CPU
		{D8F9EB78-8CF7-4A87-9B6C-80E795B262F5}.Debug|x64.ActiveCfg = Debug|x64
		{D8F9EB78-8CF7-4A87-9B6C-80E795B262F5}.Debug|x64.Build.0 = Debug|x64
		{D8F9EB78-8CF7-4A87-9B6C-80E795B262F5}.Release|Any CPU.ActiveCfg = Release|Any CPU
		{D8F9EB78-8CF7-4A87-9B6C-80E795B262F5}.Release|Any CPU.Build.0 = Release|Any CPU
		{D8F9EB78-8CF7-4A87-9B6C-80E795B262F5}.Release|x64.ActiveCfg = Release|x64
		{D8F9EB78-8CF7-4A87-9B6C-80E795B262F5}.Release|x64.Build.0 = Release|x64
		{D8F9EB78-8CF7-4A87-9B6C-80E795B262F5}.Test|Any CPU.ActiveCfg = Debug|Any CPU
		{D8F9EB78-8CF7-4A87-9B6C-80E795B262F5}.Test|Any CPU.Build.0 = Debug|Any CPU
		{D8F9EB78-8CF7-4A87-9B6C-80E795B262F5}.Test|x64.ActiveCfg = Debug|x64
		{D8F9EB78-8CF7-4A87-9B6C-80E795B262F5}.Test|x64.Build.0 = Debug|x64
		{E5F32335-8E08-4C3F-AE51-2CD2214CCD08}.Debug|Any CPU.ActiveCfg = Debug|Any CPU
		{E5F32335-8E08-4C3F-AE51-2CD2214CCD08}.Debug|Any CPU.Build.0 = Debug|Any CPU
		{E5F32335-8E08-4C3F-AE51-2CD2214CCD08}.Debug|x64.ActiveCfg = Debug|x64
		{E5F32335-8E08-4C3F-AE51-2CD2214CCD08}.Debug|x64.Build.0 = Debug|x64
		{E5F32335-8E08-4C3F-AE51-2CD2214CCD08}.Release|Any CPU.ActiveCfg = Release|Any CPU
		{E5F32335-8E08-4C3F-AE51-2CD2214CCD08}.Release|Any CPU.Build.0 = Release|Any CPU
		{E5F32335-8E08-4C3F-AE51-2CD2214CCD08}.Release|x64.ActiveCfg = Release|x64
		{E5F32335-8E08-4C3F-AE51-2CD2214CCD08}.Release|x64.Build.0 = Release|x64
		{E5F32335-8E08-4C3F-AE51-2CD2214CCD08}.Test|Any CPU.ActiveCfg = Debug|Any CPU
		{E5F32335-8E08-4C3F-AE51-2CD2214CCD08}.Test|Any CPU.Build.0 = Debug|Any CPU
		{E5F32335-8E08-4C3F-AE51-2CD2214CCD08}.Test|x64.ActiveCfg = Debug|x64
		{E5F32335-8E08-4C3F-AE51-2CD2214CCD08}.Test|x64.Build.0 = Debug|x64
		{D2C41793-AB14-4174-86FF-60B18B74072E}.Debug|Any CPU.ActiveCfg = Debug|Any CPU
		{D2C41793-AB14-4174-86FF-60B18B74072E}.Debug|Any CPU.Build.0 = Debug|Any CPU
		{D2C41793-AB14-4174-86FF-60B18B74072E}.Debug|x64.ActiveCfg = Debug|x64
		{D2C41793-AB14-4174-86FF-60B18B74072E}.Debug|x64.Build.0 = Debug|x64
		{D2C41793-AB14-4174-86FF-60B18B74072E}.Release|Any CPU.ActiveCfg = Release|Any CPU
		{D2C41793-AB14-4174-86FF-60B18B74072E}.Release|Any CPU.Build.0 = Release|Any CPU
		{D2C41793-AB14-4174-86FF-60B18B74072E}.Release|x64.ActiveCfg = Release|x64
		{D2C41793-AB14-4174-86FF-60B18B74072E}.Release|x64.Build.0 = Release|x64
		{D2C41793-AB14-4174-86FF-60B18B74072E}.Test|Any CPU.ActiveCfg = Debug|Any CPU
		{D2C41793-AB14-4174-86FF-60B18B74072E}.Test|Any CPU.Build.0 = Debug|Any CPU
		{D2C41793-AB14-4174-86FF-60B18B74072E}.Test|x64.ActiveCfg = Debug|x64
		{D2C41793-AB14-4174-86FF-60B18B74072E}.Test|x64.Build.0 = Debug|x64
		{0E42CEF6-A32F-4080-B945-3E3ADA170A8E}.Debug|Any CPU.ActiveCfg = Debug|Any CPU
		{0E42CEF6-A32F-4080-B945-3E3ADA170A8E}.Debug|Any CPU.Build.0 = Debug|Any CPU
		{0E42CEF6-A32F-4080-B945-3E3ADA170A8E}.Debug|x64.ActiveCfg = Debug|x64
		{0E42CEF6-A32F-4080-B945-3E3ADA170A8E}.Debug|x64.Build.0 = Debug|x64
		{0E42CEF6-A32F-4080-B945-3E3ADA170A8E}.Release|Any CPU.ActiveCfg = Release|Any CPU
		{0E42CEF6-A32F-4080-B945-3E3ADA170A8E}.Release|Any CPU.Build.0 = Release|Any CPU
		{0E42CEF6-A32F-4080-B945-3E3ADA170A8E}.Release|x64.ActiveCfg = Release|x64
		{0E42CEF6-A32F-4080-B945-3E3ADA170A8E}.Release|x64.Build.0 = Release|x64
		{0E42CEF6-A32F-4080-B945-3E3ADA170A8E}.Test|Any CPU.ActiveCfg = Debug|Any CPU
		{0E42CEF6-A32F-4080-B945-3E3ADA170A8E}.Test|Any CPU.Build.0 = Debug|Any CPU
		{0E42CEF6-A32F-4080-B945-3E3ADA170A8E}.Test|x64.ActiveCfg = Debug|x64
		{0E42CEF6-A32F-4080-B945-3E3ADA170A8E}.Test|x64.Build.0 = Debug|x64
		{986D1E6A-A0A0-4865-985A-B5952641A1ED}.Debug|Any CPU.ActiveCfg = Debug|Any CPU
		{986D1E6A-A0A0-4865-985A-B5952641A1ED}.Debug|Any CPU.Build.0 = Debug|Any CPU
		{986D1E6A-A0A0-4865-985A-B5952641A1ED}.Debug|x64.ActiveCfg = Debug|x64
		{986D1E6A-A0A0-4865-985A-B5952641A1ED}.Debug|x64.Build.0 = Debug|x64
		{986D1E6A-A0A0-4865-985A-B5952641A1ED}.Release|Any CPU.ActiveCfg = Release|Any CPU
		{986D1E6A-A0A0-4865-985A-B5952641A1ED}.Release|Any CPU.Build.0 = Release|Any CPU
		{986D1E6A-A0A0-4865-985A-B5952641A1ED}.Release|x64.ActiveCfg = Release|x64
		{986D1E6A-A0A0-4865-985A-B5952641A1ED}.Release|x64.Build.0 = Release|x64
		{986D1E6A-A0A0-4865-985A-B5952641A1ED}.Test|Any CPU.ActiveCfg = Debug|Any CPU
		{986D1E6A-A0A0-4865-985A-B5952641A1ED}.Test|Any CPU.Build.0 = Debug|Any CPU
		{986D1E6A-A0A0-4865-985A-B5952641A1ED}.Test|x64.ActiveCfg = Debug|x64
		{986D1E6A-A0A0-4865-985A-B5952641A1ED}.Test|x64.Build.0 = Debug|x64
		{F80C2388-3630-4744-BA30-12AF840CB5A9}.Debug|Any CPU.ActiveCfg = Debug|Any CPU
		{F80C2388-3630-4744-BA30-12AF840CB5A9}.Debug|Any CPU.Build.0 = Debug|Any CPU
		{F80C2388-3630-4744-BA30-12AF840CB5A9}.Debug|x64.ActiveCfg = Debug|x64
		{F80C2388-3630-4744-BA30-12AF840CB5A9}.Debug|x64.Build.0 = Debug|x64
		{F80C2388-3630-4744-BA30-12AF840CB5A9}.Release|Any CPU.ActiveCfg = Release|Any CPU
		{F80C2388-3630-4744-BA30-12AF840CB5A9}.Release|Any CPU.Build.0 = Release|Any CPU
		{F80C2388-3630-4744-BA30-12AF840CB5A9}.Release|x64.ActiveCfg = Release|x64
		{F80C2388-3630-4744-BA30-12AF840CB5A9}.Release|x64.Build.0 = Release|x64
		{F80C2388-3630-4744-BA30-12AF840CB5A9}.Test|Any CPU.ActiveCfg = Debug|Any CPU
		{F80C2388-3630-4744-BA30-12AF840CB5A9}.Test|Any CPU.Build.0 = Debug|Any CPU
		{F80C2388-3630-4744-BA30-12AF840CB5A9}.Test|x64.ActiveCfg = Debug|x64
		{F80C2388-3630-4744-BA30-12AF840CB5A9}.Test|x64.Build.0 = Debug|x64
		{4D7B065A-4575-4D7E-90CF-2D9A38620553}.Debug|Any CPU.ActiveCfg = Debug|Any CPU
		{4D7B065A-4575-4D7E-90CF-2D9A38620553}.Debug|Any CPU.Build.0 = Debug|Any CPU
		{4D7B065A-4575-4D7E-90CF-2D9A38620553}.Debug|x64.ActiveCfg = Debug|x64
		{4D7B065A-4575-4D7E-90CF-2D9A38620553}.Debug|x64.Build.0 = Debug|x64
		{4D7B065A-4575-4D7E-90CF-2D9A38620553}.Release|Any CPU.ActiveCfg = Release|Any CPU
		{4D7B065A-4575-4D7E-90CF-2D9A38620553}.Release|Any CPU.Build.0 = Release|Any CPU
		{4D7B065A-4575-4D7E-90CF-2D9A38620553}.Release|x64.ActiveCfg = Release|x64
		{4D7B065A-4575-4D7E-90CF-2D9A38620553}.Release|x64.Build.0 = Release|x64
		{4D7B065A-4575-4D7E-90CF-2D9A38620553}.Test|Any CPU.ActiveCfg = Debug|Any CPU
		{4D7B065A-4575-4D7E-90CF-2D9A38620553}.Test|Any CPU.Build.0 = Debug|Any CPU
		{4D7B065A-4575-4D7E-90CF-2D9A38620553}.Test|x64.ActiveCfg = Debug|x64
		{4D7B065A-4575-4D7E-90CF-2D9A38620553}.Test|x64.Build.0 = Debug|x64
		{31641565-FC71-457D-AFA9-EC9445920844}.Debug|Any CPU.ActiveCfg = Debug|Any CPU
		{31641565-FC71-457D-AFA9-EC9445920844}.Debug|Any CPU.Build.0 = Debug|Any CPU
		{31641565-FC71-457D-AFA9-EC9445920844}.Debug|x64.ActiveCfg = Debug|x64
		{31641565-FC71-457D-AFA9-EC9445920844}.Debug|x64.Build.0 = Debug|x64
		{31641565-FC71-457D-AFA9-EC9445920844}.Release|Any CPU.ActiveCfg = Release|Any CPU
		{31641565-FC71-457D-AFA9-EC9445920844}.Release|Any CPU.Build.0 = Release|Any CPU
		{31641565-FC71-457D-AFA9-EC9445920844}.Release|x64.ActiveCfg = Release|x64
		{31641565-FC71-457D-AFA9-EC9445920844}.Release|x64.Build.0 = Release|x64
		{31641565-FC71-457D-AFA9-EC9445920844}.Test|Any CPU.ActiveCfg = Debug|Any CPU
		{31641565-FC71-457D-AFA9-EC9445920844}.Test|Any CPU.Build.0 = Debug|Any CPU
		{31641565-FC71-457D-AFA9-EC9445920844}.Test|x64.ActiveCfg = Debug|x64
		{31641565-FC71-457D-AFA9-EC9445920844}.Test|x64.Build.0 = Debug|x64
		{FF5E4A8C-3AB3-4C10-9BD2-F149F3CBAA3D}.Debug|Any CPU.ActiveCfg = Debug|Any CPU
		{FF5E4A8C-3AB3-4C10-9BD2-F149F3CBAA3D}.Debug|Any CPU.Build.0 = Debug|Any CPU
		{FF5E4A8C-3AB3-4C10-9BD2-F149F3CBAA3D}.Debug|x64.ActiveCfg = Debug|x64
		{FF5E4A8C-3AB3-4C10-9BD2-F149F3CBAA3D}.Debug|x64.Build.0 = Debug|x64
		{FF5E4A8C-3AB3-4C10-9BD2-F149F3CBAA3D}.Release|Any CPU.ActiveCfg = Release|Any CPU
		{FF5E4A8C-3AB3-4C10-9BD2-F149F3CBAA3D}.Release|Any CPU.Build.0 = Release|Any CPU
		{FF5E4A8C-3AB3-4C10-9BD2-F149F3CBAA3D}.Release|x64.ActiveCfg = Release|x64
		{FF5E4A8C-3AB3-4C10-9BD2-F149F3CBAA3D}.Release|x64.Build.0 = Release|x64
		{FF5E4A8C-3AB3-4C10-9BD2-F149F3CBAA3D}.Test|Any CPU.ActiveCfg = Debug|Any CPU
		{FF5E4A8C-3AB3-4C10-9BD2-F149F3CBAA3D}.Test|Any CPU.Build.0 = Debug|Any CPU
		{FF5E4A8C-3AB3-4C10-9BD2-F149F3CBAA3D}.Test|x64.ActiveCfg = Debug|x64
		{FF5E4A8C-3AB3-4C10-9BD2-F149F3CBAA3D}.Test|x64.Build.0 = Debug|x64
		{95432CA8-0275-4255-BAF6-4D6349735E9A}.Debug|Any CPU.ActiveCfg = Debug|Any CPU
		{95432CA8-0275-4255-BAF6-4D6349735E9A}.Debug|Any CPU.Build.0 = Debug|Any CPU
		{95432CA8-0275-4255-BAF6-4D6349735E9A}.Debug|x64.ActiveCfg = Debug|x64
		{95432CA8-0275-4255-BAF6-4D6349735E9A}.Debug|x64.Build.0 = Debug|x64
		{95432CA8-0275-4255-BAF6-4D6349735E9A}.Release|Any CPU.ActiveCfg = Release|Any CPU
		{95432CA8-0275-4255-BAF6-4D6349735E9A}.Release|Any CPU.Build.0 = Release|Any CPU
		{95432CA8-0275-4255-BAF6-4D6349735E9A}.Release|x64.ActiveCfg = Release|x64
		{95432CA8-0275-4255-BAF6-4D6349735E9A}.Release|x64.Build.0 = Release|x64
		{95432CA8-0275-4255-BAF6-4D6349735E9A}.Test|Any CPU.ActiveCfg = Debug|Any CPU
		{95432CA8-0275-4255-BAF6-4D6349735E9A}.Test|Any CPU.Build.0 = Debug|Any CPU
		{95432CA8-0275-4255-BAF6-4D6349735E9A}.Test|x64.ActiveCfg = Debug|x64
		{95432CA8-0275-4255-BAF6-4D6349735E9A}.Test|x64.Build.0 = Debug|x64
		{D74CAB7F-5AC4-4588-A791-F9B66B76BCAB}.Debug|Any CPU.ActiveCfg = Debug|Any CPU
		{D74CAB7F-5AC4-4588-A791-F9B66B76BCAB}.Debug|Any CPU.Build.0 = Debug|Any CPU
		{D74CAB7F-5AC4-4588-A791-F9B66B76BCAB}.Debug|x64.ActiveCfg = Debug|x64
		{D74CAB7F-5AC4-4588-A791-F9B66B76BCAB}.Debug|x64.Build.0 = Debug|x64
		{D74CAB7F-5AC4-4588-A791-F9B66B76BCAB}.Release|Any CPU.ActiveCfg = Release|Any CPU
		{D74CAB7F-5AC4-4588-A791-F9B66B76BCAB}.Release|Any CPU.Build.0 = Release|Any CPU
		{D74CAB7F-5AC4-4588-A791-F9B66B76BCAB}.Release|x64.ActiveCfg = Release|x64
		{D74CAB7F-5AC4-4588-A791-F9B66B76BCAB}.Release|x64.Build.0 = Release|x64
		{D74CAB7F-5AC4-4588-A791-F9B66B76BCAB}.Test|Any CPU.ActiveCfg = Debug|Any CPU
		{D74CAB7F-5AC4-4588-A791-F9B66B76BCAB}.Test|Any CPU.Build.0 = Debug|Any CPU
		{D74CAB7F-5AC4-4588-A791-F9B66B76BCAB}.Test|x64.ActiveCfg = Debug|x64
		{D74CAB7F-5AC4-4588-A791-F9B66B76BCAB}.Test|x64.Build.0 = Debug|x64
		{D5B1B0D5-91D7-44AD-84BD-5FCD8211ED0E}.Debug|Any CPU.ActiveCfg = Debug|Any CPU
		{D5B1B0D5-91D7-44AD-84BD-5FCD8211ED0E}.Debug|Any CPU.Build.0 = Debug|Any CPU
		{D5B1B0D5-91D7-44AD-84BD-5FCD8211ED0E}.Debug|x64.ActiveCfg = Debug|x64
		{D5B1B0D5-91D7-44AD-84BD-5FCD8211ED0E}.Debug|x64.Build.0 = Debug|x64
		{D5B1B0D5-91D7-44AD-84BD-5FCD8211ED0E}.Release|Any CPU.ActiveCfg = Release|Any CPU
		{D5B1B0D5-91D7-44AD-84BD-5FCD8211ED0E}.Release|Any CPU.Build.0 = Release|Any CPU
		{D5B1B0D5-91D7-44AD-84BD-5FCD8211ED0E}.Release|x64.ActiveCfg = Release|x64
		{D5B1B0D5-91D7-44AD-84BD-5FCD8211ED0E}.Release|x64.Build.0 = Release|x64
		{D5B1B0D5-91D7-44AD-84BD-5FCD8211ED0E}.Test|Any CPU.ActiveCfg = Debug|Any CPU
		{D5B1B0D5-91D7-44AD-84BD-5FCD8211ED0E}.Test|Any CPU.Build.0 = Debug|Any CPU
		{D5B1B0D5-91D7-44AD-84BD-5FCD8211ED0E}.Test|x64.ActiveCfg = Debug|x64
		{D5B1B0D5-91D7-44AD-84BD-5FCD8211ED0E}.Test|x64.Build.0 = Debug|x64
		{E0695CFB-5BD8-4DB6-868C-83BD7CD4EA4D}.Debug|Any CPU.ActiveCfg = Debug|Any CPU
		{E0695CFB-5BD8-4DB6-868C-83BD7CD4EA4D}.Debug|Any CPU.Build.0 = Debug|Any CPU
		{E0695CFB-5BD8-4DB6-868C-83BD7CD4EA4D}.Debug|x64.ActiveCfg = Debug|x64
		{E0695CFB-5BD8-4DB6-868C-83BD7CD4EA4D}.Debug|x64.Build.0 = Debug|x64
		{E0695CFB-5BD8-4DB6-868C-83BD7CD4EA4D}.Release|Any CPU.ActiveCfg = Release|Any CPU
		{E0695CFB-5BD8-4DB6-868C-83BD7CD4EA4D}.Release|Any CPU.Build.0 = Release|Any CPU
		{E0695CFB-5BD8-4DB6-868C-83BD7CD4EA4D}.Release|x64.ActiveCfg = Release|x64
		{E0695CFB-5BD8-4DB6-868C-83BD7CD4EA4D}.Release|x64.Build.0 = Release|x64
		{E0695CFB-5BD8-4DB6-868C-83BD7CD4EA4D}.Test|Any CPU.ActiveCfg = Debug|Any CPU
		{E0695CFB-5BD8-4DB6-868C-83BD7CD4EA4D}.Test|Any CPU.Build.0 = Debug|Any CPU
		{E0695CFB-5BD8-4DB6-868C-83BD7CD4EA4D}.Test|x64.ActiveCfg = Debug|x64
		{E0695CFB-5BD8-4DB6-868C-83BD7CD4EA4D}.Test|x64.Build.0 = Debug|x64
		{795CB33C-1DFB-48DA-BCAE-01DEBDECB22C}.Debug|Any CPU.ActiveCfg = Debug|Any CPU
		{795CB33C-1DFB-48DA-BCAE-01DEBDECB22C}.Debug|Any CPU.Build.0 = Debug|Any CPU
		{795CB33C-1DFB-48DA-BCAE-01DEBDECB22C}.Debug|x64.ActiveCfg = Debug|x64
		{795CB33C-1DFB-48DA-BCAE-01DEBDECB22C}.Debug|x64.Build.0 = Debug|x64
		{795CB33C-1DFB-48DA-BCAE-01DEBDECB22C}.Release|Any CPU.ActiveCfg = Release|Any CPU
		{795CB33C-1DFB-48DA-BCAE-01DEBDECB22C}.Release|Any CPU.Build.0 = Release|Any CPU
		{795CB33C-1DFB-48DA-BCAE-01DEBDECB22C}.Release|x64.ActiveCfg = Release|x64
		{795CB33C-1DFB-48DA-BCAE-01DEBDECB22C}.Release|x64.Build.0 = Release|x64
		{795CB33C-1DFB-48DA-BCAE-01DEBDECB22C}.Test|Any CPU.ActiveCfg = Debug|Any CPU
		{795CB33C-1DFB-48DA-BCAE-01DEBDECB22C}.Test|Any CPU.Build.0 = Debug|Any CPU
		{795CB33C-1DFB-48DA-BCAE-01DEBDECB22C}.Test|x64.ActiveCfg = Debug|x64
		{795CB33C-1DFB-48DA-BCAE-01DEBDECB22C}.Test|x64.Build.0 = Debug|x64
		{68A76D2E-9AE8-4701-8ACE-E061E10E70A5}.Debug|Any CPU.ActiveCfg = Debug|Any CPU
		{68A76D2E-9AE8-4701-8ACE-E061E10E70A5}.Debug|Any CPU.Build.0 = Debug|Any CPU
		{68A76D2E-9AE8-4701-8ACE-E061E10E70A5}.Debug|x64.ActiveCfg = Debug|x64
		{68A76D2E-9AE8-4701-8ACE-E061E10E70A5}.Debug|x64.Build.0 = Debug|x64
		{68A76D2E-9AE8-4701-8ACE-E061E10E70A5}.Release|Any CPU.ActiveCfg = Release|Any CPU
		{68A76D2E-9AE8-4701-8ACE-E061E10E70A5}.Release|Any CPU.Build.0 = Release|Any CPU
		{68A76D2E-9AE8-4701-8ACE-E061E10E70A5}.Release|x64.ActiveCfg = Release|x64
		{68A76D2E-9AE8-4701-8ACE-E061E10E70A5}.Release|x64.Build.0 = Release|x64
		{68A76D2E-9AE8-4701-8ACE-E061E10E70A5}.Test|Any CPU.ActiveCfg = Debug|Any CPU
		{68A76D2E-9AE8-4701-8ACE-E061E10E70A5}.Test|Any CPU.Build.0 = Debug|Any CPU
		{68A76D2E-9AE8-4701-8ACE-E061E10E70A5}.Test|x64.ActiveCfg = Debug|x64
		{68A76D2E-9AE8-4701-8ACE-E061E10E70A5}.Test|x64.Build.0 = Debug|x64
		{1CEEB9F4-FE94-4BCE-A743-DA8AEFCA9465}.Debug|Any CPU.ActiveCfg = Debug|Any CPU
		{1CEEB9F4-FE94-4BCE-A743-DA8AEFCA9465}.Debug|Any CPU.Build.0 = Debug|Any CPU
		{1CEEB9F4-FE94-4BCE-A743-DA8AEFCA9465}.Debug|x64.ActiveCfg = Debug|x64
		{1CEEB9F4-FE94-4BCE-A743-DA8AEFCA9465}.Debug|x64.Build.0 = Debug|x64
		{1CEEB9F4-FE94-4BCE-A743-DA8AEFCA9465}.Release|Any CPU.ActiveCfg = Release|Any CPU
		{1CEEB9F4-FE94-4BCE-A743-DA8AEFCA9465}.Release|Any CPU.Build.0 = Release|Any CPU
		{1CEEB9F4-FE94-4BCE-A743-DA8AEFCA9465}.Release|x64.ActiveCfg = Release|x64
		{1CEEB9F4-FE94-4BCE-A743-DA8AEFCA9465}.Release|x64.Build.0 = Release|x64
		{1CEEB9F4-FE94-4BCE-A743-DA8AEFCA9465}.Test|Any CPU.ActiveCfg = Debug|Any CPU
		{1CEEB9F4-FE94-4BCE-A743-DA8AEFCA9465}.Test|Any CPU.Build.0 = Debug|Any CPU
		{1CEEB9F4-FE94-4BCE-A743-DA8AEFCA9465}.Test|x64.ActiveCfg = Debug|x64
		{1CEEB9F4-FE94-4BCE-A743-DA8AEFCA9465}.Test|x64.Build.0 = Debug|x64
		{53DD468B-B23D-4A4E-83AC-1A0F01D0AFA6}.Debug|Any CPU.ActiveCfg = Debug|Any CPU
		{53DD468B-B23D-4A4E-83AC-1A0F01D0AFA6}.Debug|Any CPU.Build.0 = Debug|Any CPU
		{53DD468B-B23D-4A4E-83AC-1A0F01D0AFA6}.Debug|x64.ActiveCfg = Debug|x64
		{53DD468B-B23D-4A4E-83AC-1A0F01D0AFA6}.Debug|x64.Build.0 = Debug|x64
		{53DD468B-B23D-4A4E-83AC-1A0F01D0AFA6}.Release|Any CPU.ActiveCfg = Release|Any CPU
		{53DD468B-B23D-4A4E-83AC-1A0F01D0AFA6}.Release|Any CPU.Build.0 = Release|Any CPU
		{53DD468B-B23D-4A4E-83AC-1A0F01D0AFA6}.Release|x64.ActiveCfg = Release|x64
		{53DD468B-B23D-4A4E-83AC-1A0F01D0AFA6}.Release|x64.Build.0 = Release|x64
		{53DD468B-B23D-4A4E-83AC-1A0F01D0AFA6}.Test|Any CPU.ActiveCfg = Debug|Any CPU
		{53DD468B-B23D-4A4E-83AC-1A0F01D0AFA6}.Test|Any CPU.Build.0 = Debug|Any CPU
		{53DD468B-B23D-4A4E-83AC-1A0F01D0AFA6}.Test|x64.ActiveCfg = Debug|x64
		{53DD468B-B23D-4A4E-83AC-1A0F01D0AFA6}.Test|x64.Build.0 = Debug|x64
		{7795AB1B-0DFC-464C-BA11-3B10B2B101E5}.Debug|Any CPU.ActiveCfg = Debug|Any CPU
		{7795AB1B-0DFC-464C-BA11-3B10B2B101E5}.Debug|Any CPU.Build.0 = Debug|Any CPU
		{7795AB1B-0DFC-464C-BA11-3B10B2B101E5}.Debug|x64.ActiveCfg = Debug|x64
		{7795AB1B-0DFC-464C-BA11-3B10B2B101E5}.Debug|x64.Build.0 = Debug|x64
		{7795AB1B-0DFC-464C-BA11-3B10B2B101E5}.Release|Any CPU.ActiveCfg = Release|Any CPU
		{7795AB1B-0DFC-464C-BA11-3B10B2B101E5}.Release|Any CPU.Build.0 = Release|Any CPU
		{7795AB1B-0DFC-464C-BA11-3B10B2B101E5}.Release|x64.ActiveCfg = Release|x64
		{7795AB1B-0DFC-464C-BA11-3B10B2B101E5}.Release|x64.Build.0 = Release|x64
		{7795AB1B-0DFC-464C-BA11-3B10B2B101E5}.Test|Any CPU.ActiveCfg = Debug|Any CPU
		{7795AB1B-0DFC-464C-BA11-3B10B2B101E5}.Test|Any CPU.Build.0 = Debug|Any CPU
		{7795AB1B-0DFC-464C-BA11-3B10B2B101E5}.Test|x64.ActiveCfg = Debug|x64
		{7795AB1B-0DFC-464C-BA11-3B10B2B101E5}.Test|x64.Build.0 = Debug|x64
		{B335165B-0AC5-4FDB-94DC-A7FD125FF5C0}.Debug|Any CPU.ActiveCfg = Debug|Any CPU
		{B335165B-0AC5-4FDB-94DC-A7FD125FF5C0}.Debug|Any CPU.Build.0 = Debug|Any CPU
		{B335165B-0AC5-4FDB-94DC-A7FD125FF5C0}.Debug|x64.ActiveCfg = Debug|x64
		{B335165B-0AC5-4FDB-94DC-A7FD125FF5C0}.Debug|x64.Build.0 = Debug|x64
		{B335165B-0AC5-4FDB-94DC-A7FD125FF5C0}.Release|Any CPU.ActiveCfg = Release|Any CPU
		{B335165B-0AC5-4FDB-94DC-A7FD125FF5C0}.Release|Any CPU.Build.0 = Release|Any CPU
		{B335165B-0AC5-4FDB-94DC-A7FD125FF5C0}.Release|x64.ActiveCfg = Release|x64
		{B335165B-0AC5-4FDB-94DC-A7FD125FF5C0}.Release|x64.Build.0 = Release|x64
		{B335165B-0AC5-4FDB-94DC-A7FD125FF5C0}.Test|Any CPU.ActiveCfg = Debug|Any CPU
		{B335165B-0AC5-4FDB-94DC-A7FD125FF5C0}.Test|Any CPU.Build.0 = Debug|Any CPU
		{B335165B-0AC5-4FDB-94DC-A7FD125FF5C0}.Test|x64.ActiveCfg = Debug|x64
		{B335165B-0AC5-4FDB-94DC-A7FD125FF5C0}.Test|x64.Build.0 = Debug|x64
		{65C12BD0-22DA-4797-8370-1F336D523815}.Debug|Any CPU.ActiveCfg = Debug|Any CPU
		{65C12BD0-22DA-4797-8370-1F336D523815}.Debug|Any CPU.Build.0 = Debug|Any CPU
		{65C12BD0-22DA-4797-8370-1F336D523815}.Debug|x64.ActiveCfg = Debug|x64
		{65C12BD0-22DA-4797-8370-1F336D523815}.Debug|x64.Build.0 = Debug|x64
		{65C12BD0-22DA-4797-8370-1F336D523815}.Release|Any CPU.ActiveCfg = Release|Any CPU
		{65C12BD0-22DA-4797-8370-1F336D523815}.Release|Any CPU.Build.0 = Release|Any CPU
		{65C12BD0-22DA-4797-8370-1F336D523815}.Release|x64.ActiveCfg = Release|x64
		{65C12BD0-22DA-4797-8370-1F336D523815}.Release|x64.Build.0 = Release|x64
		{65C12BD0-22DA-4797-8370-1F336D523815}.Test|Any CPU.ActiveCfg = Debug|Any CPU
		{65C12BD0-22DA-4797-8370-1F336D523815}.Test|Any CPU.Build.0 = Debug|Any CPU
		{65C12BD0-22DA-4797-8370-1F336D523815}.Test|x64.ActiveCfg = Debug|x64
		{65C12BD0-22DA-4797-8370-1F336D523815}.Test|x64.Build.0 = Debug|x64
		{BB251A08-43DD-4BEB-A02B-1BF56852B7A3}.Debug|Any CPU.ActiveCfg = Debug|Any CPU
		{BB251A08-43DD-4BEB-A02B-1BF56852B7A3}.Debug|Any CPU.Build.0 = Debug|Any CPU
		{BB251A08-43DD-4BEB-A02B-1BF56852B7A3}.Debug|x64.ActiveCfg = Debug|x64
		{BB251A08-43DD-4BEB-A02B-1BF56852B7A3}.Debug|x64.Build.0 = Debug|x64
		{BB251A08-43DD-4BEB-A02B-1BF56852B7A3}.Release|Any CPU.ActiveCfg = Release|Any CPU
		{BB251A08-43DD-4BEB-A02B-1BF56852B7A3}.Release|Any CPU.Build.0 = Release|Any CPU
		{BB251A08-43DD-4BEB-A02B-1BF56852B7A3}.Release|x64.ActiveCfg = Release|x64
		{BB251A08-43DD-4BEB-A02B-1BF56852B7A3}.Release|x64.Build.0 = Release|x64
		{BB251A08-43DD-4BEB-A02B-1BF56852B7A3}.Test|Any CPU.ActiveCfg = Debug|Any CPU
		{BB251A08-43DD-4BEB-A02B-1BF56852B7A3}.Test|Any CPU.Build.0 = Debug|Any CPU
		{BB251A08-43DD-4BEB-A02B-1BF56852B7A3}.Test|x64.ActiveCfg = Debug|x64
		{BB251A08-43DD-4BEB-A02B-1BF56852B7A3}.Test|x64.Build.0 = Debug|x64
		{48420244-F898-4E84-B6A1-BE8B362B07BF}.Debug|Any CPU.ActiveCfg = Debug|Any CPU
		{48420244-F898-4E84-B6A1-BE8B362B07BF}.Debug|Any CPU.Build.0 = Debug|Any CPU
		{48420244-F898-4E84-B6A1-BE8B362B07BF}.Debug|x64.ActiveCfg = Debug|x64
		{48420244-F898-4E84-B6A1-BE8B362B07BF}.Debug|x64.Build.0 = Debug|x64
		{48420244-F898-4E84-B6A1-BE8B362B07BF}.Release|Any CPU.ActiveCfg = Release|Any CPU
		{48420244-F898-4E84-B6A1-BE8B362B07BF}.Release|Any CPU.Build.0 = Release|Any CPU
		{48420244-F898-4E84-B6A1-BE8B362B07BF}.Release|x64.ActiveCfg = Release|x64
		{48420244-F898-4E84-B6A1-BE8B362B07BF}.Release|x64.Build.0 = Release|x64
		{48420244-F898-4E84-B6A1-BE8B362B07BF}.Test|Any CPU.ActiveCfg = Debug|Any CPU
		{48420244-F898-4E84-B6A1-BE8B362B07BF}.Test|Any CPU.Build.0 = Debug|Any CPU
		{48420244-F898-4E84-B6A1-BE8B362B07BF}.Test|x64.ActiveCfg = Debug|x64
		{48420244-F898-4E84-B6A1-BE8B362B07BF}.Test|x64.Build.0 = Debug|x64
		{AEA5CAFD-8FE5-460F-94EF-18932C7DC0D4}.Debug|Any CPU.ActiveCfg = Debug|Any CPU
		{AEA5CAFD-8FE5-460F-94EF-18932C7DC0D4}.Debug|Any CPU.Build.0 = Debug|Any CPU
		{AEA5CAFD-8FE5-460F-94EF-18932C7DC0D4}.Debug|x64.ActiveCfg = Debug|x64
		{AEA5CAFD-8FE5-460F-94EF-18932C7DC0D4}.Debug|x64.Build.0 = Debug|x64
		{AEA5CAFD-8FE5-460F-94EF-18932C7DC0D4}.Release|Any CPU.ActiveCfg = Release|Any CPU
		{AEA5CAFD-8FE5-460F-94EF-18932C7DC0D4}.Release|Any CPU.Build.0 = Release|Any CPU
		{AEA5CAFD-8FE5-460F-94EF-18932C7DC0D4}.Release|x64.ActiveCfg = Release|x64
		{AEA5CAFD-8FE5-460F-94EF-18932C7DC0D4}.Release|x64.Build.0 = Release|x64
		{AEA5CAFD-8FE5-460F-94EF-18932C7DC0D4}.Test|Any CPU.ActiveCfg = Debug|Any CPU
		{AEA5CAFD-8FE5-460F-94EF-18932C7DC0D4}.Test|Any CPU.Build.0 = Debug|Any CPU
		{AEA5CAFD-8FE5-460F-94EF-18932C7DC0D4}.Test|x64.ActiveCfg = Debug|x64
		{AEA5CAFD-8FE5-460F-94EF-18932C7DC0D4}.Test|x64.Build.0 = Debug|x64
		{5911B46B-FE80-4564-9703-8E9B36FBFCDA}.Debug|Any CPU.ActiveCfg = Debug|Any CPU
		{5911B46B-FE80-4564-9703-8E9B36FBFCDA}.Debug|Any CPU.Build.0 = Debug|Any CPU
		{5911B46B-FE80-4564-9703-8E9B36FBFCDA}.Debug|x64.ActiveCfg = Debug|x64
		{5911B46B-FE80-4564-9703-8E9B36FBFCDA}.Debug|x64.Build.0 = Debug|x64
		{5911B46B-FE80-4564-9703-8E9B36FBFCDA}.Release|Any CPU.ActiveCfg = Release|Any CPU
		{5911B46B-FE80-4564-9703-8E9B36FBFCDA}.Release|Any CPU.Build.0 = Release|Any CPU
		{5911B46B-FE80-4564-9703-8E9B36FBFCDA}.Release|x64.ActiveCfg = Release|x64
		{5911B46B-FE80-4564-9703-8E9B36FBFCDA}.Release|x64.Build.0 = Release|x64
		{5911B46B-FE80-4564-9703-8E9B36FBFCDA}.Test|Any CPU.ActiveCfg = Debug|Any CPU
		{5911B46B-FE80-4564-9703-8E9B36FBFCDA}.Test|Any CPU.Build.0 = Debug|Any CPU
		{5911B46B-FE80-4564-9703-8E9B36FBFCDA}.Test|x64.ActiveCfg = Debug|x64
		{5911B46B-FE80-4564-9703-8E9B36FBFCDA}.Test|x64.Build.0 = Debug|x64
		{54EC1467-2B45-481A-8243-E6115943320F}.Debug|Any CPU.ActiveCfg = Debug|Any CPU
		{54EC1467-2B45-481A-8243-E6115943320F}.Debug|Any CPU.Build.0 = Debug|Any CPU
		{54EC1467-2B45-481A-8243-E6115943320F}.Debug|x64.ActiveCfg = Debug|x64
		{54EC1467-2B45-481A-8243-E6115943320F}.Debug|x64.Build.0 = Debug|x64
		{54EC1467-2B45-481A-8243-E6115943320F}.Release|Any CPU.ActiveCfg = Release|Any CPU
		{54EC1467-2B45-481A-8243-E6115943320F}.Release|Any CPU.Build.0 = Release|Any CPU
		{54EC1467-2B45-481A-8243-E6115943320F}.Release|x64.ActiveCfg = Release|x64
		{54EC1467-2B45-481A-8243-E6115943320F}.Release|x64.Build.0 = Release|x64
		{54EC1467-2B45-481A-8243-E6115943320F}.Test|Any CPU.ActiveCfg = Debug|Any CPU
		{54EC1467-2B45-481A-8243-E6115943320F}.Test|Any CPU.Build.0 = Debug|Any CPU
		{54EC1467-2B45-481A-8243-E6115943320F}.Test|x64.ActiveCfg = Debug|x64
		{54EC1467-2B45-481A-8243-E6115943320F}.Test|x64.Build.0 = Debug|x64
		{88C9E49C-8296-4650-ADA0-9BB368A5D42E}.Debug|Any CPU.ActiveCfg = Debug|Any CPU
		{88C9E49C-8296-4650-ADA0-9BB368A5D42E}.Debug|Any CPU.Build.0 = Debug|Any CPU
		{88C9E49C-8296-4650-ADA0-9BB368A5D42E}.Debug|x64.ActiveCfg = Debug|x64
		{88C9E49C-8296-4650-ADA0-9BB368A5D42E}.Debug|x64.Build.0 = Debug|x64
		{88C9E49C-8296-4650-ADA0-9BB368A5D42E}.Release|Any CPU.ActiveCfg = Release|Any CPU
		{88C9E49C-8296-4650-ADA0-9BB368A5D42E}.Release|Any CPU.Build.0 = Release|Any CPU
		{88C9E49C-8296-4650-ADA0-9BB368A5D42E}.Release|x64.ActiveCfg = Release|x64
		{88C9E49C-8296-4650-ADA0-9BB368A5D42E}.Release|x64.Build.0 = Release|x64
		{88C9E49C-8296-4650-ADA0-9BB368A5D42E}.Test|Any CPU.ActiveCfg = Debug|Any CPU
		{88C9E49C-8296-4650-ADA0-9BB368A5D42E}.Test|Any CPU.Build.0 = Debug|Any CPU
		{88C9E49C-8296-4650-ADA0-9BB368A5D42E}.Test|x64.ActiveCfg = Debug|x64
		{88C9E49C-8296-4650-ADA0-9BB368A5D42E}.Test|x64.Build.0 = Debug|x64
		{FC3C2631-B2CD-4254-AF6A-27F138B6D4D5}.Debug|Any CPU.ActiveCfg = Debug|Any CPU
		{FC3C2631-B2CD-4254-AF6A-27F138B6D4D5}.Debug|Any CPU.Build.0 = Debug|Any CPU
		{FC3C2631-B2CD-4254-AF6A-27F138B6D4D5}.Debug|x64.ActiveCfg = Debug|x64
		{FC3C2631-B2CD-4254-AF6A-27F138B6D4D5}.Debug|x64.Build.0 = Debug|x64
		{FC3C2631-B2CD-4254-AF6A-27F138B6D4D5}.Release|Any CPU.ActiveCfg = Release|Any CPU
		{FC3C2631-B2CD-4254-AF6A-27F138B6D4D5}.Release|Any CPU.Build.0 = Release|Any CPU
		{FC3C2631-B2CD-4254-AF6A-27F138B6D4D5}.Release|x64.ActiveCfg = Release|x64
		{FC3C2631-B2CD-4254-AF6A-27F138B6D4D5}.Release|x64.Build.0 = Release|x64
		{FC3C2631-B2CD-4254-AF6A-27F138B6D4D5}.Test|Any CPU.ActiveCfg = Debug|Any CPU
		{FC3C2631-B2CD-4254-AF6A-27F138B6D4D5}.Test|Any CPU.Build.0 = Debug|Any CPU
		{FC3C2631-B2CD-4254-AF6A-27F138B6D4D5}.Test|x64.ActiveCfg = Debug|x64
		{FC3C2631-B2CD-4254-AF6A-27F138B6D4D5}.Test|x64.Build.0 = Debug|x64
		{DBB51010-767E-4B7F-A17B-FE7E856E7C9C}.Debug|Any CPU.ActiveCfg = Debug|Any CPU
		{DBB51010-767E-4B7F-A17B-FE7E856E7C9C}.Debug|Any CPU.Build.0 = Debug|Any CPU
		{DBB51010-767E-4B7F-A17B-FE7E856E7C9C}.Debug|x64.ActiveCfg = Debug|x64
		{DBB51010-767E-4B7F-A17B-FE7E856E7C9C}.Debug|x64.Build.0 = Debug|x64
		{DBB51010-767E-4B7F-A17B-FE7E856E7C9C}.Release|Any CPU.ActiveCfg = Release|Any CPU
		{DBB51010-767E-4B7F-A17B-FE7E856E7C9C}.Release|Any CPU.Build.0 = Release|Any CPU
		{DBB51010-767E-4B7F-A17B-FE7E856E7C9C}.Release|x64.ActiveCfg = Release|x64
		{DBB51010-767E-4B7F-A17B-FE7E856E7C9C}.Release|x64.Build.0 = Release|x64
		{DBB51010-767E-4B7F-A17B-FE7E856E7C9C}.Test|Any CPU.ActiveCfg = Debug|Any CPU
		{DBB51010-767E-4B7F-A17B-FE7E856E7C9C}.Test|Any CPU.Build.0 = Debug|Any CPU
		{DBB51010-767E-4B7F-A17B-FE7E856E7C9C}.Test|x64.ActiveCfg = Debug|x64
		{DBB51010-767E-4B7F-A17B-FE7E856E7C9C}.Test|x64.Build.0 = Debug|x64
		{ED9E3E5A-DBBC-4611-AFA7-628D64BD10A7}.Debug|Any CPU.ActiveCfg = Debug|Any CPU
		{ED9E3E5A-DBBC-4611-AFA7-628D64BD10A7}.Debug|Any CPU.Build.0 = Debug|Any CPU
		{ED9E3E5A-DBBC-4611-AFA7-628D64BD10A7}.Debug|x64.ActiveCfg = Debug|x64
		{ED9E3E5A-DBBC-4611-AFA7-628D64BD10A7}.Debug|x64.Build.0 = Debug|x64
		{ED9E3E5A-DBBC-4611-AFA7-628D64BD10A7}.Release|Any CPU.ActiveCfg = Release|Any CPU
		{ED9E3E5A-DBBC-4611-AFA7-628D64BD10A7}.Release|Any CPU.Build.0 = Release|Any CPU
		{ED9E3E5A-DBBC-4611-AFA7-628D64BD10A7}.Release|x64.ActiveCfg = Release|x64
		{ED9E3E5A-DBBC-4611-AFA7-628D64BD10A7}.Release|x64.Build.0 = Release|x64
		{ED9E3E5A-DBBC-4611-AFA7-628D64BD10A7}.Test|Any CPU.ActiveCfg = Debug|Any CPU
		{ED9E3E5A-DBBC-4611-AFA7-628D64BD10A7}.Test|Any CPU.Build.0 = Debug|Any CPU
		{ED9E3E5A-DBBC-4611-AFA7-628D64BD10A7}.Test|x64.ActiveCfg = Debug|x64
		{ED9E3E5A-DBBC-4611-AFA7-628D64BD10A7}.Test|x64.Build.0 = Debug|x64
	EndGlobalSection
	GlobalSection(SolutionProperties) = preSolution
		HideSolutionNode = FALSE
	EndGlobalSection
	GlobalSection(NestedProjects) = preSolution
		{AA1CB27F-CB15-4C9E-A805-FDB2F8C9A686} = {178E8BCF-EB5F-47AD-A8E9-9AB2327675D8}
		{0EE1EBB6-D05F-43FA-A554-245170009969} = {34C37C2D-5715-4F5F-851A-71157F69F6FE}
		{48C7F55E-1A85-4368-8974-4CD654F963D8} = {34C37C2D-5715-4F5F-851A-71157F69F6FE}
		{547473F1-619A-4ECA-A388-073226A5071A} = {34C37C2D-5715-4F5F-851A-71157F69F6FE}
		{604A6C06-279D-4191-ACBA-1D96E0A122E7} = {34C37C2D-5715-4F5F-851A-71157F69F6FE}
		{E0F45753-0577-4BB6-BEF0-74CBA0E37D6D} = {34C37C2D-5715-4F5F-851A-71157F69F6FE}
		{C1725056-A0CE-4554-AD69-8F63C51818A3} = {34C37C2D-5715-4F5F-851A-71157F69F6FE}
		{9E22F903-BF5F-41AB-9AD7-4747430C1968} = {34C37C2D-5715-4F5F-851A-71157F69F6FE}
		{9B4734D2-E1DD-4CDA-BAD6-6E14BF2F6DD6} = {34C37C2D-5715-4F5F-851A-71157F69F6FE}
		{F6677625-33E2-4C9A-9219-F5956B08F210} = {34C37C2D-5715-4F5F-851A-71157F69F6FE}
		{764C55CC-49F7-4E72-9D23-BA8D965BF0AC} = {34C37C2D-5715-4F5F-851A-71157F69F6FE}
		{7C4F48DD-0510-4716-985D-1B61DDCBE716} = {34C37C2D-5715-4F5F-851A-71157F69F6FE}
		{2F77C4BC-CE9B-4ECD-970E-20F8BE0F0F23} = {34C37C2D-5715-4F5F-851A-71157F69F6FE}
		{BA015F5D-95BA-43E8-9EE7-E68B5006EC9E} = {34C37C2D-5715-4F5F-851A-71157F69F6FE}
		{8CC49493-1705-41A7-88AE-7F121AEC0A0C} = {34C37C2D-5715-4F5F-851A-71157F69F6FE}
		{F4F52CB8-EBAC-4B0C-94B2-6400EA84A669} = {34C37C2D-5715-4F5F-851A-71157F69F6FE}
		{0C6F5064-5CEF-429E-ACD8-5757E09FAD38} = {34C37C2D-5715-4F5F-851A-71157F69F6FE}
		{339D2C7F-4DB6-464B-AA50-EC0C76963AC9} = {34C37C2D-5715-4F5F-851A-71157F69F6FE}
		{B2E158DD-2534-4C2B-A5F8-66F6B000CA70} = {34C37C2D-5715-4F5F-851A-71157F69F6FE}
		{DDD6DF30-A9C5-4AE8-9B6D-4CE343CED7E4} = {34C37C2D-5715-4F5F-851A-71157F69F6FE}
		{CA2A7C8F-516F-4F2A-9E06-D631ECBA6171} = {34C37C2D-5715-4F5F-851A-71157F69F6FE}
		{8A0B3CE7-C28D-4702-BEF6-C47E97D59D8D} = {34C37C2D-5715-4F5F-851A-71157F69F6FE}
		{56F1B495-2751-4634-B1C6-23CB66912B7B} = {34C37C2D-5715-4F5F-851A-71157F69F6FE}
		{4244F71D-2861-495B-AF1D-57EE5002EEF6} = {34C37C2D-5715-4F5F-851A-71157F69F6FE}
		{06BB56D2-5672-4D2A-B1ED-269919B06D91} = {34C37C2D-5715-4F5F-851A-71157F69F6FE}
		{72B2208C-4723-453C-9DD5-8EC38CA30D6E} = {FBFEA851-C54C-481B-AEA6-1965729EB6A8}
		{4348CA91-D0B5-42B3-8857-7F2B1D4AC294} = {FBFEA851-C54C-481B-AEA6-1965729EB6A8}
		{4C736440-B889-43DD-90D7-A7DD3D317CFA} = {FBFEA851-C54C-481B-AEA6-1965729EB6A8}
		{C3D4BA98-E41D-4F75-B510-3C72C8CC745F} = {FBFEA851-C54C-481B-AEA6-1965729EB6A8}
		{6C58BCEC-24CC-4B7D-AE82-408219C7319B} = {34C37C2D-5715-4F5F-851A-71157F69F6FE}
		{09026493-7675-4C6D-874B-2961C8A2149B} = {34C37C2D-5715-4F5F-851A-71157F69F6FE}
		{E2252712-C0AE-4310-A6A6-2B6848E9ABB4} = {34C37C2D-5715-4F5F-851A-71157F69F6FE}
		{CE2B830C-D2C8-4977-95C8-0FD784DD8AC2} = {34C37C2D-5715-4F5F-851A-71157F69F6FE}
		{05620902-2FA2-4B93-AB2C-0388AC583A60} = {34C37C2D-5715-4F5F-851A-71157F69F6FE}
		{AF77694E-5C62-4802-A5EF-5633002EC8DF} = {34C37C2D-5715-4F5F-851A-71157F69F6FE}
		{05A299E3-55A3-4706-8592-B9F4E1E566EE} = {34C37C2D-5715-4F5F-851A-71157F69F6FE}
		{8AA8FD7B-1926-406E-9759-69B639E0DC5E} = {34C37C2D-5715-4F5F-851A-71157F69F6FE}
		{D8F9EB78-8CF7-4A87-9B6C-80E795B262F5} = {34C37C2D-5715-4F5F-851A-71157F69F6FE}
		{E5F32335-8E08-4C3F-AE51-2CD2214CCD08} = {34C37C2D-5715-4F5F-851A-71157F69F6FE}
		{D2C41793-AB14-4174-86FF-60B18B74072E} = {34C37C2D-5715-4F5F-851A-71157F69F6FE}
		{0E42CEF6-A32F-4080-B945-3E3ADA170A8E} = {34C37C2D-5715-4F5F-851A-71157F69F6FE}
		{986D1E6A-A0A0-4865-985A-B5952641A1ED} = {34C37C2D-5715-4F5F-851A-71157F69F6FE}
		{F80C2388-3630-4744-BA30-12AF840CB5A9} = {34C37C2D-5715-4F5F-851A-71157F69F6FE}
		{4D7B065A-4575-4D7E-90CF-2D9A38620553} = {34C37C2D-5715-4F5F-851A-71157F69F6FE}
		{31641565-FC71-457D-AFA9-EC9445920844} = {34C37C2D-5715-4F5F-851A-71157F69F6FE}
		{FF5E4A8C-3AB3-4C10-9BD2-F149F3CBAA3D} = {34C37C2D-5715-4F5F-851A-71157F69F6FE}
		{95432CA8-0275-4255-BAF6-4D6349735E9A} = {34C37C2D-5715-4F5F-851A-71157F69F6FE}
		{D74CAB7F-5AC4-4588-A791-F9B66B76BCAB} = {34C37C2D-5715-4F5F-851A-71157F69F6FE}
		{D5B1B0D5-91D7-44AD-84BD-5FCD8211ED0E} = {FBFEA851-C54C-481B-AEA6-1965729EB6A8}
		{E0695CFB-5BD8-4DB6-868C-83BD7CD4EA4D} = {FBFEA851-C54C-481B-AEA6-1965729EB6A8}
		{795CB33C-1DFB-48DA-BCAE-01DEBDECB22C} = {FBFEA851-C54C-481B-AEA6-1965729EB6A8}
		{68A76D2E-9AE8-4701-8ACE-E061E10E70A5} = {FBFEA851-C54C-481B-AEA6-1965729EB6A8}
		{1CEEB9F4-FE94-4BCE-A743-DA8AEFCA9465} = {FBFEA851-C54C-481B-AEA6-1965729EB6A8}
		{53DD468B-B23D-4A4E-83AC-1A0F01D0AFA6} = {FBFEA851-C54C-481B-AEA6-1965729EB6A8}
		{7795AB1B-0DFC-464C-BA11-3B10B2B101E5} = {FBFEA851-C54C-481B-AEA6-1965729EB6A8}
		{B335165B-0AC5-4FDB-94DC-A7FD125FF5C0} = {FBFEA851-C54C-481B-AEA6-1965729EB6A8}
		{65C12BD0-22DA-4797-8370-1F336D523815} = {FBFEA851-C54C-481B-AEA6-1965729EB6A8}
		{BB251A08-43DD-4BEB-A02B-1BF56852B7A3} = {FBFEA851-C54C-481B-AEA6-1965729EB6A8}
		{48420244-F898-4E84-B6A1-BE8B362B07BF} = {FBFEA851-C54C-481B-AEA6-1965729EB6A8}
		{AEA5CAFD-8FE5-460F-94EF-18932C7DC0D4} = {FBFEA851-C54C-481B-AEA6-1965729EB6A8}
		{5911B46B-FE80-4564-9703-8E9B36FBFCDA} = {34C37C2D-5715-4F5F-851A-71157F69F6FE}
		{54EC1467-2B45-481A-8243-E6115943320F} = {34C37C2D-5715-4F5F-851A-71157F69F6FE}
		{88C9E49C-8296-4650-ADA0-9BB368A5D42E} = {34C37C2D-5715-4F5F-851A-71157F69F6FE}
		{FC3C2631-B2CD-4254-AF6A-27F138B6D4D5} = {BDA18B1D-B267-41CA-B0D6-D7E8E14BACD3}
		{DBB51010-767E-4B7F-A17B-FE7E856E7C9C} = {BDA18B1D-B267-41CA-B0D6-D7E8E14BACD3}
		{ED9E3E5A-DBBC-4611-AFA7-628D64BD10A7} = {BDA18B1D-B267-41CA-B0D6-D7E8E14BACD3}
	EndGlobalSection
	GlobalSection(ExtensibilityGlobals) = postSolution
		SolutionGuid = {E5523629-994E-4EAF-8989-5D3C0FBD39D5}
	EndGlobalSection
EndGlobal
