
Microsoft Visual Studio Solution File, Format Version 12.00
# Visual Studio Version 16
VisualStudioVersion = 16.0.28902.138
MinimumVisualStudioVersion = 10.0.40219.1
Project("{2150E333-8FDC-42A3-9474-1A3956D46DE8}") = "Solution Items", "Solution Items", "{0AB9B157-DC46-4E6F-9926-46AB72C95ED8}"
	ProjectSection(SolutionItems) = preProject
		.editorconfig = .editorconfig
		Juniper.props = Juniper.props
		Juniper.targets = Juniper.targets
		README.md = README.md
		Unity.targets = Unity.targets
		UnityEditor.targets = UnityEditor.targets
	EndProjectSection
EndProject
Project("{2150E333-8FDC-42A3-9474-1A3956D46DE8}") = "Sandboxes", "Sandboxes", "{9A01F9FD-B141-4584-92DE-9BFCEEA3A7E9}"
EndProject
Project("{2150E333-8FDC-42A3-9474-1A3956D46DE8}") = "Sources", "Sources", "{3F72C92A-C800-432F-A47D-359B8C938849}"
EndProject
Project("{2150E333-8FDC-42A3-9474-1A3956D46DE8}") = "Tools", "Tools", "{622B919C-1613-4A82-B0D7-F4BDC696C7CD}"
EndProject
Project("{9A19103F-16F7-4668-BE54-9A1E7A4F7556}") = "Juniper.NeuroSky", "src\Juniper.NeuroSky\Juniper.NeuroSky.csproj", "{93E9DA18-7AE9-4A83-B2EF-5B5E71308DCE}"
EndProject
Project("{9A19103F-16F7-4668-BE54-9A1E7A4F7556}") = "NeuroSky - Console", "src\NeuroSky - Console\NeuroSky - Console.csproj", "{A949A1B5-1953-46FB-8FEA-107B6AC79310}"
EndProject
Project("{9A19103F-16F7-4668-BE54-9A1E7A4F7556}") = "Juniper.Tests", "src\Juniper.Tests\Juniper.Tests.csproj", "{89AA6BA5-C528-424F-9E1F-2A916EC0DBAE}"
EndProject
Project("{9A19103F-16F7-4668-BE54-9A1E7A4F7556}") = "Video Downloader", "src\Video Downloader\Video Downloader.csproj", "{28173EEF-EDB3-4E56-A851-AFE2E66243B3}"
EndProject
Project("{9A19103F-16F7-4668-BE54-9A1E7A4F7556}") = "Azure Text to Speech - Console", "src\Azure Text to Speech - Console\Azure Text to Speech - Console.csproj", "{F71D0B3E-C425-426A-86FC-2C3A8DB672E8}"
EndProject
Project("{9A19103F-16F7-4668-BE54-9A1E7A4F7556}") = "GoogleMaps - WinForms", "src\GoogleMaps - WinForms\GoogleMaps - WinForms.csproj", "{C7061267-84C6-4AA9-AA62-4A1D9F0A5F93}"
EndProject
Project("{9A19103F-16F7-4668-BE54-9A1E7A4F7556}") = "Azure Text to Speech - WinForms", "src\Azure Text to Speech - WinForms\Azure Text to Speech - WinForms.csproj", "{D6C9CC8A-2077-4F31-979F-3104613E1D37}"
EndProject
Project("{9A19103F-16F7-4668-BE54-9A1E7A4F7556}") = "Juniper.Client", "src\Juniper.Client\Juniper.Client.csproj", "{BD5B6E34-CA14-4636-83C0-DA4AADDF08BE}"
EndProject
Project("{9A19103F-16F7-4668-BE54-9A1E7A4F7556}") = "Server - Console", "src\Server - Console\Server - Console.csproj", "{30D3643D-A062-443D-8D11-BEFE8226C79D}"
EndProject
Project("{9A19103F-16F7-4668-BE54-9A1E7A4F7556}") = "Juniper.Server", "src\Juniper.Server\Juniper.Server.csproj", "{049C8DD4-A88D-4FFF-B312-358E65B10694}"
EndProject
Project("{9A19103F-16F7-4668-BE54-9A1E7A4F7556}") = "Media Types", "src\Media Types\Media Types.csproj", "{28550D32-3E1C-46B6-AD93-69DFCEAA0481}"
EndProject
Project("{9A19103F-16F7-4668-BE54-9A1E7A4F7556}") = "Tetris - Console", "src\Tetris - Console\Tetris - Console.csproj", "{B8E78C06-0505-4659-BA77-C91043F74D63}"
EndProject
Project("{9A19103F-16F7-4668-BE54-9A1E7A4F7556}") = "Tetris - WinForms", "src\Tetris - WinForms\Tetris - WinForms.csproj", "{D039330A-0B5E-417D-AEE6-B3B0BC12E2DF}"
EndProject
Project("{9A19103F-16F7-4668-BE54-9A1E7A4F7556}") = "Veldrid - Console", "src\Veldrid - Console\Veldrid - Console.csproj", "{20614D5B-89F2-4BAA-89CE-5B6674019251}"
EndProject
Project("{9A19103F-16F7-4668-BE54-9A1E7A4F7556}") = "Juniper.Root", "src\Juniper.Root\Juniper.Root.csproj", "{9DF2B191-6D22-4925-8C5F-612418F86EC8}"
EndProject
Project("{9A19103F-16F7-4668-BE54-9A1E7A4F7556}") = "Juniper.Unity", "src\Juniper.Unity\Juniper.Unity.csproj", "{3BCE2DC9-AA02-4146-87E5-357B5BB6E9D5}"
EndProject
Project("{9A19103F-16F7-4668-BE54-9A1E7A4F7556}") = "Juniper.UnityEditor", "src\Juniper.UnityEditor\Juniper.UnityEditor.csproj", "{188892B1-B715-4B4C-8399-ADA954ED1716}"
EndProject
Project("{9A19103F-16F7-4668-BE54-9A1E7A4F7556}") = "Unicode - Console", "src\Unicode - Console\Unicode - Console.csproj", "{F24B7DFC-C1CB-4530-8920-0A879740E252}"
EndProject
Project("{9A19103F-16F7-4668-BE54-9A1E7A4F7556}") = "Unity ConfigurationManagement - Console", "src\UnityEditor ConfigurationManagement - Console\Unity ConfigurationManagement - Console.csproj", "{0437E618-9D36-4E9A-877B-1E739FC8A148}"
EndProject
Project("{9A19103F-16F7-4668-BE54-9A1E7A4F7556}") = "Juniper.Azure", "src\Juniper.Azure\Juniper.Azure.csproj", "{BD1F9AD2-256B-429E-B500-C572653758D7}"
EndProject
Project("{9A19103F-16F7-4668-BE54-9A1E7A4F7556}") = "Juniper.GoogleMaps", "src\Juniper.GoogleMaps\Juniper.GoogleMaps.csproj", "{D6A1ABCD-0808-49B6-A764-0EF47D152C7D}"
EndProject
Project("{9A19103F-16F7-4668-BE54-9A1E7A4F7556}") = "Juniper.OpenWeatherMap", "src\Juniper.OpenWeatherMap\Juniper.OpenWeatherMap.csproj", "{6A5100CF-6D49-4E44-8726-6F341461AEFE}"
EndProject
Project("{9A19103F-16F7-4668-BE54-9A1E7A4F7556}") = "Juniper.HjgPngcs", "lib\Juniper.HjgPngcs\Juniper.HjgPngcs.csproj", "{5E16BFDD-AF33-426D-9822-4C2542AAA74B}"
EndProject
Project("{9A19103F-16F7-4668-BE54-9A1E7A4F7556}") = "Juniper.LibJpeg.NET", "lib\Juniper.LibJpeg.NET\Juniper.LibJpeg.NET.csproj", "{F81159B9-D70D-4EE8-BFF7-6CA46BA3558C}"
EndProject
Project("{9A19103F-16F7-4668-BE54-9A1E7A4F7556}") = "Juniper.NLayer.NAudioSupport", "lib\Juniper.NLayer.NAudioSupport\Juniper.NLayer.NAudioSupport.csproj", "{C8D0C109-8051-4F60-9770-2D7F53F38B1D}"
EndProject
Project("{9A19103F-16F7-4668-BE54-9A1E7A4F7556}") = "Keyboard - WinForms", "src\Keyboard - WinForms\Keyboard - WinForms.csproj", "{69E5489C-0FF2-4371-BD9B-69681B92CC21}"
EndProject
Project("{9A19103F-16F7-4668-BE54-9A1E7A4F7556}") = "Juniper.Windows", "src\Juniper.Windows\Juniper.Windows.csproj", "{55615C50-9D87-4A2E-98C1-D897CF86D30E}"
EndProject
Project("{9A19103F-16F7-4668-BE54-9A1E7A4F7556}") = "Juniper.Valve.VR", "lib\Juniper.Valve.VR\Juniper.Valve.VR.csproj", "{179E185F-E89C-4211-BA3F-24029712FB88}"
EndProject
Project("{9A19103F-16F7-4668-BE54-9A1E7A4F7556}") = "OpenVR - Console", "src\OpenVR - Console\OpenVR - Console.csproj", "{7C810744-A29E-44C7-AB5A-73FF0B72353B}"
EndProject
Project("{9A19103F-16F7-4668-BE54-9A1E7A4F7556}") = "Intel RealSense - Console", "src\Intel RealSense - Console\Intel RealSense - Console.csproj", "{CC804AFC-BF17-497E-9B07-B0A6499D5BEF}"
EndProject
Project("{9A19103F-16F7-4668-BE54-9A1E7A4F7556}") = "Juniper.Veldrid.WinForms", "src\Juniper.Veldrid.WinForms\Juniper.Veldrid.WinForms.csproj", "{9AF249E4-B6C5-44F3-8F55-234ABB7FCD17}"
EndProject
Project("{9A19103F-16F7-4668-BE54-9A1E7A4F7556}") = "Veldrid - WinForms", "src\Veldrid - WinForms\Veldrid - WinForms.csproj", "{C4C8A159-1D33-4703-9683-FAAAF4FFB97A}"
EndProject
Project("{9A19103F-16F7-4668-BE54-9A1E7A4F7556}") = "Juniper.Veldrid", "src\Juniper.Veldrid\Juniper.Veldrid.csproj", "{5DCE283D-9326-4D20-BE88-219E55A7C85E}"
EndProject
Project("{9A19103F-16F7-4668-BE54-9A1E7A4F7556}") = "Scratch", "src\Scratch\Scratch.csproj", "{2312416C-E79A-47A3-857B-2DCA29B0D777}"
EndProject
Project("{FAE04EC0-301F-11D3-BF4B-00C04F79EFBC}") = "Juniper.Oculus.VR", "lib\Juniper.Oculus.VR\Juniper.Oculus.VR.csproj", "{2FE607BB-5489-47C8-A3EC-66DC003B61BF}"
EndProject
Global
	GlobalSection(SolutionConfigurationPlatforms) = preSolution
		Debug|Any CPU = Debug|Any CPU
		Release|Any CPU = Release|Any CPU
	EndGlobalSection
	GlobalSection(ProjectConfigurationPlatforms) = postSolution
		{93E9DA18-7AE9-4A83-B2EF-5B5E71308DCE}.Debug|Any CPU.ActiveCfg = Debug|Any CPU
		{93E9DA18-7AE9-4A83-B2EF-5B5E71308DCE}.Debug|Any CPU.Build.0 = Debug|Any CPU
		{93E9DA18-7AE9-4A83-B2EF-5B5E71308DCE}.Release|Any CPU.ActiveCfg = Release|Any CPU
		{93E9DA18-7AE9-4A83-B2EF-5B5E71308DCE}.Release|Any CPU.Build.0 = Release|Any CPU
		{A949A1B5-1953-46FB-8FEA-107B6AC79310}.Debug|Any CPU.ActiveCfg = Debug|Any CPU
		{A949A1B5-1953-46FB-8FEA-107B6AC79310}.Debug|Any CPU.Build.0 = Debug|Any CPU
		{A949A1B5-1953-46FB-8FEA-107B6AC79310}.Release|Any CPU.ActiveCfg = Release|Any CPU
		{A949A1B5-1953-46FB-8FEA-107B6AC79310}.Release|Any CPU.Build.0 = Release|Any CPU
		{89AA6BA5-C528-424F-9E1F-2A916EC0DBAE}.Debug|Any CPU.ActiveCfg = Debug|Any CPU
		{89AA6BA5-C528-424F-9E1F-2A916EC0DBAE}.Debug|Any CPU.Build.0 = Debug|Any CPU
		{89AA6BA5-C528-424F-9E1F-2A916EC0DBAE}.Release|Any CPU.ActiveCfg = Release|Any CPU
		{89AA6BA5-C528-424F-9E1F-2A916EC0DBAE}.Release|Any CPU.Build.0 = Release|Any CPU
		{28173EEF-EDB3-4E56-A851-AFE2E66243B3}.Debug|Any CPU.ActiveCfg = Debug|Any CPU
		{28173EEF-EDB3-4E56-A851-AFE2E66243B3}.Debug|Any CPU.Build.0 = Debug|Any CPU
		{28173EEF-EDB3-4E56-A851-AFE2E66243B3}.Release|Any CPU.ActiveCfg = Release|Any CPU
		{28173EEF-EDB3-4E56-A851-AFE2E66243B3}.Release|Any CPU.Build.0 = Release|Any CPU
		{F71D0B3E-C425-426A-86FC-2C3A8DB672E8}.Debug|Any CPU.ActiveCfg = Debug|Any CPU
		{F71D0B3E-C425-426A-86FC-2C3A8DB672E8}.Debug|Any CPU.Build.0 = Debug|Any CPU
		{F71D0B3E-C425-426A-86FC-2C3A8DB672E8}.Release|Any CPU.ActiveCfg = Release|Any CPU
		{F71D0B3E-C425-426A-86FC-2C3A8DB672E8}.Release|Any CPU.Build.0 = Release|Any CPU
		{C7061267-84C6-4AA9-AA62-4A1D9F0A5F93}.Debug|Any CPU.ActiveCfg = Debug|Any CPU
		{C7061267-84C6-4AA9-AA62-4A1D9F0A5F93}.Debug|Any CPU.Build.0 = Debug|Any CPU
		{C7061267-84C6-4AA9-AA62-4A1D9F0A5F93}.Release|Any CPU.ActiveCfg = Release|Any CPU
		{C7061267-84C6-4AA9-AA62-4A1D9F0A5F93}.Release|Any CPU.Build.0 = Release|Any CPU
		{D6C9CC8A-2077-4F31-979F-3104613E1D37}.Debug|Any CPU.ActiveCfg = Debug|Any CPU
		{D6C9CC8A-2077-4F31-979F-3104613E1D37}.Debug|Any CPU.Build.0 = Debug|Any CPU
		{D6C9CC8A-2077-4F31-979F-3104613E1D37}.Release|Any CPU.ActiveCfg = Release|Any CPU
		{D6C9CC8A-2077-4F31-979F-3104613E1D37}.Release|Any CPU.Build.0 = Release|Any CPU
		{BD5B6E34-CA14-4636-83C0-DA4AADDF08BE}.Debug|Any CPU.ActiveCfg = Debug|Any CPU
		{BD5B6E34-CA14-4636-83C0-DA4AADDF08BE}.Debug|Any CPU.Build.0 = Debug|Any CPU
		{BD5B6E34-CA14-4636-83C0-DA4AADDF08BE}.Release|Any CPU.ActiveCfg = Release|Any CPU
		{BD5B6E34-CA14-4636-83C0-DA4AADDF08BE}.Release|Any CPU.Build.0 = Release|Any CPU
		{30D3643D-A062-443D-8D11-BEFE8226C79D}.Debug|Any CPU.ActiveCfg = Debug|Any CPU
		{30D3643D-A062-443D-8D11-BEFE8226C79D}.Debug|Any CPU.Build.0 = Debug|Any CPU
		{30D3643D-A062-443D-8D11-BEFE8226C79D}.Release|Any CPU.ActiveCfg = Release|Any CPU
		{30D3643D-A062-443D-8D11-BEFE8226C79D}.Release|Any CPU.Build.0 = Release|Any CPU
		{049C8DD4-A88D-4FFF-B312-358E65B10694}.Debug|Any CPU.ActiveCfg = Debug|Any CPU
		{049C8DD4-A88D-4FFF-B312-358E65B10694}.Debug|Any CPU.Build.0 = Debug|Any CPU
		{049C8DD4-A88D-4FFF-B312-358E65B10694}.Release|Any CPU.ActiveCfg = Release|Any CPU
		{049C8DD4-A88D-4FFF-B312-358E65B10694}.Release|Any CPU.Build.0 = Release|Any CPU
		{28550D32-3E1C-46B6-AD93-69DFCEAA0481}.Debug|Any CPU.ActiveCfg = Debug|Any CPU
		{28550D32-3E1C-46B6-AD93-69DFCEAA0481}.Debug|Any CPU.Build.0 = Debug|Any CPU
		{28550D32-3E1C-46B6-AD93-69DFCEAA0481}.Release|Any CPU.ActiveCfg = Release|Any CPU
		{28550D32-3E1C-46B6-AD93-69DFCEAA0481}.Release|Any CPU.Build.0 = Release|Any CPU
		{B8E78C06-0505-4659-BA77-C91043F74D63}.Debug|Any CPU.ActiveCfg = Debug|Any CPU
		{B8E78C06-0505-4659-BA77-C91043F74D63}.Debug|Any CPU.Build.0 = Debug|Any CPU
		{B8E78C06-0505-4659-BA77-C91043F74D63}.Release|Any CPU.ActiveCfg = Release|Any CPU
		{B8E78C06-0505-4659-BA77-C91043F74D63}.Release|Any CPU.Build.0 = Release|Any CPU
		{D039330A-0B5E-417D-AEE6-B3B0BC12E2DF}.Debug|Any CPU.ActiveCfg = Debug|Any CPU
		{D039330A-0B5E-417D-AEE6-B3B0BC12E2DF}.Debug|Any CPU.Build.0 = Debug|Any CPU
		{D039330A-0B5E-417D-AEE6-B3B0BC12E2DF}.Release|Any CPU.ActiveCfg = Release|Any CPU
		{D039330A-0B5E-417D-AEE6-B3B0BC12E2DF}.Release|Any CPU.Build.0 = Release|Any CPU
		{20614D5B-89F2-4BAA-89CE-5B6674019251}.Debug|Any CPU.ActiveCfg = Debug|Any CPU
		{20614D5B-89F2-4BAA-89CE-5B6674019251}.Debug|Any CPU.Build.0 = Debug|Any CPU
		{20614D5B-89F2-4BAA-89CE-5B6674019251}.Release|Any CPU.ActiveCfg = Release|Any CPU
		{20614D5B-89F2-4BAA-89CE-5B6674019251}.Release|Any CPU.Build.0 = Release|Any CPU
		{9DF2B191-6D22-4925-8C5F-612418F86EC8}.Debug|Any CPU.ActiveCfg = Debug|Any CPU
		{9DF2B191-6D22-4925-8C5F-612418F86EC8}.Debug|Any CPU.Build.0 = Debug|Any CPU
		{9DF2B191-6D22-4925-8C5F-612418F86EC8}.Release|Any CPU.ActiveCfg = Release|Any CPU
		{9DF2B191-6D22-4925-8C5F-612418F86EC8}.Release|Any CPU.Build.0 = Release|Any CPU
		{3BCE2DC9-AA02-4146-87E5-357B5BB6E9D5}.Debug|Any CPU.ActiveCfg = Debug|Any CPU
		{3BCE2DC9-AA02-4146-87E5-357B5BB6E9D5}.Debug|Any CPU.Build.0 = Debug|Any CPU
		{3BCE2DC9-AA02-4146-87E5-357B5BB6E9D5}.Release|Any CPU.ActiveCfg = Release|Any CPU
		{3BCE2DC9-AA02-4146-87E5-357B5BB6E9D5}.Release|Any CPU.Build.0 = Release|Any CPU
		{188892B1-B715-4B4C-8399-ADA954ED1716}.Debug|Any CPU.ActiveCfg = Debug|Any CPU
		{188892B1-B715-4B4C-8399-ADA954ED1716}.Debug|Any CPU.Build.0 = Debug|Any CPU
		{188892B1-B715-4B4C-8399-ADA954ED1716}.Release|Any CPU.ActiveCfg = Release|Any CPU
		{188892B1-B715-4B4C-8399-ADA954ED1716}.Release|Any CPU.Build.0 = Release|Any CPU
		{F24B7DFC-C1CB-4530-8920-0A879740E252}.Debug|Any CPU.ActiveCfg = Debug|Any CPU
		{F24B7DFC-C1CB-4530-8920-0A879740E252}.Debug|Any CPU.Build.0 = Debug|Any CPU
		{F24B7DFC-C1CB-4530-8920-0A879740E252}.Release|Any CPU.ActiveCfg = Release|Any CPU
		{F24B7DFC-C1CB-4530-8920-0A879740E252}.Release|Any CPU.Build.0 = Release|Any CPU
		{0437E618-9D36-4E9A-877B-1E739FC8A148}.Debug|Any CPU.ActiveCfg = Debug|Any CPU
		{0437E618-9D36-4E9A-877B-1E739FC8A148}.Debug|Any CPU.Build.0 = Debug|Any CPU
		{0437E618-9D36-4E9A-877B-1E739FC8A148}.Release|Any CPU.ActiveCfg = Release|Any CPU
		{0437E618-9D36-4E9A-877B-1E739FC8A148}.Release|Any CPU.Build.0 = Release|Any CPU
		{BD1F9AD2-256B-429E-B500-C572653758D7}.Debug|Any CPU.ActiveCfg = Debug|Any CPU
		{BD1F9AD2-256B-429E-B500-C572653758D7}.Debug|Any CPU.Build.0 = Debug|Any CPU
		{BD1F9AD2-256B-429E-B500-C572653758D7}.Release|Any CPU.ActiveCfg = Release|Any CPU
		{BD1F9AD2-256B-429E-B500-C572653758D7}.Release|Any CPU.Build.0 = Release|Any CPU
		{D6A1ABCD-0808-49B6-A764-0EF47D152C7D}.Debug|Any CPU.ActiveCfg = Debug|Any CPU
		{D6A1ABCD-0808-49B6-A764-0EF47D152C7D}.Debug|Any CPU.Build.0 = Debug|Any CPU
		{D6A1ABCD-0808-49B6-A764-0EF47D152C7D}.Release|Any CPU.ActiveCfg = Release|Any CPU
		{D6A1ABCD-0808-49B6-A764-0EF47D152C7D}.Release|Any CPU.Build.0 = Release|Any CPU
		{6A5100CF-6D49-4E44-8726-6F341461AEFE}.Debug|Any CPU.ActiveCfg = Debug|Any CPU
		{6A5100CF-6D49-4E44-8726-6F341461AEFE}.Debug|Any CPU.Build.0 = Debug|Any CPU
		{6A5100CF-6D49-4E44-8726-6F341461AEFE}.Release|Any CPU.ActiveCfg = Release|Any CPU
		{6A5100CF-6D49-4E44-8726-6F341461AEFE}.Release|Any CPU.Build.0 = Release|Any CPU
		{5E16BFDD-AF33-426D-9822-4C2542AAA74B}.Debug|Any CPU.ActiveCfg = Debug|Any CPU
		{5E16BFDD-AF33-426D-9822-4C2542AAA74B}.Debug|Any CPU.Build.0 = Debug|Any CPU
		{5E16BFDD-AF33-426D-9822-4C2542AAA74B}.Release|Any CPU.ActiveCfg = Release|Any CPU
		{5E16BFDD-AF33-426D-9822-4C2542AAA74B}.Release|Any CPU.Build.0 = Release|Any CPU
		{F81159B9-D70D-4EE8-BFF7-6CA46BA3558C}.Debug|Any CPU.ActiveCfg = Debug|Any CPU
		{F81159B9-D70D-4EE8-BFF7-6CA46BA3558C}.Debug|Any CPU.Build.0 = Debug|Any CPU
		{F81159B9-D70D-4EE8-BFF7-6CA46BA3558C}.Release|Any CPU.ActiveCfg = Release|Any CPU
		{F81159B9-D70D-4EE8-BFF7-6CA46BA3558C}.Release|Any CPU.Build.0 = Release|Any CPU
		{C8D0C109-8051-4F60-9770-2D7F53F38B1D}.Debug|Any CPU.ActiveCfg = Debug|Any CPU
		{C8D0C109-8051-4F60-9770-2D7F53F38B1D}.Debug|Any CPU.Build.0 = Debug|Any CPU
		{C8D0C109-8051-4F60-9770-2D7F53F38B1D}.Release|Any CPU.ActiveCfg = Release|Any CPU
		{C8D0C109-8051-4F60-9770-2D7F53F38B1D}.Release|Any CPU.Build.0 = Release|Any CPU
		{69E5489C-0FF2-4371-BD9B-69681B92CC21}.Debug|Any CPU.ActiveCfg = Debug|Any CPU
		{69E5489C-0FF2-4371-BD9B-69681B92CC21}.Debug|Any CPU.Build.0 = Debug|Any CPU
		{69E5489C-0FF2-4371-BD9B-69681B92CC21}.Release|Any CPU.ActiveCfg = Release|Any CPU
		{69E5489C-0FF2-4371-BD9B-69681B92CC21}.Release|Any CPU.Build.0 = Release|Any CPU
		{55615C50-9D87-4A2E-98C1-D897CF86D30E}.Debug|Any CPU.ActiveCfg = Debug|Any CPU
		{55615C50-9D87-4A2E-98C1-D897CF86D30E}.Debug|Any CPU.Build.0 = Debug|Any CPU
		{55615C50-9D87-4A2E-98C1-D897CF86D30E}.Release|Any CPU.ActiveCfg = Release|Any CPU
		{55615C50-9D87-4A2E-98C1-D897CF86D30E}.Release|Any CPU.Build.0 = Release|Any CPU
		{179E185F-E89C-4211-BA3F-24029712FB88}.Debug|Any CPU.ActiveCfg = Debug|Any CPU
		{179E185F-E89C-4211-BA3F-24029712FB88}.Debug|Any CPU.Build.0 = Debug|Any CPU
		{179E185F-E89C-4211-BA3F-24029712FB88}.Release|Any CPU.ActiveCfg = Release|Any CPU
		{179E185F-E89C-4211-BA3F-24029712FB88}.Release|Any CPU.Build.0 = Release|Any CPU
		{7C810744-A29E-44C7-AB5A-73FF0B72353B}.Debug|Any CPU.ActiveCfg = Debug|Any CPU
		{7C810744-A29E-44C7-AB5A-73FF0B72353B}.Debug|Any CPU.Build.0 = Debug|Any CPU
		{7C810744-A29E-44C7-AB5A-73FF0B72353B}.Release|Any CPU.ActiveCfg = Release|Any CPU
		{7C810744-A29E-44C7-AB5A-73FF0B72353B}.Release|Any CPU.Build.0 = Release|Any CPU
		{CC804AFC-BF17-497E-9B07-B0A6499D5BEF}.Debug|Any CPU.ActiveCfg = Debug|Any CPU
		{CC804AFC-BF17-497E-9B07-B0A6499D5BEF}.Debug|Any CPU.Build.0 = Debug|Any CPU
		{CC804AFC-BF17-497E-9B07-B0A6499D5BEF}.Release|Any CPU.ActiveCfg = Release|Any CPU
		{CC804AFC-BF17-497E-9B07-B0A6499D5BEF}.Release|Any CPU.Build.0 = Release|Any CPU
		{9AF249E4-B6C5-44F3-8F55-234ABB7FCD17}.Debug|Any CPU.ActiveCfg = Debug|Any CPU
		{9AF249E4-B6C5-44F3-8F55-234ABB7FCD17}.Debug|Any CPU.Build.0 = Debug|Any CPU
		{9AF249E4-B6C5-44F3-8F55-234ABB7FCD17}.Release|Any CPU.ActiveCfg = Release|Any CPU
		{9AF249E4-B6C5-44F3-8F55-234ABB7FCD17}.Release|Any CPU.Build.0 = Release|Any CPU
		{C4C8A159-1D33-4703-9683-FAAAF4FFB97A}.Debug|Any CPU.ActiveCfg = Debug|Any CPU
		{C4C8A159-1D33-4703-9683-FAAAF4FFB97A}.Debug|Any CPU.Build.0 = Debug|Any CPU
		{C4C8A159-1D33-4703-9683-FAAAF4FFB97A}.Release|Any CPU.ActiveCfg = Release|Any CPU
		{C4C8A159-1D33-4703-9683-FAAAF4FFB97A}.Release|Any CPU.Build.0 = Release|Any CPU
		{5DCE283D-9326-4D20-BE88-219E55A7C85E}.Debug|Any CPU.ActiveCfg = Debug|Any CPU
		{5DCE283D-9326-4D20-BE88-219E55A7C85E}.Debug|Any CPU.Build.0 = Debug|Any CPU
		{5DCE283D-9326-4D20-BE88-219E55A7C85E}.Release|Any CPU.ActiveCfg = Release|Any CPU
		{5DCE283D-9326-4D20-BE88-219E55A7C85E}.Release|Any CPU.Build.0 = Release|Any CPU
		{2312416C-E79A-47A3-857B-2DCA29B0D777}.Debug|Any CPU.ActiveCfg = Debug|Any CPU
		{2312416C-E79A-47A3-857B-2DCA29B0D777}.Debug|Any CPU.Build.0 = Debug|Any CPU
		{2312416C-E79A-47A3-857B-2DCA29B0D777}.Release|Any CPU.ActiveCfg = Release|Any CPU
		{2312416C-E79A-47A3-857B-2DCA29B0D777}.Release|Any CPU.Build.0 = Release|Any CPU
		{2FE607BB-5489-47C8-A3EC-66DC003B61BF}.Debug|Any CPU.ActiveCfg = Debug|Any CPU
		{2FE607BB-5489-47C8-A3EC-66DC003B61BF}.Debug|Any CPU.Build.0 = Debug|Any CPU
		{2FE607BB-5489-47C8-A3EC-66DC003B61BF}.Release|Any CPU.ActiveCfg = Release|Any CPU
		{2FE607BB-5489-47C8-A3EC-66DC003B61BF}.Release|Any CPU.Build.0 = Release|Any CPU
	EndGlobalSection
	GlobalSection(SolutionProperties) = preSolution
		HideSolutionNode = FALSE
	EndGlobalSection
	GlobalSection(NestedProjects) = preSolution
		{93E9DA18-7AE9-4A83-B2EF-5B5E71308DCE} = {3F72C92A-C800-432F-A47D-359B8C938849}
		{A949A1B5-1953-46FB-8FEA-107B6AC79310} = {9A01F9FD-B141-4584-92DE-9BFCEEA3A7E9}
		{89AA6BA5-C528-424F-9E1F-2A916EC0DBAE} = {9A01F9FD-B141-4584-92DE-9BFCEEA3A7E9}
		{28173EEF-EDB3-4E56-A851-AFE2E66243B3} = {622B919C-1613-4A82-B0D7-F4BDC696C7CD}
		{F71D0B3E-C425-426A-86FC-2C3A8DB672E8} = {9A01F9FD-B141-4584-92DE-9BFCEEA3A7E9}
		{C7061267-84C6-4AA9-AA62-4A1D9F0A5F93} = {9A01F9FD-B141-4584-92DE-9BFCEEA3A7E9}
		{D6C9CC8A-2077-4F31-979F-3104613E1D37} = {9A01F9FD-B141-4584-92DE-9BFCEEA3A7E9}
		{BD5B6E34-CA14-4636-83C0-DA4AADDF08BE} = {3F72C92A-C800-432F-A47D-359B8C938849}
		{30D3643D-A062-443D-8D11-BEFE8226C79D} = {9A01F9FD-B141-4584-92DE-9BFCEEA3A7E9}
		{049C8DD4-A88D-4FFF-B312-358E65B10694} = {3F72C92A-C800-432F-A47D-359B8C938849}
		{28550D32-3E1C-46B6-AD93-69DFCEAA0481} = {622B919C-1613-4A82-B0D7-F4BDC696C7CD}
		{B8E78C06-0505-4659-BA77-C91043F74D63} = {9A01F9FD-B141-4584-92DE-9BFCEEA3A7E9}
		{D039330A-0B5E-417D-AEE6-B3B0BC12E2DF} = {9A01F9FD-B141-4584-92DE-9BFCEEA3A7E9}
		{20614D5B-89F2-4BAA-89CE-5B6674019251} = {9A01F9FD-B141-4584-92DE-9BFCEEA3A7E9}
		{9DF2B191-6D22-4925-8C5F-612418F86EC8} = {3F72C92A-C800-432F-A47D-359B8C938849}
		{3BCE2DC9-AA02-4146-87E5-357B5BB6E9D5} = {3F72C92A-C800-432F-A47D-359B8C938849}
		{188892B1-B715-4B4C-8399-ADA954ED1716} = {3F72C92A-C800-432F-A47D-359B8C938849}
		{F24B7DFC-C1CB-4530-8920-0A879740E252} = {9A01F9FD-B141-4584-92DE-9BFCEEA3A7E9}
		{0437E618-9D36-4E9A-877B-1E739FC8A148} = {9A01F9FD-B141-4584-92DE-9BFCEEA3A7E9}
		{BD1F9AD2-256B-429E-B500-C572653758D7} = {3F72C92A-C800-432F-A47D-359B8C938849}
		{D6A1ABCD-0808-49B6-A764-0EF47D152C7D} = {3F72C92A-C800-432F-A47D-359B8C938849}
		{6A5100CF-6D49-4E44-8726-6F341461AEFE} = {3F72C92A-C800-432F-A47D-359B8C938849}
		{5E16BFDD-AF33-426D-9822-4C2542AAA74B} = {3F72C92A-C800-432F-A47D-359B8C938849}
		{F81159B9-D70D-4EE8-BFF7-6CA46BA3558C} = {3F72C92A-C800-432F-A47D-359B8C938849}
		{C8D0C109-8051-4F60-9770-2D7F53F38B1D} = {3F72C92A-C800-432F-A47D-359B8C938849}
		{69E5489C-0FF2-4371-BD9B-69681B92CC21} = {9A01F9FD-B141-4584-92DE-9BFCEEA3A7E9}
		{55615C50-9D87-4A2E-98C1-D897CF86D30E} = {3F72C92A-C800-432F-A47D-359B8C938849}
		{179E185F-E89C-4211-BA3F-24029712FB88} = {3F72C92A-C800-432F-A47D-359B8C938849}
		{7C810744-A29E-44C7-AB5A-73FF0B72353B} = {9A01F9FD-B141-4584-92DE-9BFCEEA3A7E9}
		{CC804AFC-BF17-497E-9B07-B0A6499D5BEF} = {9A01F9FD-B141-4584-92DE-9BFCEEA3A7E9}
		{9AF249E4-B6C5-44F3-8F55-234ABB7FCD17} = {3F72C92A-C800-432F-A47D-359B8C938849}
		{C4C8A159-1D33-4703-9683-FAAAF4FFB97A} = {9A01F9FD-B141-4584-92DE-9BFCEEA3A7E9}
		{5DCE283D-9326-4D20-BE88-219E55A7C85E} = {3F72C92A-C800-432F-A47D-359B8C938849}
		{2312416C-E79A-47A3-857B-2DCA29B0D777} = {9A01F9FD-B141-4584-92DE-9BFCEEA3A7E9}
		{2FE607BB-5489-47C8-A3EC-66DC003B61BF} = {3F72C92A-C800-432F-A47D-359B8C938849}
	EndGlobalSection
	GlobalSection(ExtensibilityGlobals) = postSolution
		SolutionGuid = {26853D06-2187-498D-81B8-5BF110E83214}
	EndGlobalSection
EndGlobal
