{
  "name": "@juniper/idexdb",
  "version": "1.0.0",
  "lockfileVersion": 2,
  "requires": true,
  "packages": {
    "": {
      "name": "@juniper/idexdb",
      "version": "1.0.0",
      "dependencies": {
        "@juniper/collections": "file:../collections",
        "@juniper/events": "file:../events",
        "@juniper/tslib": "file:../tslib",
        "@types/idexdb-types": "file:../idexdb-types"
      },
      "devDependencies": {
        "typescript": "4.5.5"
      }
    },
    "../collections": {
      "name": "@juniper/collections",
      "version": "1.0.0",
      "dependencies": {
        "@juniper/tslib": "file:../tslib"
      },
      "devDependencies": {
        "typescript": "4.5.5"
      }
    },
    "../events": {
      "name": "@juniper/events",
      "version": "1.0.0",
      "dependencies": {
        "@juniper/collections": "file:../collections",
        "@juniper/tslib": "file:../tslib"
      },
      "devDependencies": {
        "typescript": "4.5.5"
      }
    },
    "../idexdb-types": {
      "name": "@types/idexdb-types",
      "version": "1.0.0"
    },
    "../tslib": {
      "name": "@juniper/tslib",
      "version": "1.0.0",
      "dependencies": {
        "gl-matrix": "3.4.3"
      },
      "devDependencies": {
        "typescript": "4.5.5"
      }
    },
    "../tslib/node_modules/gl-matrix": {
      "version": "3.4.3",
      "license": "MIT"
    },
    "../tslib/node_modules/typescript": {
      "version": "4.5.5",
      "dev": true,
      "license": "Apache-2.0",
      "bin": {
        "tsc": "bin/tsc",
        "tsserver": "bin/tsserver"
      },
      "engines": {
        "node": ">=4.2.0"
      }
    },
    "node_modules/@juniper/collections": {
      "resolved": "../collections",
      "link": true
    },
    "node_modules/@juniper/events": {
      "resolved": "../events",
      "link": true
    },
    "node_modules/@juniper/tslib": {
      "resolved": "../tslib",
      "link": true
    },
    "node_modules/@types/idexdb-types": {
      "resolved": "../idexdb-types",
      "link": true
    },
    "node_modules/typescript": {
      "version": "4.5.5",
      "dev": true,
      "license": "Apache-2.0",
      "bin": {
        "tsc": "bin/tsc",
        "tsserver": "bin/tsserver"
      },
      "engines": {
        "node": ">=4.2.0"
      }
    }
  },
  "dependencies": {
    "@juniper/collections": {
      "version": "file:../collections",
      "requires": {
        "@juniper/tslib": "file:../tslib",
        "typescript": "4.5.5"
      }
    },
    "@juniper/events": {
      "version": "file:../events",
      "requires": {
        "@juniper/collections": "file:../collections",
        "@juniper/tslib": "file:../tslib",
        "typescript": "4.5.5"
      }
    },
    "@juniper/tslib": {
      "version": "file:../tslib",
      "requires": {
        "gl-matrix": "3.4.3",
        "typescript": "4.5.5"
      },
      "dependencies": {
        "gl-matrix": {
          "version": "3.4.3"
        },
        "typescript": {
          "version": "4.5.5",
          "dev": true
        }
      }
    },
    "@types/idexdb-types": {
      "version": "file:../idexdb-types"
    },
    "typescript": {
      "version": "4.5.5",
      "dev": true
    }
  }
}
