{
  "name": "@juniper-lib/cedrus",
  "version": "1.0.0",
  "lockfileVersion": 3,
  "requires": true,
  "packages": {
    "": {
      "name": "@juniper-lib/cedrus",
      "version": "1.0.0",
      "license": "SEE LICENSE IN LICENSE.md",
      "dependencies": {
        "@juniper-lib/util": "file:../util"
      }
    },
    "../util": {
      "version": "1.0.0",
      "license": "SEE LICENSE IN LICENSE.md",
      "dependencies": {
        "gl-matrix": "4.0.0-beta.1"
      }
    },
    "node_modules/@juniper-lib/util": {
      "resolved": "../util",
      "link": true
    }
  }
}
