{
  "name": "@juniper/physics-worker",
  "version": "1.0.0",
  "lockfileVersion": 2,
  "requires": true,
  "packages": {
    "": {
      "name": "@juniper/physics-worker",
      "version": "1.0.0",
      "dependencies": {
        "@juniper/physics-base": "file:../physics-base",
        "@juniper/tslib": "file:../tslib",
        "@juniper/worker-server": "file:../worker-server"
      },
      "devDependencies": {
        "@juniper/esbuild": "file:../esbuild",
        "@types/extra-types": "file:../extra-types",
        "typescript": "4.6.4"
      }
    },
    "../../etc/three-ts-types": {
      "extraneous": true
    },
    "../audio-types": {
      "name": "@types/audio-types",
      "version": "1.0.0",
      "extraneous": true
    },
    "../battery-types": {
      "name": "@types/battery-types",
      "version": "1.0.0",
      "extraneous": true
    },
    "../esbuild": {
      "name": "@juniper/esbuild",
      "version": "1.0.0",
      "dev": true,
      "dependencies": {
        "esbuild": "0.14.38"
      },
      "devDependencies": {
        "@types/node": "17.0.21",
        "typescript": "4.6.4"
      }
    },
    "../extra-types": {
      "name": "@types/glsl-types",
      "version": "1.0.0",
      "dev": true
    },
    "../gamepad-types": {
      "name": "@types/gamepad-types",
      "version": "1.0.0",
      "extraneous": true
    },
    "../glsl-types": {
      "name": "@types/glsl-types",
      "version": "1.0.0",
      "extraneous": true
    },
    "../idexdb-types": {
      "name": "@types/idexdb-types",
      "version": "1.0.0",
      "extraneous": true
    },
    "../offscreencanvas-types": {
      "name": "@types/offscreencanvas-types",
      "version": "1.0.0",
      "extraneous": true
    },
    "../physics-base": {
      "name": "@juniper/physics-base",
      "version": "1.0.0",
      "dependencies": {
        "@juniper/tslib": "file:../tslib",
        "cannon-es": "0.19.0"
      },
      "devDependencies": {
        "@types/extra-types": "file:../extra-types",
        "typescript": "4.6.4"
      }
    },
    "../tslib": {
      "name": "@juniper/tslib",
      "version": "1.0.0",
      "dependencies": {
        "gl-matrix": "3.4.3"
      },
      "devDependencies": {
        "@types/extra-types": "file:../extra-types",
        "typescript": "4.6.4"
      }
    },
    "../webxr-polyfill-types": {
      "name": "@types/webxr-polyfill-types",
      "version": "1.0.0",
      "extraneous": true
    },
    "../webxr-types": {
      "name": "@types/webxr-types",
      "version": "1.0.0",
      "extraneous": true
    },
    "../worker-server": {
      "name": "@juniper/worker-server",
      "version": "1.0.0",
      "dependencies": {
        "@juniper/tslib": "file:../tslib",
        "@juniper/workers": "file:../workers"
      },
      "devDependencies": {
        "@types/extra-types": "file:../extra-types",
        "typescript": "4.6.4"
      }
    },
    "../yt-dlp-types": {
      "name": "@types/yt-dlp",
      "version": "1.0.0",
      "extraneous": true
    },
    "node_modules/@juniper/esbuild": {
      "resolved": "../esbuild",
      "link": true
    },
    "node_modules/@juniper/physics-base": {
      "resolved": "../physics-base",
      "link": true
    },
    "node_modules/@juniper/tslib": {
      "resolved": "../tslib",
      "link": true
    },
    "node_modules/@juniper/worker-server": {
      "resolved": "../worker-server",
      "link": true
    },
    "node_modules/@types/extra-types": {
      "resolved": "../extra-types",
      "link": true
    },
    "node_modules/typescript": {
      "version": "4.6.4",
      "resolved": "https://registry.npmjs.org/typescript/-/typescript-4.6.4.tgz",
      "integrity": "sha512-9ia/jWHIEbo49HfjrLGfKbZSuWo9iTMwXO+Ca3pRsSpbsMbc7/IU8NKdCZVRRBafVPGnoJeFL76ZOAA84I9fEg==",
      "dev": true,
      "bin": {
        "tsc": "bin/tsc",
        "tsserver": "bin/tsserver"
      },
      "engines": {
        "node": ">=4.2.0"
      }
    }
  },
  "dependencies": {
    "@juniper/esbuild": {
      "version": "file:../esbuild",
      "requires": {
        "@types/node": "17.0.21",
        "esbuild": "0.14.38",
        "typescript": "4.6.4"
      }
    },
    "@juniper/physics-base": {
      "version": "file:../physics-base",
      "requires": {
        "@juniper/tslib": "file:../tslib",
        "@types/extra-types": "file:../extra-types",
        "cannon-es": "0.19.0",
        "typescript": "4.6.4"
      }
    },
    "@juniper/tslib": {
      "version": "file:../tslib",
      "requires": {
        "@types/extra-types": "file:../extra-types",
        "gl-matrix": "3.4.3",
        "typescript": "4.6.4"
      }
    },
    "@juniper/worker-server": {
      "version": "file:../worker-server",
      "requires": {
        "@juniper/tslib": "file:../tslib",
        "@juniper/workers": "file:../workers",
        "@types/extra-types": "file:../extra-types",
        "typescript": "4.6.4"
      }
    },
    "@types/extra-types": {
      "version": "file:../extra-types"
    },
    "typescript": {
      "version": "4.6.4",
      "resolved": "https://registry.npmjs.org/typescript/-/typescript-4.6.4.tgz",
      "integrity": "sha512-9ia/jWHIEbo49HfjrLGfKbZSuWo9iTMwXO+Ca3pRsSpbsMbc7/IU8NKdCZVRRBafVPGnoJeFL76ZOAA84I9fEg==",
      "dev": true
    }
  }
}
