{
  "name": "juniper-audio",
  "version": "1.0.0",
  "lockfileVersion": 2,
  "requires": true,
  "packages": {
    "": {
      "name": "juniper-audio",
      "version": "1.0.0",
      "dependencies": {
        "gl-matrix": "3.4.3",
        "juniper-dom": "file:../dom",
        "juniper-fetcher": "file:../fetcher",
        "juniper-tslib": "file:../tslib"
      },
      "devDependencies": {
        "tslib": "2.3.1",
        "typescript": "4.3.5"
      }
    },
    "../dom": {
      "name": "juniper-dom",
      "version": "1.0.0",
      "dependencies": {
        "juniper-mediatypes": "file:../mediatypes",
        "juniper-tslib": "file:../tslib"
      },
      "devDependencies": {
        "tslib": "2.3.1",
        "typescript": "4.3.5"
      }
    },
    "../fetcher": {
      "name": "juniper-fetcher",
      "version": "1.0.0",
      "dependencies": {
        "juniper-dom": "file:../dom",
        "juniper-mediatypes": "file:../mediatypes",
        "juniper-tslib": "file:../tslib"
      },
      "devDependencies": {
        "juniper-esbuild": "file:../esbuild",
        "tslib": "2.3.1",
        "typescript": "4.3.5"
      }
    },
    "../tslib": {
      "name": "juniper-tslib",
      "version": "1.0.0",
      "dependencies": {
        "gl-matrix": "3.4.3"
      },
      "devDependencies": {
        "tslib": "2.3.1",
        "typescript": "4.3.5"
      }
    },
    "node_modules/gl-matrix": {
      "version": "3.4.3",
      "resolved": "https://registry.npmjs.org/gl-matrix/-/gl-matrix-3.4.3.tgz",
      "integrity": "sha512-wcCp8vu8FT22BnvKVPjXa/ICBWRq/zjFfdofZy1WSpQZpphblv12/bOQLBC1rMM7SGOFS9ltVmKOHil5+Ml7gA=="
    },
    "node_modules/juniper-dom": {
      "resolved": "../dom",
      "link": true
    },
    "node_modules/juniper-fetcher": {
      "resolved": "../fetcher",
      "link": true
    },
    "node_modules/juniper-tslib": {
      "resolved": "../tslib",
      "link": true
    },
    "node_modules/tslib": {
      "version": "2.3.1",
      "resolved": "https://registry.npmjs.org/tslib/-/tslib-2.3.1.tgz",
      "integrity": "sha512-77EbyPPpMz+FRFRuAFlWMtmgUWGe9UOG2Z25NqCwiIjRhOf5iKGuzSe5P2w1laq+FkRy4p+PCuVkJSGkzTEKVw==",
      "dev": true
    },
    "node_modules/typescript": {
      "version": "4.3.5",
      "resolved": "https://registry.npmjs.org/typescript/-/typescript-4.3.5.tgz",
      "integrity": "sha512-DqQgihaQ9cUrskJo9kIyW/+g0Vxsk8cDtZ52a3NGh0YNTfpUSArXSohyUGnvbPazEPLu398C0UxmKSOrPumUzA==",
      "dev": true,
      "bin": {
        "tsc": "bin/tsc",
        "tsserver": "bin/tsserver"
      },
      "engines": {
        "node": ">=4.2.0"
      }
    }
  },
  "dependencies": {
    "gl-matrix": {
      "version": "3.4.3",
      "resolved": "https://registry.npmjs.org/gl-matrix/-/gl-matrix-3.4.3.tgz",
      "integrity": "sha512-wcCp8vu8FT22BnvKVPjXa/ICBWRq/zjFfdofZy1WSpQZpphblv12/bOQLBC1rMM7SGOFS9ltVmKOHil5+Ml7gA=="
    },
    "juniper-dom": {
      "version": "file:../dom",
      "requires": {
        "juniper-mediatypes": "file:../mediatypes",
        "juniper-tslib": "file:../tslib",
        "tslib": "2.3.1",
        "typescript": "4.3.5"
      }
    },
    "juniper-fetcher": {
      "version": "file:../fetcher",
      "requires": {
        "juniper-dom": "file:../dom",
        "juniper-esbuild": "file:../esbuild",
        "juniper-mediatypes": "file:../mediatypes",
        "juniper-tslib": "file:../tslib",
        "tslib": "2.3.1",
        "typescript": "4.3.5"
      }
    },
    "juniper-tslib": {
      "version": "file:../tslib",
      "requires": {
        "gl-matrix": "3.4.3",
        "tslib": "2.3.1",
        "typescript": "4.3.5"
      }
    },
    "tslib": {
      "version": "2.3.1",
      "resolved": "https://registry.npmjs.org/tslib/-/tslib-2.3.1.tgz",
      "integrity": "sha512-77EbyPPpMz+FRFRuAFlWMtmgUWGe9UOG2Z25NqCwiIjRhOf5iKGuzSe5P2w1laq+FkRy4p+PCuVkJSGkzTEKVw==",
      "dev": true
    },
    "typescript": {
      "version": "4.3.5",
      "resolved": "https://registry.npmjs.org/typescript/-/typescript-4.3.5.tgz",
      "integrity": "sha512-DqQgihaQ9cUrskJo9kIyW/+g0Vxsk8cDtZ52a3NGh0YNTfpUSArXSohyUGnvbPazEPLu398C0UxmKSOrPumUzA==",
      "dev": true
    }
  }
}
