{
  "name": "juniper-fetcher-worker",
  "version": "1.0.0",
  "lockfileVersion": 2,
  "requires": true,
  "packages": {
    "": {
      "name": "juniper-fetcher-worker",
      "version": "1.0.0",
      "dependencies": {
        "juniper-dom": "file:../dom",
        "juniper-fetcher-base": "file:../fetcher-base",
        "juniper-mediatypes": "file:../mediatypes",
        "juniper-tslib": "file:../tslib"
      },
      "devDependencies": {
        "@types/offscreencanvas-types": "file:../offscreencanvas-types",
        "juniper-esbuild": "file:../esbuild",
        "tslib": "2.3.1",
        "typescript": "4.5.5"
      }
    },
    "../dom": {
      "name": "juniper-dom",
      "version": "1.0.0",
      "dependencies": {
        "gl-matrix": "3.4.3",
        "juniper-mediatypes": "file:../mediatypes",
        "juniper-tslib": "file:../tslib"
      },
      "devDependencies": {
        "@types/gamepad-types": "file:../gamepad-types",
        "@types/offscreencanvas-types": "file:../offscreencanvas-types",
        "tslib": "2.3.1",
        "typescript": "4.5.5"
      }
    },
    "../esbuild": {
      "name": "juniper-esbuild",
      "version": "1.0.0",
      "dev": true,
      "dependencies": {
        "esbuild": "0.14.16"
      },
      "devDependencies": {
        "@types/node": "17.0.14",
        "tslib": "2.3.1",
        "typescript": "4.5.5"
      }
    },
    "../fetcher-base": {
      "name": "juniper-fetcher-base",
      "version": "1.0.0",
      "dependencies": {
        "juniper-dom": "file:../dom",
        "juniper-mediatypes": "file:../mediatypes",
        "juniper-tslib": "file:../tslib"
      },
      "devDependencies": {
        "@types/offscreencanvas-types": "file:../offscreencanvas-types",
        "tslib": "2.3.1",
        "typescript": "4.5.5"
      }
    },
    "../mediatypes": {
      "name": "juniper-mediatypes",
      "version": "1.0.0",
      "dependencies": {
        "juniper-tslib": "file:../tslib"
      },
      "devDependencies": {
        "tslib": "2.3.1",
        "typescript": "4.5.5"
      }
    },
    "../offscreencanvas-types": {
      "name": "@types/offscreencanvas-types",
      "version": "1.0.0",
      "dev": true
    },
    "../tslib": {
      "name": "juniper-tslib",
      "version": "1.0.0",
      "dependencies": {
        "gl-matrix": "3.4.3"
      },
      "devDependencies": {
        "tslib": "2.3.1",
        "typescript": "4.5.5"
      }
    },
    "node_modules/@types/offscreencanvas-types": {
      "resolved": "../offscreencanvas-types",
      "link": true
    },
    "node_modules/juniper-dom": {
      "resolved": "../dom",
      "link": true
    },
    "node_modules/juniper-esbuild": {
      "resolved": "../esbuild",
      "link": true
    },
    "node_modules/juniper-fetcher-base": {
      "resolved": "../fetcher-base",
      "link": true
    },
    "node_modules/juniper-mediatypes": {
      "resolved": "../mediatypes",
      "link": true
    },
    "node_modules/juniper-tslib": {
      "resolved": "../tslib",
      "link": true
    },
    "node_modules/tslib": {
      "version": "2.3.1",
      "resolved": "https://registry.npmjs.org/tslib/-/tslib-2.3.1.tgz",
      "integrity": "sha512-77EbyPPpMz+FRFRuAFlWMtmgUWGe9UOG2Z25NqCwiIjRhOf5iKGuzSe5P2w1laq+FkRy4p+PCuVkJSGkzTEKVw==",
      "dev": true
    },
    "node_modules/typescript": {
      "version": "4.5.5",
      "resolved": "https://registry.npmjs.org/typescript/-/typescript-4.5.5.tgz",
      "integrity": "sha512-TCTIul70LyWe6IJWT8QSYeA54WQe8EjQFU4wY52Fasj5UKx88LNYKCgBEHcOMOrFF1rKGbD8v/xcNWVUq9SymA==",
      "dev": true,
      "bin": {
        "tsc": "bin/tsc",
        "tsserver": "bin/tsserver"
      },
      "engines": {
        "node": ">=4.2.0"
      }
    }
  },
  "dependencies": {
    "@types/offscreencanvas-types": {
      "version": "file:../offscreencanvas-types"
    },
    "juniper-dom": {
      "version": "file:../dom",
      "requires": {
        "@types/gamepad-types": "file:../gamepad-types",
        "@types/offscreencanvas-types": "file:../offscreencanvas-types",
        "gl-matrix": "3.4.3",
        "juniper-mediatypes": "file:../mediatypes",
        "juniper-tslib": "file:../tslib",
        "tslib": "2.3.1",
        "typescript": "4.5.5"
      }
    },
    "juniper-esbuild": {
      "version": "file:../esbuild",
      "requires": {
        "@types/node": "17.0.14",
        "esbuild": "0.14.16",
        "tslib": "2.3.1",
        "typescript": "4.5.5"
      }
    },
    "juniper-fetcher-base": {
      "version": "file:../fetcher-base",
      "requires": {
        "@types/offscreencanvas-types": "file:../offscreencanvas-types",
        "juniper-dom": "file:../dom",
        "juniper-mediatypes": "file:../mediatypes",
        "juniper-tslib": "file:../tslib",
        "tslib": "2.3.1",
        "typescript": "4.5.5"
      }
    },
    "juniper-mediatypes": {
      "version": "file:../mediatypes",
      "requires": {
        "juniper-tslib": "file:../tslib",
        "tslib": "2.3.1",
        "typescript": "4.5.5"
      }
    },
    "juniper-tslib": {
      "version": "file:../tslib",
      "requires": {
        "gl-matrix": "3.4.3",
        "tslib": "2.3.1",
        "typescript": "4.5.5"
      }
    },
    "tslib": {
      "version": "2.3.1",
      "resolved": "https://registry.npmjs.org/tslib/-/tslib-2.3.1.tgz",
      "integrity": "sha512-77EbyPPpMz+FRFRuAFlWMtmgUWGe9UOG2Z25NqCwiIjRhOf5iKGuzSe5P2w1laq+FkRy4p+PCuVkJSGkzTEKVw==",
      "dev": true
    },
    "typescript": {
      "version": "4.5.5",
      "resolved": "https://registry.npmjs.org/typescript/-/typescript-4.5.5.tgz",
      "integrity": "sha512-TCTIul70LyWe6IJWT8QSYeA54WQe8EjQFU4wY52Fasj5UKx88LNYKCgBEHcOMOrFF1rKGbD8v/xcNWVUq9SymA==",
      "dev": true
    }
  }
}
