{
  "name": "@juniper/worker-client",
  "version": "1.0.0",
  "lockfileVersion": 2,
  "requires": true,
  "packages": {
    "": {
      "name": "@juniper/worker-client",
      "version": "1.0.0",
      "dependencies": {
        "@juniper/tslib": "file:../tslib",
        "@juniper/workers": "file:../workers"
      },
      "devDependencies": {
        "@types/dom-types": "file:../dom-types",
        "@types/extra-types": "file:../extra-types",
        "typescript": "4.6.4"
      }
    },
    "../../etc/three-ts-types": {
      "extraneous": true
    },
    "../audio-types": {
      "name": "@types/audio-types",
      "version": "1.0.0",
      "extraneous": true
    },
    "../battery-types": {
      "name": "@types/battery-types",
      "version": "1.0.0",
      "extraneous": true
    },
    "../collections": {
      "name": "@juniper/collections",
      "version": "1.0.0",
      "extraneous": true,
      "dependencies": {
        "@juniper/tslib": "file:../tslib"
      },
      "devDependencies": {
        "@types/audio-types": "file:../audio-types",
        "@types/battery-types": "file:../battery-types",
        "@types/dom-mediacapture-record": "1.0.11",
        "@types/gamepad-types": "file:../gamepad-types",
        "@types/glsl-types": "file:../glsl-types",
        "@types/google.maps": "3.48.2",
        "@types/idexdb-types": "file:../idexdb-types",
        "@types/offscreencanvas-types": "file:../offscreencanvas-types",
        "@types/three": "0.137.0",
        "@types/web-bluetooth": "0.0.14",
        "@types/webxr-polyfill-types": "file:../webxr-polyfill-types",
        "@types/webxr-types": "file:../webxr-types",
        "@types/yt-dlp": "file:../yt-dlp-types",
        "typescript": "4.5.5"
      }
    },
    "../dom-types": {
      "name": "@types/audio-types",
      "version": "1.0.0",
      "dev": true
    },
    "../events": {
      "name": "@juniper/events",
      "version": "1.0.0",
      "extraneous": true,
      "dependencies": {
        "@juniper/collections": "file:../collections",
        "@juniper/tslib": "file:../tslib"
      },
      "devDependencies": {
        "@types/audio-types": "file:../audio-types",
        "@types/battery-types": "file:../battery-types",
        "@types/dom-mediacapture-record": "1.0.11",
        "@types/gamepad-types": "file:../gamepad-types",
        "@types/glsl-types": "file:../glsl-types",
        "@types/google.maps": "3.48.2",
        "@types/idexdb-types": "file:../idexdb-types",
        "@types/offscreencanvas-types": "file:../offscreencanvas-types",
        "@types/three": "0.137.0",
        "@types/web-bluetooth": "0.0.14",
        "@types/webxr-polyfill-types": "file:../webxr-polyfill-types",
        "@types/webxr-types": "file:../webxr-types",
        "@types/yt-dlp": "file:../yt-dlp-types",
        "typescript": "4.5.5"
      }
    },
    "../extra-types": {
      "name": "@types/glsl-types",
      "version": "1.0.0",
      "dev": true
    },
    "../gamepad-types": {
      "name": "@types/gamepad-types",
      "version": "1.0.0",
      "extraneous": true
    },
    "../glsl-types": {
      "name": "@types/glsl-types",
      "version": "1.0.0",
      "extraneous": true
    },
    "../idexdb-types": {
      "name": "@types/idexdb-types",
      "version": "1.0.0",
      "extraneous": true
    },
    "../offscreencanvas-types": {
      "name": "@types/offscreencanvas-types",
      "version": "1.0.0",
      "extraneous": true
    },
    "../progress": {
      "name": "@juniper/progress",
      "version": "1.0.0",
      "extraneous": true,
      "dependencies": {
        "@juniper/collections": "file:../collections",
        "@juniper/events": "file:../events",
        "@juniper/tslib": "file:../tslib"
      },
      "devDependencies": {
        "@types/audio-types": "file:../audio-types",
        "@types/battery-types": "file:../battery-types",
        "@types/dom-mediacapture-record": "1.0.11",
        "@types/gamepad-types": "file:../gamepad-types",
        "@types/glsl-types": "file:../glsl-types",
        "@types/google.maps": "3.48.2",
        "@types/idexdb-types": "file:../idexdb-types",
        "@types/offscreencanvas-types": "file:../offscreencanvas-types",
        "@types/three": "0.137.0",
        "@types/web-bluetooth": "0.0.14",
        "@types/webxr-polyfill-types": "file:../webxr-polyfill-types",
        "@types/webxr-types": "file:../webxr-types",
        "@types/yt-dlp": "file:../yt-dlp-types",
        "typescript": "4.5.5"
      }
    },
    "../tslib": {
      "name": "@juniper/tslib",
      "version": "1.0.0",
      "dependencies": {
        "gl-matrix": "3.4.3"
      },
      "devDependencies": {
        "@types/extra-types": "file:../extra-types",
        "typescript": "4.6.4"
      }
    },
    "../webxr-polyfill-types": {
      "name": "@types/webxr-polyfill-types",
      "version": "1.0.0",
      "extraneous": true
    },
    "../webxr-types": {
      "name": "@types/webxr-types",
      "version": "1.0.0",
      "extraneous": true
    },
    "../workers": {
      "name": "@juniper/workers",
      "version": "1.0.0",
      "dependencies": {
        "@juniper/tslib": "file:../tslib"
      },
      "devDependencies": {
        "@types/extra-types": "file:../extra-types",
        "typescript": "4.6.4"
      }
    },
    "../yt-dlp-types": {
      "name": "@types/yt-dlp",
      "version": "1.0.0",
      "extraneous": true
    },
    "node_modules/@juniper/tslib": {
      "resolved": "../tslib",
      "link": true
    },
    "node_modules/@juniper/workers": {
      "resolved": "../workers",
      "link": true
    },
    "node_modules/@types/dom-types": {
      "resolved": "../dom-types",
      "link": true
    },
    "node_modules/@types/extra-types": {
      "resolved": "../extra-types",
      "link": true
    },
    "node_modules/typescript": {
      "version": "4.6.4",
      "resolved": "https://registry.npmjs.org/typescript/-/typescript-4.6.4.tgz",
      "integrity": "sha512-9ia/jWHIEbo49HfjrLGfKbZSuWo9iTMwXO+Ca3pRsSpbsMbc7/IU8NKdCZVRRBafVPGnoJeFL76ZOAA84I9fEg==",
      "dev": true,
      "bin": {
        "tsc": "bin/tsc",
        "tsserver": "bin/tsserver"
      },
      "engines": {
        "node": ">=4.2.0"
      }
    }
  },
  "dependencies": {
    "@juniper/tslib": {
      "version": "file:../tslib",
      "requires": {
        "@types/extra-types": "file:../extra-types",
        "gl-matrix": "3.4.3",
        "typescript": "4.6.4"
      }
    },
    "@juniper/workers": {
      "version": "file:../workers",
      "requires": {
        "@juniper/tslib": "file:../tslib",
        "@types/extra-types": "file:../extra-types",
        "typescript": "4.6.4"
      }
    },
    "@types/dom-types": {
      "version": "file:../dom-types"
    },
    "@types/extra-types": {
      "version": "file:../extra-types"
    },
    "typescript": {
      "version": "4.6.4",
      "resolved": "https://registry.npmjs.org/typescript/-/typescript-4.6.4.tgz",
      "integrity": "sha512-9ia/jWHIEbo49HfjrLGfKbZSuWo9iTMwXO+Ca3pRsSpbsMbc7/IU8NKdCZVRRBafVPGnoJeFL76ZOAA84I9fEg==",
      "dev": true
    }
  }
}
