{
  "name": "@juniper/google-maps",
  "version": "1.0.0",
  "lockfileVersion": 2,
  "requires": true,
  "packages": {
    "": {
      "name": "@juniper/google-maps",
      "version": "1.0.0",
      "dependencies": {
        "@googlemaps/js-api-loader": "1.14.1",
        "@juniper/tslib": "file:../tslib",
        "gl-matrix": "3.4.3"
      },
      "devDependencies": {
        "@types/dom-types": "file:../dom-types",
        "@types/extra-types": "file:../extra-types",
        "@types/google.maps": "3.48.7",
        "typescript": "4.6.4"
      }
    },
    "../../etc/three-ts-types": {
      "extraneous": true
    },
    "../audio-types": {
      "name": "@types/audio-types",
      "version": "1.0.0",
      "extraneous": true
    },
    "../battery-types": {
      "name": "@types/battery-types",
      "version": "1.0.0",
      "extraneous": true
    },
    "../dom-types": {
      "name": "@types/audio-types",
      "version": "1.0.0",
      "dev": true
    },
    "../events": {
      "name": "@juniper/events",
      "version": "1.0.0",
      "extraneous": true,
      "dependencies": {
        "@juniper/collections": "file:../collections",
        "@juniper/tslib": "file:../tslib"
      },
      "devDependencies": {
        "@types/audio-types": "file:../audio-types",
        "@types/battery-types": "file:../battery-types",
        "@types/dom-mediacapture-record": "1.0.11",
        "@types/gamepad-types": "file:../gamepad-types",
        "@types/glsl-types": "file:../glsl-types",
        "@types/google.maps": "3.48.2",
        "@types/idexdb-types": "file:../idexdb-types",
        "@types/offscreencanvas-types": "file:../offscreencanvas-types",
        "@types/three": "0.137.0",
        "@types/web-bluetooth": "0.0.14",
        "@types/webxr-polyfill-types": "file:../webxr-polyfill-types",
        "@types/webxr-types": "file:../webxr-types",
        "@types/yt-dlp": "file:../yt-dlp-types",
        "typescript": "4.5.5"
      }
    },
    "../extra-types": {
      "name": "@types/glsl-types",
      "version": "1.0.0",
      "dev": true
    },
    "../gamepad-types": {
      "name": "@types/gamepad-types",
      "version": "1.0.0",
      "extraneous": true
    },
    "../gis": {
      "name": "@juniper/gis",
      "version": "1.0.0",
      "extraneous": true,
      "dependencies": {
        "@juniper/math": "file:../math",
        "@juniper/tslib": "file:../tslib",
        "gl-matrix": "3.4.3"
      },
      "devDependencies": {
        "@types/audio-types": "file:../audio-types",
        "@types/battery-types": "file:../battery-types",
        "@types/dom-mediacapture-record": "1.0.11",
        "@types/gamepad-types": "file:../gamepad-types",
        "@types/glsl-types": "file:../glsl-types",
        "@types/google.maps": "3.48.2",
        "@types/idexdb-types": "file:../idexdb-types",
        "@types/offscreencanvas-types": "file:../offscreencanvas-types",
        "@types/three": "0.137.0",
        "@types/web-bluetooth": "0.0.14",
        "@types/webxr-polyfill-types": "file:../webxr-polyfill-types",
        "@types/webxr-types": "file:../webxr-types",
        "@types/yt-dlp": "file:../yt-dlp-types",
        "typescript": "4.5.5"
      }
    },
    "../glsl-types": {
      "name": "@types/glsl-types",
      "version": "1.0.0",
      "extraneous": true
    },
    "../idexdb-types": {
      "name": "@types/idexdb-types",
      "version": "1.0.0",
      "extraneous": true
    },
    "../offscreencanvas-types": {
      "name": "@types/offscreencanvas-types",
      "version": "1.0.0",
      "extraneous": true
    },
    "../tslib": {
      "name": "@juniper/tslib",
      "version": "1.0.0",
      "dependencies": {
        "gl-matrix": "3.4.3"
      },
      "devDependencies": {
        "@types/extra-types": "file:../extra-types",
        "typescript": "4.6.4"
      }
    },
    "../webxr-polyfill-types": {
      "name": "@types/webxr-polyfill-types",
      "version": "1.0.0",
      "extraneous": true
    },
    "../webxr-types": {
      "name": "@types/webxr-types",
      "version": "1.0.0",
      "extraneous": true
    },
    "../yt-dlp-types": {
      "name": "@types/yt-dlp",
      "version": "1.0.0",
      "extraneous": true
    },
    "node_modules/@googlemaps/js-api-loader": {
      "version": "1.14.1",
      "resolved": "https://registry.npmjs.org/@googlemaps/js-api-loader/-/js-api-loader-1.14.1.tgz",
      "integrity": "sha512-LqyjmeynkXZqocdlsaOgNhsqaonKGRX/E+1yX0XKSQYFXNFjGu4E24ZPALPJv7QrjOqUK9UtniW2JRbBIYyBxw==",
      "dependencies": {
        "fast-deep-equal": "^3.1.3"
      }
    },
    "node_modules/@juniper/tslib": {
      "resolved": "../tslib",
      "link": true
    },
    "node_modules/@types/dom-types": {
      "resolved": "../dom-types",
      "link": true
    },
    "node_modules/@types/extra-types": {
      "resolved": "../extra-types",
      "link": true
    },
    "node_modules/@types/google.maps": {
      "version": "3.48.7",
      "resolved": "https://registry.npmjs.org/@types/google.maps/-/google.maps-3.48.7.tgz",
      "integrity": "sha512-mssJhNv6jwk+zyh0MpYWWTsL99l84nEz7m+l0p4MY2f2iqdkOYl2kDFdB7g7ME0ih41V0kaZXsjntkq5ul/UyQ==",
      "dev": true
    },
    "node_modules/fast-deep-equal": {
      "version": "3.1.3",
      "resolved": "https://registry.npmjs.org/fast-deep-equal/-/fast-deep-equal-3.1.3.tgz",
      "integrity": "sha512-f3qQ9oQy9j2AhBe/H9VC91wLmKBCCU/gDOnKNAYG5hswO7BLKj09Hc5HYNz9cGI++xlpDCIgDaitVs03ATR84Q=="
    },
    "node_modules/gl-matrix": {
      "version": "3.4.3",
      "resolved": "https://registry.npmjs.org/gl-matrix/-/gl-matrix-3.4.3.tgz",
      "integrity": "sha512-wcCp8vu8FT22BnvKVPjXa/ICBWRq/zjFfdofZy1WSpQZpphblv12/bOQLBC1rMM7SGOFS9ltVmKOHil5+Ml7gA=="
    },
    "node_modules/typescript": {
      "version": "4.6.4",
      "resolved": "https://registry.npmjs.org/typescript/-/typescript-4.6.4.tgz",
      "integrity": "sha512-9ia/jWHIEbo49HfjrLGfKbZSuWo9iTMwXO+Ca3pRsSpbsMbc7/IU8NKdCZVRRBafVPGnoJeFL76ZOAA84I9fEg==",
      "dev": true,
      "bin": {
        "tsc": "bin/tsc",
        "tsserver": "bin/tsserver"
      },
      "engines": {
        "node": ">=4.2.0"
      }
    }
  },
  "dependencies": {
    "@googlemaps/js-api-loader": {
      "version": "1.14.1",
      "resolved": "https://registry.npmjs.org/@googlemaps/js-api-loader/-/js-api-loader-1.14.1.tgz",
      "integrity": "sha512-LqyjmeynkXZqocdlsaOgNhsqaonKGRX/E+1yX0XKSQYFXNFjGu4E24ZPALPJv7QrjOqUK9UtniW2JRbBIYyBxw==",
      "requires": {
        "fast-deep-equal": "^3.1.3"
      }
    },
    "@juniper/tslib": {
      "version": "file:../tslib",
      "requires": {
        "@types/extra-types": "file:../extra-types",
        "gl-matrix": "3.4.3",
        "typescript": "4.6.4"
      }
    },
    "@types/dom-types": {
      "version": "file:../dom-types"
    },
    "@types/extra-types": {
      "version": "file:../extra-types"
    },
    "@types/google.maps": {
      "version": "3.48.7",
      "resolved": "https://registry.npmjs.org/@types/google.maps/-/google.maps-3.48.7.tgz",
      "integrity": "sha512-mssJhNv6jwk+zyh0MpYWWTsL99l84nEz7m+l0p4MY2f2iqdkOYl2kDFdB7g7ME0ih41V0kaZXsjntkq5ul/UyQ==",
      "dev": true
    },
    "fast-deep-equal": {
      "version": "3.1.3",
      "resolved": "https://registry.npmjs.org/fast-deep-equal/-/fast-deep-equal-3.1.3.tgz",
      "integrity": "sha512-f3qQ9oQy9j2AhBe/H9VC91wLmKBCCU/gDOnKNAYG5hswO7BLKj09Hc5HYNz9cGI++xlpDCIgDaitVs03ATR84Q=="
    },
    "gl-matrix": {
      "version": "3.4.3",
      "resolved": "https://registry.npmjs.org/gl-matrix/-/gl-matrix-3.4.3.tgz",
      "integrity": "sha512-wcCp8vu8FT22BnvKVPjXa/ICBWRq/zjFfdofZy1WSpQZpphblv12/bOQLBC1rMM7SGOFS9ltVmKOHil5+Ml7gA=="
    },
    "typescript": {
      "version": "4.6.4",
      "resolved": "https://registry.npmjs.org/typescript/-/typescript-4.6.4.tgz",
      "integrity": "sha512-9ia/jWHIEbo49HfjrLGfKbZSuWo9iTMwXO+Ca3pRsSpbsMbc7/IU8NKdCZVRRBafVPGnoJeFL76ZOAA84I9fEg==",
      "dev": true
    }
  }
}
