{
  "name": "@juniper/google-maps",
  "version": "1.0.0",
  "lockfileVersion": 2,
  "requires": true,
  "packages": {
    "": {
      "name": "@juniper/google-maps",
      "version": "1.0.0",
      "dependencies": {
        "@googlemaps/js-api-loader": "1.13.7",
        "@juniper/events": "file:../events",
        "@juniper/gis": "file:../gis",
        "@juniper/tslib": "file:../tslib",
        "@types/google.maps": "3.48.2",
        "gl-matrix": "3.4.3"
      },
      "devDependencies": {
        "typescript": "4.5.5"
      }
    },
    "../events": {
      "name": "@juniper/events",
      "version": "1.0.0",
      "dependencies": {
        "@juniper/collections": "file:../collections",
        "@juniper/tslib": "file:../tslib"
      },
      "devDependencies": {
        "typescript": "4.5.5"
      }
    },
    "../gis": {
      "name": "@juniper/gis",
      "version": "1.0.0",
      "dependencies": {
        "@juniper/math": "file:../math",
        "@juniper/tslib": "file:../tslib",
        "gl-matrix": "3.4.3"
      },
      "devDependencies": {
        "typescript": "4.5.5"
      }
    },
    "../tslib": {
      "name": "@juniper/tslib",
      "version": "1.0.0",
      "dependencies": {
        "gl-matrix": "3.4.3"
      },
      "devDependencies": {
        "typescript": "4.5.5"
      }
    },
    "node_modules/@googlemaps/js-api-loader": {
      "version": "1.13.7",
      "resolved": "https://registry.npmjs.org/@googlemaps/js-api-loader/-/js-api-loader-1.13.7.tgz",
      "integrity": "sha512-nR37TVS7797p91Eng1NxEVpLeFz5H2TXkJHSBaFEM8wid+ffgBdmwRD2uD7TbcLBmHjRABLPrXPAyXhugx97tA==",
      "dependencies": {
        "fast-deep-equal": "^3.1.3"
      }
    },
    "node_modules/@juniper/events": {
      "resolved": "../events",
      "link": true
    },
    "node_modules/@juniper/gis": {
      "resolved": "../gis",
      "link": true
    },
    "node_modules/@juniper/tslib": {
      "resolved": "../tslib",
      "link": true
    },
    "node_modules/@types/google.maps": {
      "version": "3.48.2",
      "resolved": "https://registry.npmjs.org/@types/google.maps/-/google.maps-3.48.2.tgz",
      "integrity": "sha512-ulxQ3eLy3s/l5KChx040FzsecC/2+JFWaF+FxGp628bJjqDL50vkzkRNEy1QlWOxHk5wKFfJvBonQrla/z82oA=="
    },
    "node_modules/fast-deep-equal": {
      "version": "3.1.3",
      "resolved": "https://registry.npmjs.org/fast-deep-equal/-/fast-deep-equal-3.1.3.tgz",
      "integrity": "sha512-f3qQ9oQy9j2AhBe/H9VC91wLmKBCCU/gDOnKNAYG5hswO7BLKj09Hc5HYNz9cGI++xlpDCIgDaitVs03ATR84Q=="
    },
    "node_modules/gl-matrix": {
      "version": "3.4.3",
      "resolved": "https://registry.npmjs.org/gl-matrix/-/gl-matrix-3.4.3.tgz",
      "integrity": "sha512-wcCp8vu8FT22BnvKVPjXa/ICBWRq/zjFfdofZy1WSpQZpphblv12/bOQLBC1rMM7SGOFS9ltVmKOHil5+Ml7gA=="
    },
    "node_modules/typescript": {
      "version": "4.5.5",
      "resolved": "https://registry.npmjs.org/typescript/-/typescript-4.5.5.tgz",
      "integrity": "sha512-TCTIul70LyWe6IJWT8QSYeA54WQe8EjQFU4wY52Fasj5UKx88LNYKCgBEHcOMOrFF1rKGbD8v/xcNWVUq9SymA==",
      "dev": true,
      "bin": {
        "tsc": "bin/tsc",
        "tsserver": "bin/tsserver"
      },
      "engines": {
        "node": ">=4.2.0"
      }
    }
  },
  "dependencies": {
    "@googlemaps/js-api-loader": {
      "version": "1.13.7",
      "resolved": "https://registry.npmjs.org/@googlemaps/js-api-loader/-/js-api-loader-1.13.7.tgz",
      "integrity": "sha512-nR37TVS7797p91Eng1NxEVpLeFz5H2TXkJHSBaFEM8wid+ffgBdmwRD2uD7TbcLBmHjRABLPrXPAyXhugx97tA==",
      "requires": {
        "fast-deep-equal": "^3.1.3"
      }
    },
    "@juniper/events": {
      "version": "file:../events",
      "requires": {
        "@juniper/collections": "file:../collections",
        "@juniper/tslib": "file:../tslib",
        "typescript": "4.5.5"
      }
    },
    "@juniper/gis": {
      "version": "file:../gis",
      "requires": {
        "@juniper/math": "file:../math",
        "@juniper/tslib": "file:../tslib",
        "gl-matrix": "3.4.3",
        "typescript": "4.5.5"
      }
    },
    "@juniper/tslib": {
      "version": "file:../tslib",
      "requires": {
        "gl-matrix": "3.4.3",
        "typescript": "4.5.5"
      }
    },
    "@types/google.maps": {
      "version": "3.48.2",
      "resolved": "https://registry.npmjs.org/@types/google.maps/-/google.maps-3.48.2.tgz",
      "integrity": "sha512-ulxQ3eLy3s/l5KChx040FzsecC/2+JFWaF+FxGp628bJjqDL50vkzkRNEy1QlWOxHk5wKFfJvBonQrla/z82oA=="
    },
    "fast-deep-equal": {
      "version": "3.1.3",
      "resolved": "https://registry.npmjs.org/fast-deep-equal/-/fast-deep-equal-3.1.3.tgz",
      "integrity": "sha512-f3qQ9oQy9j2AhBe/H9VC91wLmKBCCU/gDOnKNAYG5hswO7BLKj09Hc5HYNz9cGI++xlpDCIgDaitVs03ATR84Q=="
    },
    "gl-matrix": {
      "version": "3.4.3",
      "resolved": "https://registry.npmjs.org/gl-matrix/-/gl-matrix-3.4.3.tgz",
      "integrity": "sha512-wcCp8vu8FT22BnvKVPjXa/ICBWRq/zjFfdofZy1WSpQZpphblv12/bOQLBC1rMM7SGOFS9ltVmKOHil5+Ml7gA=="
    },
    "typescript": {
      "version": "4.5.5",
      "resolved": "https://registry.npmjs.org/typescript/-/typescript-4.5.5.tgz",
      "integrity": "sha512-TCTIul70LyWe6IJWT8QSYeA54WQe8EjQFU4wY52Fasj5UKx88LNYKCgBEHcOMOrFF1rKGbD8v/xcNWVUq9SymA==",
      "dev": true
    }
  }
}
