
Microsoft Visual Studio Solution File, Format Version 12.00
# Visual Studio Version 16
VisualStudioVersion = 16.0.28809.33
MinimumVisualStudioVersion = 10.0.40219.1
Project("{FAE04EC0-301F-11D3-BF4B-00C04F79EFBC}") = "Juniper.Units", "Juniper.Units\src\Juniper.Units.csproj", "{D1D31FD0-65EE-4576-828B-E0F60E3BF4AE}"
EndProject
Project("{FAE04EC0-301F-11D3-BF4B-00C04F79EFBC}") = "Juniper.Units.Tests", "Juniper.Units\tests\Juniper.Units.Tests.csproj", "{BE2161F2-5926-4CE7-9F75-2DEABE4F2FA0}"
EndProject
Project("{FAE04EC0-301F-11D3-BF4B-00C04F79EFBC}") = "Juniper.NeuroSky", "Juniper.NeuroSky\src\Juniper.NeuroSky.csproj", "{93E9DA18-7AE9-4A83-B2EF-5B5E71308DCE}"
EndProject
Project("{FAE04EC0-301F-11D3-BF4B-00C04F79EFBC}") = "Juniper.NeuroSky.Console", "Juniper.NeuroSky\tests\Juniper.NeuroSky.Console.csproj", "{A949A1B5-1953-46FB-8FEA-107B6AC79310}"
EndProject
Project("{FAE04EC0-301F-11D3-BF4B-00C04F79EFBC}") = "Juniper.Common", "Juniper.Common\src\Juniper.Common\Juniper.Common.csproj", "{1FC6095D-E158-4723-A301-D2A3DCAF5790}"
EndProject
Project("{FAE04EC0-301F-11D3-BF4B-00C04F79EFBC}") = "Hjg.Pngcs", "Hjg.Pngcs\Hjg.Pngcs.csproj", "{D1A0316A-2512-4A58-AF0D-D4B6943B4992}"
EndProject
Project("{FAE04EC0-301F-11D3-BF4B-00C04F79EFBC}") = "Juniper.Common.Tests", "Juniper.Common\tests\Juniper.Common.Tests.csproj", "{25CA2932-8707-438C-9060-0BA9C56C8D1B}"
EndProject
Project("{FAE04EC0-301F-11D3-BF4B-00C04F79EFBC}") = "Juniper.Units.Console", "Juniper.Units\Juniper.Units.Console\Juniper.Units.Console.csproj", "{795F4DD4-E3CC-4663-915D-9D73F105336B}"
EndProject
Project("{2150E333-8FDC-42A3-9474-1A3956D46DE8}") = "Third Party", "Third Party", "{C4555666-E293-4845-A479-FA86742283E3}"
EndProject
Project("{FAE04EC0-301F-11D3-BF4B-00C04F79EFBC}") = "Imaging.Algorithms.LINE2D", "accord-net-extensions\Source\ImageProcessing\FastTemplateMatching\Imaging.Algorithms.LINE2D.csproj", "{5F6B97F8-7EA6-4B5D-9A5D-F5581505C303}"
EndProject
Project("{FAE04EC0-301F-11D3-BF4B-00C04F79EFBC}") = "Imaging.Algorithms", "accord-net-extensions\Source\ImageProcessing\Imaging.Algorithms\Imaging.Algorithms.csproj", "{91C6AE50-EE09-4E3D-8EBB-1BD42688D042}"
EndProject
Project("{2150E333-8FDC-42A3-9474-1A3956D46DE8}") = "Accord.NET Extensions", "Accord.NET Extensions", "{DE86ABF4-971E-431A-AAB9-B981C1D09239}"
EndProject
Project("{FAE04EC0-301F-11D3-BF4B-00C04F79EFBC}") = "Vision", "accord-net-extensions\Source\ImageProcessing\Vision\Vision.csproj", "{901E6881-6237-49C8-8DDF-5E2491D7D1D0}"
EndProject
Project("{FAE04EC0-301F-11D3-BF4B-00C04F79EFBC}") = "Math", "accord-net-extensions\Source\Math\Math\Math.csproj", "{23880A3C-B97D-4139-8355-6DC599DD1576}"
EndProject
Project("{FAE04EC0-301F-11D3-BF4B-00C04F79EFBC}") = "Statistics", "accord-net-extensions\Source\Math\Statistics\Statistics.csproj", "{D10C7255-8BAB-452F-AF0F-4CEC06F92A26}"
EndProject
Project("{FAE04EC0-301F-11D3-BF4B-00C04F79EFBC}") = "Core", "accord-net-extensions\Source\Support\Core\Core.csproj", "{F46115E9-C4FC-4355-93AE-BE8E96B236C9}"
EndProject
Project("{FAE04EC0-301F-11D3-BF4B-00C04F79EFBC}") = "Imaging.AForgeInterop", "accord-net-extensions\Source\Support\Imaging.AForgeInterop\Imaging.AForgeInterop.csproj", "{F4E40964-C640-4C87-9E3E-A1F1266FBC73}"
EndProject
Global
	GlobalSection(SolutionConfigurationPlatforms) = preSolution
		Debug|Any CPU = Debug|Any CPU
		Debug|x64 = Debug|x64
		Debug|x86 = Debug|x86
		Release|Any CPU = Release|Any CPU
		Release|x64 = Release|x64
		Release|x86 = Release|x86
	EndGlobalSection
	GlobalSection(ProjectConfigurationPlatforms) = postSolution
		{D1D31FD0-65EE-4576-828B-E0F60E3BF4AE}.Debug|Any CPU.ActiveCfg = Debug|Any CPU
		{D1D31FD0-65EE-4576-828B-E0F60E3BF4AE}.Debug|Any CPU.Build.0 = Debug|Any CPU
		{D1D31FD0-65EE-4576-828B-E0F60E3BF4AE}.Debug|x64.ActiveCfg = Debug|Any CPU
		{D1D31FD0-65EE-4576-828B-E0F60E3BF4AE}.Debug|x64.Build.0 = Debug|Any CPU
		{D1D31FD0-65EE-4576-828B-E0F60E3BF4AE}.Debug|x86.ActiveCfg = Debug|Any CPU
		{D1D31FD0-65EE-4576-828B-E0F60E3BF4AE}.Debug|x86.Build.0 = Debug|Any CPU
		{D1D31FD0-65EE-4576-828B-E0F60E3BF4AE}.Release|Any CPU.ActiveCfg = Release|Any CPU
		{D1D31FD0-65EE-4576-828B-E0F60E3BF4AE}.Release|Any CPU.Build.0 = Release|Any CPU
		{D1D31FD0-65EE-4576-828B-E0F60E3BF4AE}.Release|x64.ActiveCfg = Release|Any CPU
		{D1D31FD0-65EE-4576-828B-E0F60E3BF4AE}.Release|x64.Build.0 = Release|Any CPU
		{D1D31FD0-65EE-4576-828B-E0F60E3BF4AE}.Release|x86.ActiveCfg = Release|Any CPU
		{D1D31FD0-65EE-4576-828B-E0F60E3BF4AE}.Release|x86.Build.0 = Release|Any CPU
		{BE2161F2-5926-4CE7-9F75-2DEABE4F2FA0}.Debug|Any CPU.ActiveCfg = Debug|Any CPU
		{BE2161F2-5926-4CE7-9F75-2DEABE4F2FA0}.Debug|Any CPU.Build.0 = Debug|Any CPU
		{BE2161F2-5926-4CE7-9F75-2DEABE4F2FA0}.Debug|x64.ActiveCfg = Debug|Any CPU
		{BE2161F2-5926-4CE7-9F75-2DEABE4F2FA0}.Debug|x64.Build.0 = Debug|Any CPU
		{BE2161F2-5926-4CE7-9F75-2DEABE4F2FA0}.Debug|x86.ActiveCfg = Debug|Any CPU
		{BE2161F2-5926-4CE7-9F75-2DEABE4F2FA0}.Debug|x86.Build.0 = Debug|Any CPU
		{BE2161F2-5926-4CE7-9F75-2DEABE4F2FA0}.Release|Any CPU.ActiveCfg = Release|Any CPU
		{BE2161F2-5926-4CE7-9F75-2DEABE4F2FA0}.Release|Any CPU.Build.0 = Release|Any CPU
		{BE2161F2-5926-4CE7-9F75-2DEABE4F2FA0}.Release|x64.ActiveCfg = Release|Any CPU
		{BE2161F2-5926-4CE7-9F75-2DEABE4F2FA0}.Release|x64.Build.0 = Release|Any CPU
		{BE2161F2-5926-4CE7-9F75-2DEABE4F2FA0}.Release|x86.ActiveCfg = Release|Any CPU
		{BE2161F2-5926-4CE7-9F75-2DEABE4F2FA0}.Release|x86.Build.0 = Release|Any CPU
		{93E9DA18-7AE9-4A83-B2EF-5B5E71308DCE}.Debug|Any CPU.ActiveCfg = Debug|x64
		{93E9DA18-7AE9-4A83-B2EF-5B5E71308DCE}.Debug|Any CPU.Build.0 = Debug|x64
		{93E9DA18-7AE9-4A83-B2EF-5B5E71308DCE}.Debug|x64.ActiveCfg = Debug|x64
		{93E9DA18-7AE9-4A83-B2EF-5B5E71308DCE}.Debug|x64.Build.0 = Debug|x64
		{93E9DA18-7AE9-4A83-B2EF-5B5E71308DCE}.Debug|x86.ActiveCfg = Debug|x86
		{93E9DA18-7AE9-4A83-B2EF-5B5E71308DCE}.Debug|x86.Build.0 = Debug|x86
		{93E9DA18-7AE9-4A83-B2EF-5B5E71308DCE}.Release|Any CPU.ActiveCfg = Release|x64
		{93E9DA18-7AE9-4A83-B2EF-5B5E71308DCE}.Release|Any CPU.Build.0 = Release|x64
		{93E9DA18-7AE9-4A83-B2EF-5B5E71308DCE}.Release|x64.ActiveCfg = Release|x64
		{93E9DA18-7AE9-4A83-B2EF-5B5E71308DCE}.Release|x64.Build.0 = Release|x64
		{93E9DA18-7AE9-4A83-B2EF-5B5E71308DCE}.Release|x86.ActiveCfg = Release|x86
		{93E9DA18-7AE9-4A83-B2EF-5B5E71308DCE}.Release|x86.Build.0 = Release|x86
		{A949A1B5-1953-46FB-8FEA-107B6AC79310}.Debug|Any CPU.ActiveCfg = Debug|x64
		{A949A1B5-1953-46FB-8FEA-107B6AC79310}.Debug|Any CPU.Build.0 = Debug|x64
		{A949A1B5-1953-46FB-8FEA-107B6AC79310}.Debug|x64.ActiveCfg = Debug|x64
		{A949A1B5-1953-46FB-8FEA-107B6AC79310}.Debug|x64.Build.0 = Debug|x64
		{A949A1B5-1953-46FB-8FEA-107B6AC79310}.Debug|x86.ActiveCfg = Debug|x86
		{A949A1B5-1953-46FB-8FEA-107B6AC79310}.Debug|x86.Build.0 = Debug|x86
		{A949A1B5-1953-46FB-8FEA-107B6AC79310}.Release|Any CPU.ActiveCfg = Release|x64
		{A949A1B5-1953-46FB-8FEA-107B6AC79310}.Release|Any CPU.Build.0 = Release|x64
		{A949A1B5-1953-46FB-8FEA-107B6AC79310}.Release|x64.ActiveCfg = Release|x64
		{A949A1B5-1953-46FB-8FEA-107B6AC79310}.Release|x64.Build.0 = Release|x64
		{A949A1B5-1953-46FB-8FEA-107B6AC79310}.Release|x86.ActiveCfg = Release|x86
		{A949A1B5-1953-46FB-8FEA-107B6AC79310}.Release|x86.Build.0 = Release|x86
		{1FC6095D-E158-4723-A301-D2A3DCAF5790}.Debug|Any CPU.ActiveCfg = Debug|Any CPU
		{1FC6095D-E158-4723-A301-D2A3DCAF5790}.Debug|Any CPU.Build.0 = Debug|Any CPU
		{1FC6095D-E158-4723-A301-D2A3DCAF5790}.Debug|x64.ActiveCfg = Debug|Any CPU
		{1FC6095D-E158-4723-A301-D2A3DCAF5790}.Debug|x64.Build.0 = Debug|Any CPU
		{1FC6095D-E158-4723-A301-D2A3DCAF5790}.Debug|x86.ActiveCfg = Debug|Any CPU
		{1FC6095D-E158-4723-A301-D2A3DCAF5790}.Debug|x86.Build.0 = Debug|Any CPU
		{1FC6095D-E158-4723-A301-D2A3DCAF5790}.Release|Any CPU.ActiveCfg = Release|Any CPU
		{1FC6095D-E158-4723-A301-D2A3DCAF5790}.Release|Any CPU.Build.0 = Release|Any CPU
		{1FC6095D-E158-4723-A301-D2A3DCAF5790}.Release|x64.ActiveCfg = Release|Any CPU
		{1FC6095D-E158-4723-A301-D2A3DCAF5790}.Release|x64.Build.0 = Release|Any CPU
		{1FC6095D-E158-4723-A301-D2A3DCAF5790}.Release|x86.ActiveCfg = Release|Any CPU
		{1FC6095D-E158-4723-A301-D2A3DCAF5790}.Release|x86.Build.0 = Release|Any CPU
		{D1A0316A-2512-4A58-AF0D-D4B6943B4992}.Debug|Any CPU.ActiveCfg = Debug|Any CPU
		{D1A0316A-2512-4A58-AF0D-D4B6943B4992}.Debug|Any CPU.Build.0 = Debug|Any CPU
		{D1A0316A-2512-4A58-AF0D-D4B6943B4992}.Debug|x64.ActiveCfg = Debug|Any CPU
		{D1A0316A-2512-4A58-AF0D-D4B6943B4992}.Debug|x64.Build.0 = Debug|Any CPU
		{D1A0316A-2512-4A58-AF0D-D4B6943B4992}.Debug|x86.ActiveCfg = Debug|Any CPU
		{D1A0316A-2512-4A58-AF0D-D4B6943B4992}.Debug|x86.Build.0 = Debug|Any CPU
		{D1A0316A-2512-4A58-AF0D-D4B6943B4992}.Release|Any CPU.ActiveCfg = Release|Any CPU
		{D1A0316A-2512-4A58-AF0D-D4B6943B4992}.Release|Any CPU.Build.0 = Release|Any CPU
		{D1A0316A-2512-4A58-AF0D-D4B6943B4992}.Release|x64.ActiveCfg = Release|Any CPU
		{D1A0316A-2512-4A58-AF0D-D4B6943B4992}.Release|x64.Build.0 = Release|Any CPU
		{D1A0316A-2512-4A58-AF0D-D4B6943B4992}.Release|x86.ActiveCfg = Release|Any CPU
		{D1A0316A-2512-4A58-AF0D-D4B6943B4992}.Release|x86.Build.0 = Release|Any CPU
		{25CA2932-8707-438C-9060-0BA9C56C8D1B}.Debug|Any CPU.ActiveCfg = Debug|Any CPU
		{25CA2932-8707-438C-9060-0BA9C56C8D1B}.Debug|Any CPU.Build.0 = Debug|Any CPU
		{25CA2932-8707-438C-9060-0BA9C56C8D1B}.Debug|x64.ActiveCfg = Debug|Any CPU
		{25CA2932-8707-438C-9060-0BA9C56C8D1B}.Debug|x64.Build.0 = Debug|Any CPU
		{25CA2932-8707-438C-9060-0BA9C56C8D1B}.Debug|x86.ActiveCfg = Debug|Any CPU
		{25CA2932-8707-438C-9060-0BA9C56C8D1B}.Debug|x86.Build.0 = Debug|Any CPU
		{25CA2932-8707-438C-9060-0BA9C56C8D1B}.Release|Any CPU.ActiveCfg = Release|Any CPU
		{25CA2932-8707-438C-9060-0BA9C56C8D1B}.Release|Any CPU.Build.0 = Release|Any CPU
		{25CA2932-8707-438C-9060-0BA9C56C8D1B}.Release|x64.ActiveCfg = Release|Any CPU
		{25CA2932-8707-438C-9060-0BA9C56C8D1B}.Release|x64.Build.0 = Release|Any CPU
		{25CA2932-8707-438C-9060-0BA9C56C8D1B}.Release|x86.ActiveCfg = Release|Any CPU
		{25CA2932-8707-438C-9060-0BA9C56C8D1B}.Release|x86.Build.0 = Release|Any CPU
		{795F4DD4-E3CC-4663-915D-9D73F105336B}.Debug|Any CPU.ActiveCfg = Debug|Any CPU
		{795F4DD4-E3CC-4663-915D-9D73F105336B}.Debug|Any CPU.Build.0 = Debug|Any CPU
		{795F4DD4-E3CC-4663-915D-9D73F105336B}.Debug|x64.ActiveCfg = Debug|Any CPU
		{795F4DD4-E3CC-4663-915D-9D73F105336B}.Debug|x64.Build.0 = Debug|Any CPU
		{795F4DD4-E3CC-4663-915D-9D73F105336B}.Debug|x86.ActiveCfg = Debug|Any CPU
		{795F4DD4-E3CC-4663-915D-9D73F105336B}.Debug|x86.Build.0 = Debug|Any CPU
		{795F4DD4-E3CC-4663-915D-9D73F105336B}.Release|Any CPU.ActiveCfg = Release|Any CPU
		{795F4DD4-E3CC-4663-915D-9D73F105336B}.Release|Any CPU.Build.0 = Release|Any CPU
		{795F4DD4-E3CC-4663-915D-9D73F105336B}.Release|x64.ActiveCfg = Release|Any CPU
		{795F4DD4-E3CC-4663-915D-9D73F105336B}.Release|x64.Build.0 = Release|Any CPU
		{795F4DD4-E3CC-4663-915D-9D73F105336B}.Release|x86.ActiveCfg = Release|Any CPU
		{795F4DD4-E3CC-4663-915D-9D73F105336B}.Release|x86.Build.0 = Release|Any CPU
		{5F6B97F8-7EA6-4B5D-9A5D-F5581505C303}.Debug|Any CPU.ActiveCfg = Debug|Any CPU
		{5F6B97F8-7EA6-4B5D-9A5D-F5581505C303}.Debug|Any CPU.Build.0 = Debug|Any CPU
		{5F6B97F8-7EA6-4B5D-9A5D-F5581505C303}.Debug|x64.ActiveCfg = Debug|Any CPU
		{5F6B97F8-7EA6-4B5D-9A5D-F5581505C303}.Debug|x64.Build.0 = Debug|Any CPU
		{5F6B97F8-7EA6-4B5D-9A5D-F5581505C303}.Debug|x86.ActiveCfg = Debug|Any CPU
		{5F6B97F8-7EA6-4B5D-9A5D-F5581505C303}.Debug|x86.Build.0 = Debug|Any CPU
		{5F6B97F8-7EA6-4B5D-9A5D-F5581505C303}.Release|Any CPU.ActiveCfg = Release|Any CPU
		{5F6B97F8-7EA6-4B5D-9A5D-F5581505C303}.Release|Any CPU.Build.0 = Release|Any CPU
		{5F6B97F8-7EA6-4B5D-9A5D-F5581505C303}.Release|x64.ActiveCfg = Release|Any CPU
		{5F6B97F8-7EA6-4B5D-9A5D-F5581505C303}.Release|x64.Build.0 = Release|Any CPU
		{5F6B97F8-7EA6-4B5D-9A5D-F5581505C303}.Release|x86.ActiveCfg = Release|Any CPU
		{5F6B97F8-7EA6-4B5D-9A5D-F5581505C303}.Release|x86.Build.0 = Release|Any CPU
		{91C6AE50-EE09-4E3D-8EBB-1BD42688D042}.Debug|Any CPU.ActiveCfg = Debug|Any CPU
		{91C6AE50-EE09-4E3D-8EBB-1BD42688D042}.Debug|Any CPU.Build.0 = Debug|Any CPU
		{91C6AE50-EE09-4E3D-8EBB-1BD42688D042}.Debug|x64.ActiveCfg = Debug|Any CPU
		{91C6AE50-EE09-4E3D-8EBB-1BD42688D042}.Debug|x64.Build.0 = Debug|Any CPU
		{91C6AE50-EE09-4E3D-8EBB-1BD42688D042}.Debug|x86.ActiveCfg = Debug|Any CPU
		{91C6AE50-EE09-4E3D-8EBB-1BD42688D042}.Debug|x86.Build.0 = Debug|Any CPU
		{91C6AE50-EE09-4E3D-8EBB-1BD42688D042}.Release|Any CPU.ActiveCfg = Release|Any CPU
		{91C6AE50-EE09-4E3D-8EBB-1BD42688D042}.Release|Any CPU.Build.0 = Release|Any CPU
		{91C6AE50-EE09-4E3D-8EBB-1BD42688D042}.Release|x64.ActiveCfg = Release|Any CPU
		{91C6AE50-EE09-4E3D-8EBB-1BD42688D042}.Release|x64.Build.0 = Release|Any CPU
		{91C6AE50-EE09-4E3D-8EBB-1BD42688D042}.Release|x86.ActiveCfg = Release|Any CPU
		{91C6AE50-EE09-4E3D-8EBB-1BD42688D042}.Release|x86.Build.0 = Release|Any CPU
		{901E6881-6237-49C8-8DDF-5E2491D7D1D0}.Debug|Any CPU.ActiveCfg = Debug|Any CPU
		{901E6881-6237-49C8-8DDF-5E2491D7D1D0}.Debug|Any CPU.Build.0 = Debug|Any CPU
		{901E6881-6237-49C8-8DDF-5E2491D7D1D0}.Debug|x64.ActiveCfg = Debug|Any CPU
		{901E6881-6237-49C8-8DDF-5E2491D7D1D0}.Debug|x64.Build.0 = Debug|Any CPU
		{901E6881-6237-49C8-8DDF-5E2491D7D1D0}.Debug|x86.ActiveCfg = Debug|Any CPU
		{901E6881-6237-49C8-8DDF-5E2491D7D1D0}.Debug|x86.Build.0 = Debug|Any CPU
		{901E6881-6237-49C8-8DDF-5E2491D7D1D0}.Release|Any CPU.ActiveCfg = Release|Any CPU
		{901E6881-6237-49C8-8DDF-5E2491D7D1D0}.Release|Any CPU.Build.0 = Release|Any CPU
		{901E6881-6237-49C8-8DDF-5E2491D7D1D0}.Release|x64.ActiveCfg = Release|Any CPU
		{901E6881-6237-49C8-8DDF-5E2491D7D1D0}.Release|x64.Build.0 = Release|Any CPU
		{901E6881-6237-49C8-8DDF-5E2491D7D1D0}.Release|x86.ActiveCfg = Release|Any CPU
		{901E6881-6237-49C8-8DDF-5E2491D7D1D0}.Release|x86.Build.0 = Release|Any CPU
		{23880A3C-B97D-4139-8355-6DC599DD1576}.Debug|Any CPU.ActiveCfg = Debug|Any CPU
		{23880A3C-B97D-4139-8355-6DC599DD1576}.Debug|Any CPU.Build.0 = Debug|Any CPU
		{23880A3C-B97D-4139-8355-6DC599DD1576}.Debug|x64.ActiveCfg = Debug|Any CPU
		{23880A3C-B97D-4139-8355-6DC599DD1576}.Debug|x64.Build.0 = Debug|Any CPU
		{23880A3C-B97D-4139-8355-6DC599DD1576}.Debug|x86.ActiveCfg = Debug|Any CPU
		{23880A3C-B97D-4139-8355-6DC599DD1576}.Debug|x86.Build.0 = Debug|Any CPU
		{23880A3C-B97D-4139-8355-6DC599DD1576}.Release|Any CPU.ActiveCfg = Release|Any CPU
		{23880A3C-B97D-4139-8355-6DC599DD1576}.Release|Any CPU.Build.0 = Release|Any CPU
		{23880A3C-B97D-4139-8355-6DC599DD1576}.Release|x64.ActiveCfg = Release|Any CPU
		{23880A3C-B97D-4139-8355-6DC599DD1576}.Release|x64.Build.0 = Release|Any CPU
		{23880A3C-B97D-4139-8355-6DC599DD1576}.Release|x86.ActiveCfg = Release|Any CPU
		{23880A3C-B97D-4139-8355-6DC599DD1576}.Release|x86.Build.0 = Release|Any CPU
		{D10C7255-8BAB-452F-AF0F-4CEC06F92A26}.Debug|Any CPU.ActiveCfg = Debug|Any CPU
		{D10C7255-8BAB-452F-AF0F-4CEC06F92A26}.Debug|Any CPU.Build.0 = Debug|Any CPU
		{D10C7255-8BAB-452F-AF0F-4CEC06F92A26}.Debug|x64.ActiveCfg = Debug|Any CPU
		{D10C7255-8BAB-452F-AF0F-4CEC06F92A26}.Debug|x64.Build.0 = Debug|Any CPU
		{D10C7255-8BAB-452F-AF0F-4CEC06F92A26}.Debug|x86.ActiveCfg = Debug|Any CPU
		{D10C7255-8BAB-452F-AF0F-4CEC06F92A26}.Debug|x86.Build.0 = Debug|Any CPU
		{D10C7255-8BAB-452F-AF0F-4CEC06F92A26}.Release|Any CPU.ActiveCfg = Release|Any CPU
		{D10C7255-8BAB-452F-AF0F-4CEC06F92A26}.Release|Any CPU.Build.0 = Release|Any CPU
		{D10C7255-8BAB-452F-AF0F-4CEC06F92A26}.Release|x64.ActiveCfg = Release|Any CPU
		{D10C7255-8BAB-452F-AF0F-4CEC06F92A26}.Release|x64.Build.0 = Release|Any CPU
		{D10C7255-8BAB-452F-AF0F-4CEC06F92A26}.Release|x86.ActiveCfg = Release|Any CPU
		{D10C7255-8BAB-452F-AF0F-4CEC06F92A26}.Release|x86.Build.0 = Release|Any CPU
		{F46115E9-C4FC-4355-93AE-BE8E96B236C9}.Debug|Any CPU.ActiveCfg = Debug|Any CPU
		{F46115E9-C4FC-4355-93AE-BE8E96B236C9}.Debug|Any CPU.Build.0 = Debug|Any CPU
		{F46115E9-C4FC-4355-93AE-BE8E96B236C9}.Debug|x64.ActiveCfg = Debug|Any CPU
		{F46115E9-C4FC-4355-93AE-BE8E96B236C9}.Debug|x64.Build.0 = Debug|Any CPU
		{F46115E9-C4FC-4355-93AE-BE8E96B236C9}.Debug|x86.ActiveCfg = Debug|Any CPU
		{F46115E9-C4FC-4355-93AE-BE8E96B236C9}.Debug|x86.Build.0 = Debug|Any CPU
		{F46115E9-C4FC-4355-93AE-BE8E96B236C9}.Release|Any CPU.ActiveCfg = Release|Any CPU
		{F46115E9-C4FC-4355-93AE-BE8E96B236C9}.Release|Any CPU.Build.0 = Release|Any CPU
		{F46115E9-C4FC-4355-93AE-BE8E96B236C9}.Release|x64.ActiveCfg = Release|Any CPU
		{F46115E9-C4FC-4355-93AE-BE8E96B236C9}.Release|x64.Build.0 = Release|Any CPU
		{F46115E9-C4FC-4355-93AE-BE8E96B236C9}.Release|x86.ActiveCfg = Release|Any CPU
		{F46115E9-C4FC-4355-93AE-BE8E96B236C9}.Release|x86.Build.0 = Release|Any CPU
		{F4E40964-C640-4C87-9E3E-A1F1266FBC73}.Debug|Any CPU.ActiveCfg = Debug|Any CPU
		{F4E40964-C640-4C87-9E3E-A1F1266FBC73}.Debug|Any CPU.Build.0 = Debug|Any CPU
		{F4E40964-C640-4C87-9E3E-A1F1266FBC73}.Debug|x64.ActiveCfg = Debug|Any CPU
		{F4E40964-C640-4C87-9E3E-A1F1266FBC73}.Debug|x64.Build.0 = Debug|Any CPU
		{F4E40964-C640-4C87-9E3E-A1F1266FBC73}.Debug|x86.ActiveCfg = Debug|Any CPU
		{F4E40964-C640-4C87-9E3E-A1F1266FBC73}.Debug|x86.Build.0 = Debug|Any CPU
		{F4E40964-C640-4C87-9E3E-A1F1266FBC73}.Release|Any CPU.ActiveCfg = Release|Any CPU
		{F4E40964-C640-4C87-9E3E-A1F1266FBC73}.Release|Any CPU.Build.0 = Release|Any CPU
		{F4E40964-C640-4C87-9E3E-A1F1266FBC73}.Release|x64.ActiveCfg = Release|Any CPU
		{F4E40964-C640-4C87-9E3E-A1F1266FBC73}.Release|x64.Build.0 = Release|Any CPU
		{F4E40964-C640-4C87-9E3E-A1F1266FBC73}.Release|x86.ActiveCfg = Release|Any CPU
		{F4E40964-C640-4C87-9E3E-A1F1266FBC73}.Release|x86.Build.0 = Release|Any CPU
	EndGlobalSection
	GlobalSection(SolutionProperties) = preSolution
		HideSolutionNode = FALSE
	EndGlobalSection
	GlobalSection(NestedProjects) = preSolution
		{D1A0316A-2512-4A58-AF0D-D4B6943B4992} = {C4555666-E293-4845-A479-FA86742283E3}
		{5F6B97F8-7EA6-4B5D-9A5D-F5581505C303} = {DE86ABF4-971E-431A-AAB9-B981C1D09239}
		{91C6AE50-EE09-4E3D-8EBB-1BD42688D042} = {DE86ABF4-971E-431A-AAB9-B981C1D09239}
		{DE86ABF4-971E-431A-AAB9-B981C1D09239} = {C4555666-E293-4845-A479-FA86742283E3}
		{901E6881-6237-49C8-8DDF-5E2491D7D1D0} = {DE86ABF4-971E-431A-AAB9-B981C1D09239}
		{23880A3C-B97D-4139-8355-6DC599DD1576} = {DE86ABF4-971E-431A-AAB9-B981C1D09239}
		{D10C7255-8BAB-452F-AF0F-4CEC06F92A26} = {DE86ABF4-971E-431A-AAB9-B981C1D09239}
		{F46115E9-C4FC-4355-93AE-BE8E96B236C9} = {DE86ABF4-971E-431A-AAB9-B981C1D09239}
		{F4E40964-C640-4C87-9E3E-A1F1266FBC73} = {DE86ABF4-971E-431A-AAB9-B981C1D09239}
	EndGlobalSection
	GlobalSection(ExtensibilityGlobals) = postSolution
		SolutionGuid = {26853D06-2187-498D-81B8-5BF110E83214}
	EndGlobalSection
EndGlobal
