{
  "name": "@juniper/event-system",
  "version": "1.0.0",
  "lockfileVersion": 2,
  "requires": true,
  "packages": {
    "": {
      "name": "@juniper/event-system",
      "version": "1.0.0",
      "dependencies": {
        "@juniper/events": "file:../events"
      },
      "devDependencies": {
        "typescript": "4.5.5"
      }
    },
    "../collections": {
      "name": "@juniper/collections",
      "version": "1.0.0",
      "extraneous": true,
      "dependencies": {
        "@juniper/tslib": "file:../tslib"
      },
      "devDependencies": {
        "typescript": "4.5.5"
      }
    },
    "../events": {
      "name": "@juniper/events",
      "version": "1.0.0",
      "dependencies": {
        "@juniper/collections": "file:../collections",
        "@juniper/tslib": "file:../tslib"
      },
      "devDependencies": {
        "typescript": "4.5.5"
      }
    },
    "../tslib": {
      "name": "@juniper/tslib",
      "version": "1.0.0",
      "extraneous": true,
      "dependencies": {
        "gl-matrix": "3.4.3"
      },
      "devDependencies": {
        "typescript": "4.5.5"
      }
    },
    "node_modules/@juniper/events": {
      "resolved": "../events",
      "link": true
    },
    "node_modules/typescript": {
      "version": "4.5.5",
      "resolved": "https://registry.npmjs.org/typescript/-/typescript-4.5.5.tgz",
      "integrity": "sha512-TCTIul70LyWe6IJWT8QSYeA54WQe8EjQFU4wY52Fasj5UKx88LNYKCgBEHcOMOrFF1rKGbD8v/xcNWVUq9SymA==",
      "dev": true,
      "bin": {
        "tsc": "bin/tsc",
        "tsserver": "bin/tsserver"
      },
      "engines": {
        "node": ">=4.2.0"
      }
    }
  },
  "dependencies": {
    "@juniper/events": {
      "version": "file:../events",
      "requires": {
        "@juniper/collections": "file:../collections",
        "@juniper/tslib": "file:../tslib",
        "typescript": "4.5.5"
      }
    },
    "typescript": {
      "version": "4.5.5",
      "resolved": "https://registry.npmjs.org/typescript/-/typescript-4.5.5.tgz",
      "integrity": "sha512-TCTIul70LyWe6IJWT8QSYeA54WQe8EjQFU4wY52Fasj5UKx88LNYKCgBEHcOMOrFF1rKGbD8v/xcNWVUq9SymA==",
      "dev": true
    }
  }
}
